<?xml version="1.0" encoding="utf-8"?>
<Project ToolsVersion="4.0" xmlns="http://schemas.microsoft.com/developer/msbuild/2003">
  <ItemGroup>
    <Filter Include="Source Files">
      <UniqueIdentifier>{4FC737F1-C7A5-4376-A066-2A32D752A2FF}</UniqueIdentifier>
      <Extensions>cpp;c;cc;cxx;def;odl;idl;hpj;bat;asm;asmx</Extensions>
    </Filter>
    <Filter Include="Header Files">
      <UniqueIdentifier>{93995380-89BD-4b04-88EB-625FBE52EBFB}</UniqueIdentifier>
      <Extensions>h;hh;hpp;hxx;hm;inl;inc;xsd</Extensions>
    </Filter>
    <Filter Include="Resource Files">
      <UniqueIdentifier>{67DA6AB6-F800-4c08-8B7A-83BB121AAD01}</UniqueIdentifier>
      <Extensions>rc;ico;cur;bmp;dlg;rc2;rct;bin;rgs;gif;jpg;jpeg;jpe;resx;tiff;tif;png;wav;mfcribbon-ms</Extensions>
    </Filter>
    <Filter Include="Commands">
      <UniqueIdentifier>{4b0dcf8b-b4a1-47e5-9c28-e8a3440178e6}</UniqueIdentifier>
    </Filter>
    <Filter Include="Public">
      <UniqueIdentifier>{00cc3138-2893-4fc4-8595-d3cf9d26be1c}</UniqueIdentifier>
    </Filter>
    <Filter Include="Workflows">
      <UniqueIdentifier>{fdeb940e-93e2-4bb0-a59c-1e2d1c0588d1}</UniqueIdentifier>
    </Filter>
  </ItemGroup>
  <ItemGroup>
    <ClInclude Include="pch.h">
      <Filter>Header Files</Filter>
    </ClInclude>
    <ClInclude Include="Commands\RootCommand.h">
      <Filter>Commands</Filter>
    </ClInclude>
    <ClInclude Include="Localization.h">
      <Filter>Header Files</Filter>
    </ClInclude>
    <ClInclude Include="Commands\InstallCommand.h">
      <Filter>Commands</Filter>
    </ClInclude>
    <ClInclude Include="Commands\DescribeCommand.h">
      <Filter>Commands</Filter>
    </ClInclude>
    <ClInclude Include="Command.h">
      <Filter>Header Files</Filter>
    </ClInclude>
    <ClInclude Include="Invocation.h">
      <Filter>Header Files</Filter>
    </ClInclude>
    <ClInclude Include="Search\Search.h">
      <Filter>Header Files</Filter>
    </ClInclude>
    <ClInclude Include="Public\AppInstallerCLICore.h">
      <Filter>Public</Filter>
    </ClInclude>
    <ClInclude Include="Workflows\InstallFlow.h">
      <Filter>Workflows</Filter>
    </ClInclude>
    <ClInclude Include="Workflows\ManifestComparator.h">
      <Filter>Workflows</Filter>
    </ClInclude>
    <ClInclude Include="Workflows\WorkflowReporter.h">
      <Filter>Workflows</Filter>
    </ClInclude>
    <ClInclude Include="Commands\Common.h">
      <Filter>Commands</Filter>
    </ClInclude>
    <ClInclude Include="Workflows\Common.h">
      <Filter>Workflows</Filter>
    </ClInclude>
    <ClInclude Include="Workflows\InstallerHandlerBase.h">
      <Filter>Workflows</Filter>
    </ClInclude>
    <ClInclude Include="Workflows\MsixInstallerHandler.h">
      <Filter>Workflows</Filter>
    </ClInclude>
    <ClInclude Include="Workflows\ShellExecuteInstallerHandler.h">
      <Filter>Workflows</Filter>
    </ClInclude>
  </ItemGroup>
  <ItemGroup>
    <ClCompile Include="pch.cpp">
      <Filter>Source Files</Filter>
    </ClCompile>
    <ClCompile Include="Commands\RootCommand.cpp">
      <Filter>Commands</Filter>
    </ClCompile>
    <ClCompile Include="Commands\InstallCommand.cpp">
      <Filter>Commands</Filter>
    </ClCompile>
    <ClCompile Include="Commands\DescribeCommand.cpp">
      <Filter>Commands</Filter>
    </ClCompile>
    <ClCompile Include="Command.cpp">
      <Filter>Source Files</Filter>
    </ClCompile>
    <ClCompile Include="Core.cpp">
      <Filter>Source Files</Filter>
    </ClCompile>
    <ClCompile Include="Workflows\InstallFlow.cpp">
      <Filter>Workflows</Filter>
    </ClCompile>
    <ClCompile Include="Workflows\ManifestComparator.cpp">
      <Filter>Workflows</Filter>
    </ClCompile>
    <ClCompile Include="Workflows\WorkflowReporter.cpp">
      <Filter>Workflows</Filter>
    </ClCompile>
    <ClCompile Include="Workflows\InstallerHandlerBase.cpp">
      <Filter>Workflows</Filter>
    </ClCompile>
    <ClCompile Include="Workflows\MsixInstallerHandler.cpp">
      <Filter>Workflows</Filter>
    </ClCompile>
    <ClCompile Include="Workflows\ShellExecuteInstallerHandler.cpp">
      <Filter>Workflows</Filter>
    </ClCompile>
  </ItemGroup>
  <ItemGroup>
    <None Include="PropertySheet.props" />
    <None Include="packages.config" />
  </ItemGroup>
</Project>