<?xml version="1.0" encoding="utf-8"?>
<Project ToolsVersion="4.0" xmlns="http://schemas.microsoft.com/developer/msbuild/2003">
  <ItemGroup>
    <ClCompile Include="pch.cpp" />
    <ClCompile Include="MyRuntimeClass.cpp">
      <Filter>API Source</Filter>
    </ClCompile>
  </ItemGroup>
  <ItemGroup>
    <ClInclude Include="pch.h" />
    <ClInclude Include="MyRuntimeClass.h">
      <Filter>API Headers</Filter>
    </ClInclude>
  </ItemGroup>
  <ItemGroup>
    <Midl Include="Microsoft.Management.Configuration.Processor.Dsc.idl" />
  </ItemGroup>
  <ItemGroup>
    <None Include="Microsoft_Management_Configuration_Processor_Dsc.def" />
    <None Include="packages.config" />
    <None Include="PropertySheet.props" />
  </ItemGroup>
  <ItemGroup>
    <Filter Include="API Headers">
      <UniqueIdentifier>{662c63c7-0b9c-4e5c-886d-2dc8b6bcf5ab}</UniqueIdentifier>
    </Filter>
    <Filter Include="API Source">
      <UniqueIdentifier>{9f2b70b9-6b13-4308-9214-b313c0a13770}</UniqueIdentifier>
    </Filter>
  </ItemGroup>
</Project>