
Microsoft Visual Studio Solution File, Format Version 12.00
# Visual Studio Version 16
VisualStudioVersion = 16.0.31911.196
MinimumVisualStudioVersion = 10.0.40219.1
Project("{8BC9CEB8-8B4A-11D0-8D11-00A0C91BC942}") = "InstallAndCheckCorrelation", "InstallAndCheckCorrelation\InstallAndCheckCorrelation.vcxproj", "{204CD25F-AAEA-4CA1-AB9F-A26747976932}"
EndProject
Global
	GlobalSection(SolutionConfigurationPlatforms) = preSolution
		Debug|x64 = Debug|x64
		Debug|x86 = Debug|x86
		Release|x64 = Release|x64
		Release|x86 = Release|x86
	EndGlobalSection
	GlobalSection(ProjectConfigurationPlatforms) = postSolution
		{204CD25F-AAEA-4CA1-AB9F-A26747976932}.Debug|x64.ActiveCfg = Debug|x64
		{204CD25F-AAEA-4CA1-AB9F-A26747976932}.Debug|x64.Build.0 = Debug|x64
		{204CD25F-AAEA-4CA1-AB9F-A26747976932}.Debug|x86.ActiveCfg = Debug|Win32
		{204CD25F-AAEA-4CA1-AB9F-A26747976932}.Debug|x86.Build.0 = Debug|Win32
		{204CD25F-AAEA-4CA1-AB9F-A26747976932}.Release|x64.ActiveCfg = Release|x64
		{204CD25F-AAEA-4CA1-AB9F-A26747976932}.Release|x64.Build.0 = Release|x64
		{204CD25F-AAEA-4CA1-AB9F-A26747976932}.Release|x86.ActiveCfg = Release|Win32
		{204CD25F-AAEA-4CA1-AB9F-A26747976932}.Release|x86.Build.0 = Release|Win32
	EndGlobalSection
	GlobalSection(SolutionProperties) = preSolution
		HideSolutionNode = FALSE
	EndGlobalSection
	GlobalSection(ExtensibilityGlobals) = postSolution
		SolutionGuid = {77ED5C57-8A8C-4D87-9818-ABFB99B8E9D2}
	EndGlobalSection
EndGlobal
