Microsoft Visual Studio Solution File, Format Version 12.00
# Visual Studio Version 16
VisualStudioVersion = 16.0.29409.12
MinimumVisualStudioVersion = 10.0.40219.1
Project("{C7167F0D-BC9F-4E6E-AFE1-012C56B48DB5}") = "AppInstallerCLIPackage", "AppInstallerCLIPackage\AppInstallerCLIPackage.wapproj", "{6AA3791A-0713-4548-A357-87A323E7AC3A}"
EndProject
Project("{8BC9CEB8-8B4A-11D0-8D11-00A0C91BC942}") = "AppInstallerCLI", "AppInstallerCLI\AppInstallerCLI.vcxproj", "{5B6F90DF-FD19-4BAE-83D9-24DAD128E777}"
EndProject
Project("{8BC9CEB8-8B4A-11D0-8D11-00A0C91BC942}") = "AppInstallerCLICore", "AppInstallerCLICore\AppInstallerCLICore.vcxproj", "{1C6E0108-2860-4B17-9F7E-FA5C6C1F3D3D}"
EndProject
Project("{2150E333-8FDC-42A3-9474-1A3956D46DE8}") = "External - Do Not Modify", "External - Do Not Modify", "{60618CAC-2995-4DF9-9914-45C6FC02C995}"
EndProject
Project("{8BC9CEB8-8B4A-11D0-8D11-00A0C91BC942}") = "AppInstallerRepositoryCore", "AppInstallerRepositoryCore\AppInstallerRepositoryCore.vcxproj", "{5EB88068-5FB9-4E69-89B2-72DBC5E068F9}"
EndProject
Project("{2150E333-8FDC-42A3-9474-1A3956D46DE8}") = "Project", "Project", "{8D53D749-D51C-46F8-A162-9371AAA6C2E7}"
	ProjectSection(SolutionItems) = preProject
		..\azure-pipelines.loc.yml = ..\azure-pipelines.loc.yml
		..\azure-pipelines.yml = ..\azure-pipelines.yml
		..\cgmanifest.json = ..\cgmanifest.json
		..\README.md = ..\README.md
		..\doc\Settings.md = ..\doc\Settings.md
	EndProjectSection
EndProject
Project("{8BC9CEB8-8B4A-11D0-8D11-00A0C91BC942}") = "catch2", "catch2\catch2.vcxitems", "{5295E21E-9868-4DE2-A177-FBB97B36579B}"
EndProject
Project("{8BC9CEB8-8B4A-11D0-8D11-00A0C91BC942}") = "AppInstallerCLITests", "AppInstallerCLITests\AppInstallerCLITests.vcxproj", "{89B1AAB4-2BBC-4B65-9ED7-A01D5CF88230}"
	ProjectSection(ProjectDependencies) = postProject
		{6AA3791A-0713-4548-A357-87A323E7AC3A} = {6AA3791A-0713-4548-A357-87A323E7AC3A}
		{82B39FDA-E86B-4713-A873-9D56DE00247A} = {82B39FDA-E86B-4713-A873-9D56DE00247A}
	EndProjectSection
EndProject
Project("{8BC9CEB8-8B4A-11D0-8D11-00A0C91BC942}") = "YamlCppLib", "YamlCppLib\YamlCppLib.vcxproj", "{8BB94BB8-374F-4294-BCA1-C7811514A6B7}"
EndProject
Project("{8BC9CEB8-8B4A-11D0-8D11-00A0C91BC942}") = "AppInstallerCommonCore", "AppInstallerCommonCore\AppInstallerCommonCore.vcxproj", "{5890D6ED-7C3B-40F3-B436-B54F640D9E65}"
EndProject
Project("{8BC9CEB8-8B4A-11D0-8D11-00A0C91BC942}") = "WinGetUtil", "WinGetUtil\WinGetUtil.vcxproj", "{FB313532-38B0-4676-9303-AB200AA13576}"
EndProject
Project("{8BC9CEB8-8B4A-11D0-8D11-00A0C91BC942}") = "AppInstallerTestExeInstaller", "AppInstallerTestExeInstaller\AppInstallerTestExeInstaller.vcxproj", "{6CB84692-5994-407D-B9BD-9216AF77FE83}"
EndProject
Project("{8BC9CEB8-8B4A-11D0-8D11-00A0C91BC942}") = "binver", "binver\binver.vcxitems", "{6E36DDD7-1602-474E-B1D7-D0A7E1D5AD86}"
EndProject
Project("{9A19103F-16F7-4668-BE54-9A1E7A4F7556}") = "AppInstallerCLIE2ETests", "AppInstallerCLIE2ETests\AppInstallerCLIE2ETests.csproj", "{3C0269FA-E582-4CA7-9E33-3881A005CA0C}"
	ProjectSection(ProjectDependencies) = postProject
		{C1624B2F-2BF6-4E28-92FA-1BF85C6B62A8} = {C1624B2F-2BF6-4E28-92FA-1BF85C6B62A8}
		{3E2CBA31-CEBA-4D63-BF52-49C0718E19EA} = {3E2CBA31-CEBA-4D63-BF52-49C0718E19EA}
		{6CB84692-5994-407D-B9BD-9216AF77FE83} = {6CB84692-5994-407D-B9BD-9216AF77FE83}
	EndProjectSection
EndProject
Project("{C7167F0D-BC9F-4E6E-AFE1-012C56B48DB5}") = "AppInstallerTestMsixInstaller", "AppInstallerTestMsixInstaller\AppInstallerTestMsixInstaller.wapproj", "{3E2CBA31-CEBA-4D63-BF52-49C0718E19EA}"
EndProject
Project("{54435603-DBB4-11D2-8724-00A0C9A8B90C}") = "AppInstallerTestMsiInstaller", "AppInstallerTestMsiInstaller\AppInstallerTestMsiInstaller.vdproj", "{C1624B2F-2BF6-4E28-92FA-1BF85C6B62A8}"
EndProject
Project("{2150E333-8FDC-42A3-9474-1A3956D46DE8}") = "Tool", "Tool", "{EA8CD934-0702-4911-A2C5-A40600E616DE}"
EndProject
Project("{9A19103F-16F7-4668-BE54-9A1E7A4F7556}") = "IndexCreationTool", "IndexCreationTool\IndexCreationTool.csproj", "{3B8466CF-4FDD-4329-9C80-91321C4AAC99}"
EndProject
Project("{8BC9CEB8-8B4A-11D0-8D11-00A0C91BC942}") = "JsonCppLib", "JsonCppLib\JsonCppLib.vcxproj", "{82B39FDA-E86B-4713-A873-9D56DE00247A}"
EndProject
Project("{2150E333-8FDC-42A3-9474-1A3956D46DE8}") = "Fuzzing", "Fuzzing", "{6D7776A8-42FE-46DD-B0F8-712F35EA0C79}"
EndProject
Project("{8BC9CEB8-8B4A-11D0-8D11-00A0C91BC942}") = "WinGetYamlFuzzing", "WinGetYamlFuzzing\WinGetYamlFuzzing.vcxproj", "{1622DA16-914F-4F57-A259-D5169003CC8C}"
EndProject
Project("{9A19103F-16F7-4668-BE54-9A1E7A4F7556}") = "LocalhostWebServer", "LocalhostWebServer\LocalhostWebServer.csproj", "{3BAF989F-7F65-465B-ACE8-BAFE42D1017E}"
EndProject
Project("{8BC9CEB8-8B4A-11D0-8D11-00A0C91BC942}") = "Valijson", "Valijson\Valijson.vcxitems", "{358BC478-0624-4AD1-A933-0422B5292AF8}"
EndProject
Project("{8BC9CEB8-8B4A-11D0-8D11-00A0C91BC942}") = "ManifestSchema", "ManifestSchema\ManifestSchema.vcxitems", "{7D05F64D-CE5A-42AA-A2C1-E91458F061CF}"
EndProject
Project("{8BC9CEB8-8B4A-11D0-8D11-00A0C91BC942}") = "WinGetSchemas", "WinGetSchemas\WinGetSchemas.vcxitems", "{952B513F-8A00-4D74-9271-925AFB3C6252}"
EndProject
Project("{2150E333-8FDC-42A3-9474-1A3956D46DE8}") = "spelling", "spelling", "{2ACDE176-F13F-42FA-8159-C34FA3D37837}"
	ProjectSection(SolutionItems) = preProject
		..\.github\actions\spelling\allow.txt = ..\.github\actions\spelling\allow.txt
		..\.github\actions\spelling\excludes.txt = ..\.github\actions\spelling\excludes.txt
		..\.github\actions\spelling\expect.txt = ..\.github\actions\spelling\expect.txt
		..\.github\actions\spelling\patterns.txt = ..\.github\actions\spelling\patterns.txt
	EndProjectSection
EndProject
Project("{8BC9CEB8-8B4A-11D0-8D11-00A0C91BC942}") = "cpprestsdk", "cpprestsdk\cpprestsdk.vcxproj", "{866C3F06-636F-4BE8-BC24-5F86ECC606A1}"
EndProject
Global
	GlobalSection(SharedMSBuildProjectFiles) = preSolution
		ManifestSchema\ManifestSchema.vcxitems*{1622da16-914f-4f57-a259-d5169003cc8c}*SharedItemsImports = 4
		Valijson\Valijson.vcxitems*{1c6e0108-2860-4b17-9f7e-fa5c6c1f3d3d}*SharedItemsImports = 4
		WinGetSchemas\WinGetSchemas.vcxitems*{1c6e0108-2860-4b17-9f7e-fa5c6c1f3d3d}*SharedItemsImports = 4
		Valijson\Valijson.vcxitems*{358bc478-0624-4ad1-a933-0422b5292af8}*SharedItemsImports = 9
		catch2\catch2.vcxitems*{5295e21e-9868-4de2-a177-fbb97b36579b}*SharedItemsImports = 9
		ManifestSchema\ManifestSchema.vcxitems*{5890d6ed-7c3b-40f3-b436-b54f640d9e65}*SharedItemsImports = 4
		Valijson\Valijson.vcxitems*{5890d6ed-7c3b-40f3-b436-b54f640d9e65}*SharedItemsImports = 4
		binver\binver.vcxitems*{5b6f90df-fd19-4bae-83d9-24dad128e777}*SharedItemsImports = 4
		ManifestSchema\ManifestSchema.vcxitems*{5b6f90df-fd19-4bae-83d9-24dad128e777}*SharedItemsImports = 4
		WinGetSchemas\WinGetSchemas.vcxitems*{5b6f90df-fd19-4bae-83d9-24dad128e777}*SharedItemsImports = 4
		binver\binver.vcxitems*{6e36ddd7-1602-474e-b1d7-d0a7e1d5ad86}*SharedItemsImports = 9
		ManifestSchema\ManifestSchema.vcxitems*{7d05f64d-ce5a-42aa-a2c1-e91458f061cf}*SharedItemsImports = 9
		catch2\catch2.vcxitems*{89b1aab4-2bbc-4b65-9ed7-a01d5cf88230}*SharedItemsImports = 4
		ManifestSchema\ManifestSchema.vcxitems*{89b1aab4-2bbc-4b65-9ed7-a01d5cf88230}*SharedItemsImports = 4
		WinGetSchemas\WinGetSchemas.vcxitems*{89b1aab4-2bbc-4b65-9ed7-a01d5cf88230}*SharedItemsImports = 4
		WinGetSchemas\WinGetSchemas.vcxitems*{952b513f-8a00-4d74-9271-925afb3c6252}*SharedItemsImports = 9
		binver\binver.vcxitems*{fb313532-38b0-4676-9303-ab200aa13576}*SharedItemsImports = 4
		ManifestSchema\ManifestSchema.vcxitems*{fb313532-38b0-4676-9303-ab200aa13576}*SharedItemsImports = 4
	EndGlobalSection
	GlobalSection(SolutionConfigurationPlatforms) = preSolution
		Debug|ARM = Debug|ARM
		Debug|ARM64 = Debug|ARM64
		Debug|x64 = Debug|x64
		Debug|x86 = Debug|x86
		Fuzzing|ARM = Fuzzing|ARM
		Fuzzing|ARM64 = Fuzzing|ARM64
		Fuzzing|x64 = Fuzzing|x64
		Fuzzing|x86 = Fuzzing|x86
		Release|ARM = Release|ARM
		Release|ARM64 = Release|ARM64
		Release|x64 = Release|x64
		Release|x86 = Release|x86
	EndGlobalSection
	GlobalSection(ProjectConfigurationPlatforms) = postSolution
		{6AA3791A-0713-4548-A357-87A323E7AC3A}.Debug|ARM.ActiveCfg = Debug|ARM
		{6AA3791A-0713-4548-A357-87A323E7AC3A}.Debug|ARM.Build.0 = Debug|ARM
		{6AA3791A-0713-4548-A357-87A323E7AC3A}.Debug|ARM.Deploy.0 = Debug|ARM
		{6AA3791A-0713-4548-A357-87A323E7AC3A}.Debug|ARM64.ActiveCfg = Debug|ARM64
		{6AA3791A-0713-4548-A357-87A323E7AC3A}.Debug|ARM64.Build.0 = Debug|ARM64
		{6AA3791A-0713-4548-A357-87A323E7AC3A}.Debug|ARM64.Deploy.0 = Debug|ARM64
		{6AA3791A-0713-4548-A357-87A323E7AC3A}.Debug|x64.ActiveCfg = Debug|x64
		{6AA3791A-0713-4548-A357-87A323E7AC3A}.Debug|x64.Build.0 = Debug|x64
		{6AA3791A-0713-4548-A357-87A323E7AC3A}.Debug|x64.Deploy.0 = Debug|x64
		{6AA3791A-0713-4548-A357-87A323E7AC3A}.Debug|x86.ActiveCfg = Debug|x86
		{6AA3791A-0713-4548-A357-87A323E7AC3A}.Debug|x86.Build.0 = Debug|x86
		{6AA3791A-0713-4548-A357-87A323E7AC3A}.Debug|x86.Deploy.0 = Debug|x86
		{6AA3791A-0713-4548-A357-87A323E7AC3A}.Fuzzing|ARM.ActiveCfg = Release|ARM
		{6AA3791A-0713-4548-A357-87A323E7AC3A}.Fuzzing|ARM64.ActiveCfg = Release|ARM64
		{6AA3791A-0713-4548-A357-87A323E7AC3A}.Fuzzing|x64.ActiveCfg = Release|x64
		{6AA3791A-0713-4548-A357-87A323E7AC3A}.Fuzzing|x86.ActiveCfg = Release|x86
		{6AA3791A-0713-4548-A357-87A323E7AC3A}.Release|ARM.ActiveCfg = Release|ARM
		{6AA3791A-0713-4548-A357-87A323E7AC3A}.Release|ARM.Build.0 = Release|ARM
		{6AA3791A-0713-4548-A357-87A323E7AC3A}.Release|ARM.Deploy.0 = Release|ARM
		{6AA3791A-0713-4548-A357-87A323E7AC3A}.Release|ARM64.ActiveCfg = Release|ARM64
		{6AA3791A-0713-4548-A357-87A323E7AC3A}.Release|ARM64.Build.0 = Release|ARM64
		{6AA3791A-0713-4548-A357-87A323E7AC3A}.Release|ARM64.Deploy.0 = Release|ARM64
		{6AA3791A-0713-4548-A357-87A323E7AC3A}.Release|x64.ActiveCfg = Release|x64
		{6AA3791A-0713-4548-A357-87A323E7AC3A}.Release|x64.Build.0 = Release|x64
		{6AA3791A-0713-4548-A357-87A323E7AC3A}.Release|x64.Deploy.0 = Release|x64
		{6AA3791A-0713-4548-A357-87A323E7AC3A}.Release|x86.ActiveCfg = Release|x86
		{6AA3791A-0713-4548-A357-87A323E7AC3A}.Release|x86.Build.0 = Release|x86
		{6AA3791A-0713-4548-A357-87A323E7AC3A}.Release|x86.Deploy.0 = Release|x86
		{5B6F90DF-FD19-4BAE-83D9-24DAD128E777}.Debug|ARM.ActiveCfg = Debug|ARM
		{5B6F90DF-FD19-4BAE-83D9-24DAD128E777}.Debug|ARM.Build.0 = Debug|ARM
		{5B6F90DF-FD19-4BAE-83D9-24DAD128E777}.Debug|ARM64.ActiveCfg = Debug|ARM64
		{5B6F90DF-FD19-4BAE-83D9-24DAD128E777}.Debug|ARM64.Build.0 = Debug|ARM64
		{5B6F90DF-FD19-4BAE-83D9-24DAD128E777}.Debug|x64.ActiveCfg = Debug|x64
		{5B6F90DF-FD19-4BAE-83D9-24DAD128E777}.Debug|x64.Build.0 = Debug|x64
		{5B6F90DF-FD19-4BAE-83D9-24DAD128E777}.Debug|x86.ActiveCfg = Debug|Win32
		{5B6F90DF-FD19-4BAE-83D9-24DAD128E777}.Debug|x86.Build.0 = Debug|Win32
		{5B6F90DF-FD19-4BAE-83D9-24DAD128E777}.Fuzzing|ARM.ActiveCfg = Release|ARM
		{5B6F90DF-FD19-4BAE-83D9-24DAD128E777}.Fuzzing|ARM64.ActiveCfg = Release|ARM64
		{5B6F90DF-FD19-4BAE-83D9-24DAD128E777}.Fuzzing|x64.ActiveCfg = Release|x64
		{5B6F90DF-FD19-4BAE-83D9-24DAD128E777}.Fuzzing|x86.ActiveCfg = Release|Win32
		{5B6F90DF-FD19-4BAE-83D9-24DAD128E777}.Release|ARM.ActiveCfg = Release|ARM
		{5B6F90DF-FD19-4BAE-83D9-24DAD128E777}.Release|ARM.Build.0 = Release|ARM
		{5B6F90DF-FD19-4BAE-83D9-24DAD128E777}.Release|ARM64.ActiveCfg = Release|ARM64
		{5B6F90DF-FD19-4BAE-83D9-24DAD128E777}.Release|ARM64.Build.0 = Release|ARM64
		{5B6F90DF-FD19-4BAE-83D9-24DAD128E777}.Release|x64.ActiveCfg = Release|x64
		{5B6F90DF-FD19-4BAE-83D9-24DAD128E777}.Release|x64.Build.0 = Release|x64
		{5B6F90DF-FD19-4BAE-83D9-24DAD128E777}.Release|x86.ActiveCfg = Release|Win32
		{5B6F90DF-FD19-4BAE-83D9-24DAD128E777}.Release|x86.Build.0 = Release|Win32
		{1C6E0108-2860-4B17-9F7E-FA5C6C1F3D3D}.Debug|ARM.ActiveCfg = Debug|ARM
		{1C6E0108-2860-4B17-9F7E-FA5C6C1F3D3D}.Debug|ARM.Build.0 = Debug|ARM
		{1C6E0108-2860-4B17-9F7E-FA5C6C1F3D3D}.Debug|ARM64.ActiveCfg = Debug|ARM64
		{1C6E0108-2860-4B17-9F7E-FA5C6C1F3D3D}.Debug|ARM64.Build.0 = Debug|ARM64
		{1C6E0108-2860-4B17-9F7E-FA5C6C1F3D3D}.Debug|x64.ActiveCfg = Debug|x64
		{1C6E0108-2860-4B17-9F7E-FA5C6C1F3D3D}.Debug|x64.Build.0 = Debug|x64
		{1C6E0108-2860-4B17-9F7E-FA5C6C1F3D3D}.Debug|x86.ActiveCfg = Debug|Win32
		{1C6E0108-2860-4B17-9F7E-FA5C6C1F3D3D}.Debug|x86.Build.0 = Debug|Win32
		{1C6E0108-2860-4B17-9F7E-FA5C6C1F3D3D}.Fuzzing|ARM.ActiveCfg = Release|ARM
		{1C6E0108-2860-4B17-9F7E-FA5C6C1F3D3D}.Fuzzing|ARM64.ActiveCfg = Release|ARM64
		{1C6E0108-2860-4B17-9F7E-FA5C6C1F3D3D}.Fuzzing|x64.ActiveCfg = Release|x64
		{1C6E0108-2860-4B17-9F7E-FA5C6C1F3D3D}.Fuzzing|x86.ActiveCfg = Release|Win32
		{1C6E0108-2860-4B17-9F7E-FA5C6C1F3D3D}.Release|ARM.ActiveCfg = Release|ARM
		{1C6E0108-2860-4B17-9F7E-FA5C6C1F3D3D}.Release|ARM.Build.0 = Release|ARM
		{1C6E0108-2860-4B17-9F7E-FA5C6C1F3D3D}.Release|ARM64.ActiveCfg = Release|ARM64
		{1C6E0108-2860-4B17-9F7E-FA5C6C1F3D3D}.Release|ARM64.Build.0 = Release|ARM64
		{1C6E0108-2860-4B17-9F7E-FA5C6C1F3D3D}.Release|x64.ActiveCfg = Release|x64
		{1C6E0108-2860-4B17-9F7E-FA5C6C1F3D3D}.Release|x64.Build.0 = Release|x64
		{1C6E0108-2860-4B17-9F7E-FA5C6C1F3D3D}.Release|x86.ActiveCfg = Release|Win32
		{1C6E0108-2860-4B17-9F7E-FA5C6C1F3D3D}.Release|x86.Build.0 = Release|Win32
		{5EB88068-5FB9-4E69-89B2-72DBC5E068F9}.Debug|ARM.ActiveCfg = Debug|ARM
		{5EB88068-5FB9-4E69-89B2-72DBC5E068F9}.Debug|ARM.Build.0 = Debug|ARM
		{5EB88068-5FB9-4E69-89B2-72DBC5E068F9}.Debug|ARM64.ActiveCfg = Debug|ARM64
		{5EB88068-5FB9-4E69-89B2-72DBC5E068F9}.Debug|ARM64.Build.0 = Debug|ARM64
		{5EB88068-5FB9-4E69-89B2-72DBC5E068F9}.Debug|x64.ActiveCfg = Debug|x64
		{5EB88068-5FB9-4E69-89B2-72DBC5E068F9}.Debug|x64.Build.0 = Debug|x64
		{5EB88068-5FB9-4E69-89B2-72DBC5E068F9}.Debug|x86.ActiveCfg = Debug|Win32
		{5EB88068-5FB9-4E69-89B2-72DBC5E068F9}.Debug|x86.Build.0 = Debug|Win32
		{5EB88068-5FB9-4E69-89B2-72DBC5E068F9}.Fuzzing|ARM.ActiveCfg = Release|ARM
		{5EB88068-5FB9-4E69-89B2-72DBC5E068F9}.Fuzzing|ARM64.ActiveCfg = Release|ARM64
		{5EB88068-5FB9-4E69-89B2-72DBC5E068F9}.Fuzzing|x64.ActiveCfg = Release|x64
		{5EB88068-5FB9-4E69-89B2-72DBC5E068F9}.Fuzzing|x86.ActiveCfg = Release|Win32
		{5EB88068-5FB9-4E69-89B2-72DBC5E068F9}.Release|ARM.ActiveCfg = Release|ARM
		{5EB88068-5FB9-4E69-89B2-72DBC5E068F9}.Release|ARM.Build.0 = Release|ARM
		{5EB88068-5FB9-4E69-89B2-72DBC5E068F9}.Release|ARM64.ActiveCfg = Release|ARM64
		{5EB88068-5FB9-4E69-89B2-72DBC5E068F9}.Release|ARM64.Build.0 = Release|ARM64
		{5EB88068-5FB9-4E69-89B2-72DBC5E068F9}.Release|x64.ActiveCfg = Release|x64
		{5EB88068-5FB9-4E69-89B2-72DBC5E068F9}.Release|x64.Build.0 = Release|x64
		{5EB88068-5FB9-4E69-89B2-72DBC5E068F9}.Release|x86.ActiveCfg = Release|Win32
		{5EB88068-5FB9-4E69-89B2-72DBC5E068F9}.Release|x86.Build.0 = Release|Win32
		{89B1AAB4-2BBC-4B65-9ED7-A01D5CF88230}.Debug|ARM.ActiveCfg = Debug|Win32
		{89B1AAB4-2BBC-4B65-9ED7-A01D5CF88230}.Debug|ARM64.ActiveCfg = Debug|Win32
		{89B1AAB4-2BBC-4B65-9ED7-A01D5CF88230}.Debug|x64.ActiveCfg = Debug|x64
		{89B1AAB4-2BBC-4B65-9ED7-A01D5CF88230}.Debug|x64.Build.0 = Debug|x64
		{89B1AAB4-2BBC-4B65-9ED7-A01D5CF88230}.Debug|x86.ActiveCfg = Debug|Win32
		{89B1AAB4-2BBC-4B65-9ED7-A01D5CF88230}.Debug|x86.Build.0 = Debug|Win32
		{89B1AAB4-2BBC-4B65-9ED7-A01D5CF88230}.Fuzzing|ARM.ActiveCfg = Release|Win32
		{89B1AAB4-2BBC-4B65-9ED7-A01D5CF88230}.Fuzzing|ARM64.ActiveCfg = Release|Win32
		{89B1AAB4-2BBC-4B65-9ED7-A01D5CF88230}.Fuzzing|x64.ActiveCfg = Release|x64
		{89B1AAB4-2BBC-4B65-9ED7-A01D5CF88230}.Fuzzing|x86.ActiveCfg = Release|Win32
		{89B1AAB4-2BBC-4B65-9ED7-A01D5CF88230}.Release|ARM.ActiveCfg = Release|Win32
		{89B1AAB4-2BBC-4B65-9ED7-A01D5CF88230}.Release|ARM64.ActiveCfg = Release|Win32
		{89B1AAB4-2BBC-4B65-9ED7-A01D5CF88230}.Release|x64.ActiveCfg = Release|x64
		{89B1AAB4-2BBC-4B65-9ED7-A01D5CF88230}.Release|x64.Build.0 = Release|x64
		{89B1AAB4-2BBC-4B65-9ED7-A01D5CF88230}.Release|x86.ActiveCfg = Release|Win32
		{89B1AAB4-2BBC-4B65-9ED7-A01D5CF88230}.Release|x86.Build.0 = Release|Win32
		{8BB94BB8-374F-4294-BCA1-C7811514A6B7}.Debug|ARM.ActiveCfg = Debug|ARM
		{8BB94BB8-374F-4294-BCA1-C7811514A6B7}.Debug|ARM.Build.0 = Debug|ARM
		{8BB94BB8-374F-4294-BCA1-C7811514A6B7}.Debug|ARM64.ActiveCfg = Debug|ARM64
		{8BB94BB8-374F-4294-BCA1-C7811514A6B7}.Debug|ARM64.Build.0 = Debug|ARM64
		{8BB94BB8-374F-4294-BCA1-C7811514A6B7}.Debug|x64.ActiveCfg = Debug|x64
		{8BB94BB8-374F-4294-BCA1-C7811514A6B7}.Debug|x64.Build.0 = Debug|x64
		{8BB94BB8-374F-4294-BCA1-C7811514A6B7}.Debug|x86.ActiveCfg = Debug|Win32
		{8BB94BB8-374F-4294-BCA1-C7811514A6B7}.Debug|x86.Build.0 = Debug|Win32
		{8BB94BB8-374F-4294-BCA1-C7811514A6B7}.Fuzzing|ARM.ActiveCfg = Release|ARM
		{8BB94BB8-374F-4294-BCA1-C7811514A6B7}.Fuzzing|ARM64.ActiveCfg = Release|ARM64
		{8BB94BB8-374F-4294-BCA1-C7811514A6B7}.Fuzzing|x64.ActiveCfg = Fuzzing|x64
		{8BB94BB8-374F-4294-BCA1-C7811514A6B7}.Fuzzing|x64.Build.0 = Fuzzing|x64
		{8BB94BB8-374F-4294-BCA1-C7811514A6B7}.Fuzzing|x86.ActiveCfg = Release|Win32
		{8BB94BB8-374F-4294-BCA1-C7811514A6B7}.Release|ARM.ActiveCfg = Release|ARM
		{8BB94BB8-374F-4294-BCA1-C7811514A6B7}.Release|ARM.Build.0 = Release|ARM
		{8BB94BB8-374F-4294-BCA1-C7811514A6B7}.Release|ARM64.ActiveCfg = Release|ARM64
		{8BB94BB8-374F-4294-BCA1-C7811514A6B7}.Release|ARM64.Build.0 = Release|ARM64
		{8BB94BB8-374F-4294-BCA1-C7811514A6B7}.Release|x64.ActiveCfg = Release|x64
		{8BB94BB8-374F-4294-BCA1-C7811514A6B7}.Release|x64.Build.0 = Release|x64
		{8BB94BB8-374F-4294-BCA1-C7811514A6B7}.Release|x86.ActiveCfg = Release|Win32
		{8BB94BB8-374F-4294-BCA1-C7811514A6B7}.Release|x86.Build.0 = Release|Win32
		{5890D6ED-7C3B-40F3-B436-B54F640D9E65}.Debug|ARM.ActiveCfg = Debug|ARM
		{5890D6ED-7C3B-40F3-B436-B54F640D9E65}.Debug|ARM.Build.0 = Debug|ARM
		{5890D6ED-7C3B-40F3-B436-B54F640D9E65}.Debug|ARM64.ActiveCfg = Debug|ARM64
		{5890D6ED-7C3B-40F3-B436-B54F640D9E65}.Debug|ARM64.Build.0 = Debug|ARM64
		{5890D6ED-7C3B-40F3-B436-B54F640D9E65}.Debug|x64.ActiveCfg = Debug|x64
		{5890D6ED-7C3B-40F3-B436-B54F640D9E65}.Debug|x64.Build.0 = Debug|x64
		{5890D6ED-7C3B-40F3-B436-B54F640D9E65}.Debug|x86.ActiveCfg = Debug|Win32
		{5890D6ED-7C3B-40F3-B436-B54F640D9E65}.Debug|x86.Build.0 = Debug|Win32
		{5890D6ED-7C3B-40F3-B436-B54F640D9E65}.Fuzzing|ARM.ActiveCfg = Release|ARM
		{5890D6ED-7C3B-40F3-B436-B54F640D9E65}.Fuzzing|ARM64.ActiveCfg = Release|ARM64
		{5890D6ED-7C3B-40F3-B436-B54F640D9E65}.Fuzzing|x64.ActiveCfg = Fuzzing|x64
		{5890D6ED-7C3B-40F3-B436-B54F640D9E65}.Fuzzing|x64.Build.0 = Fuzzing|x64
		{5890D6ED-7C3B-40F3-B436-B54F640D9E65}.Fuzzing|x86.ActiveCfg = Release|Win32
		{5890D6ED-7C3B-40F3-B436-B54F640D9E65}.Release|ARM.ActiveCfg = Release|ARM
		{5890D6ED-7C3B-40F3-B436-B54F640D9E65}.Release|ARM.Build.0 = Release|ARM
		{5890D6ED-7C3B-40F3-B436-B54F640D9E65}.Release|ARM64.ActiveCfg = Release|ARM64
		{5890D6ED-7C3B-40F3-B436-B54F640D9E65}.Release|ARM64.Build.0 = Release|ARM64
		{5890D6ED-7C3B-40F3-B436-B54F640D9E65}.Release|x64.ActiveCfg = Release|x64
		{5890D6ED-7C3B-40F3-B436-B54F640D9E65}.Release|x64.Build.0 = Release|x64
		{5890D6ED-7C3B-40F3-B436-B54F640D9E65}.Release|x86.ActiveCfg = Release|Win32
		{5890D6ED-7C3B-40F3-B436-B54F640D9E65}.Release|x86.Build.0 = Release|Win32
		{FB313532-38B0-4676-9303-AB200AA13576}.Debug|ARM.ActiveCfg = Debug|ARM
		{FB313532-38B0-4676-9303-AB200AA13576}.Debug|ARM.Build.0 = Debug|ARM
		{FB313532-38B0-4676-9303-AB200AA13576}.Debug|ARM64.ActiveCfg = Debug|ARM64
		{FB313532-38B0-4676-9303-AB200AA13576}.Debug|ARM64.Build.0 = Debug|ARM64
		{FB313532-38B0-4676-9303-AB200AA13576}.Debug|x64.ActiveCfg = Debug|x64
		{FB313532-38B0-4676-9303-AB200AA13576}.Debug|x64.Build.0 = Debug|x64
		{FB313532-38B0-4676-9303-AB200AA13576}.Debug|x86.ActiveCfg = Debug|Win32
		{FB313532-38B0-4676-9303-AB200AA13576}.Debug|x86.Build.0 = Debug|Win32
		{FB313532-38B0-4676-9303-AB200AA13576}.Fuzzing|ARM.ActiveCfg = Release|ARM
		{FB313532-38B0-4676-9303-AB200AA13576}.Fuzzing|ARM64.ActiveCfg = Release|ARM64
		{FB313532-38B0-4676-9303-AB200AA13576}.Fuzzing|x64.ActiveCfg = Release|x64
		{FB313532-38B0-4676-9303-AB200AA13576}.Fuzzing|x86.ActiveCfg = Release|Win32
		{FB313532-38B0-4676-9303-AB200AA13576}.Release|ARM.ActiveCfg = Release|ARM
		{FB313532-38B0-4676-9303-AB200AA13576}.Release|ARM.Build.0 = Release|ARM
		{FB313532-38B0-4676-9303-AB200AA13576}.Release|ARM64.ActiveCfg = Release|ARM64
		{FB313532-38B0-4676-9303-AB200AA13576}.Release|ARM64.Build.0 = Release|ARM64
		{FB313532-38B0-4676-9303-AB200AA13576}.Release|x64.ActiveCfg = Release|x64
		{FB313532-38B0-4676-9303-AB200AA13576}.Release|x64.Build.0 = Release|x64
		{FB313532-38B0-4676-9303-AB200AA13576}.Release|x86.ActiveCfg = Release|Win32
		{FB313532-38B0-4676-9303-AB200AA13576}.Release|x86.Build.0 = Release|Win32
		{6CB84692-5994-407D-B9BD-9216AF77FE83}.Debug|ARM.ActiveCfg = Debug|ARM
		{6CB84692-5994-407D-B9BD-9216AF77FE83}.Debug|ARM.Build.0 = Debug|ARM
		{6CB84692-5994-407D-B9BD-9216AF77FE83}.Debug|ARM64.ActiveCfg = Debug|ARM64
		{6CB84692-5994-407D-B9BD-9216AF77FE83}.Debug|ARM64.Build.0 = Debug|ARM64
		{6CB84692-5994-407D-B9BD-9216AF77FE83}.Debug|x64.ActiveCfg = Debug|x64
		{6CB84692-5994-407D-B9BD-9216AF77FE83}.Debug|x64.Build.0 = Debug|x64
		{6CB84692-5994-407D-B9BD-9216AF77FE83}.Debug|x86.ActiveCfg = Debug|Win32
		{6CB84692-5994-407D-B9BD-9216AF77FE83}.Debug|x86.Build.0 = Debug|Win32
		{6CB84692-5994-407D-B9BD-9216AF77FE83}.Fuzzing|ARM.ActiveCfg = Release|ARM
		{6CB84692-5994-407D-B9BD-9216AF77FE83}.Fuzzing|ARM64.ActiveCfg = Release|ARM64
		{6CB84692-5994-407D-B9BD-9216AF77FE83}.Fuzzing|x64.ActiveCfg = Release|x64
		{6CB84692-5994-407D-B9BD-9216AF77FE83}.Fuzzing|x86.ActiveCfg = Release|Win32
		{6CB84692-5994-407D-B9BD-9216AF77FE83}.Release|ARM.ActiveCfg = Release|ARM
		{6CB84692-5994-407D-B9BD-9216AF77FE83}.Release|ARM.Build.0 = Release|ARM
		{6CB84692-5994-407D-B9BD-9216AF77FE83}.Release|ARM64.ActiveCfg = Release|ARM64
		{6CB84692-5994-407D-B9BD-9216AF77FE83}.Release|ARM64.Build.0 = Release|ARM64
		{6CB84692-5994-407D-B9BD-9216AF77FE83}.Release|x64.ActiveCfg = Release|x64
		{6CB84692-5994-407D-B9BD-9216AF77FE83}.Release|x64.Build.0 = Release|x64
		{6CB84692-5994-407D-B9BD-9216AF77FE83}.Release|x86.ActiveCfg = Release|Win32
		{6CB84692-5994-407D-B9BD-9216AF77FE83}.Release|x86.Build.0 = Release|Win32
		{3C0269FA-E582-4CA7-9E33-3881A005CA0C}.Debug|ARM.ActiveCfg = Debug|x86
		{3C0269FA-E582-4CA7-9E33-3881A005CA0C}.Debug|ARM64.ActiveCfg = Debug|x86
		{3C0269FA-E582-4CA7-9E33-3881A005CA0C}.Debug|x64.ActiveCfg = Debug|x64
		{3C0269FA-E582-4CA7-9E33-3881A005CA0C}.Debug|x64.Build.0 = Debug|x64
		{3C0269FA-E582-4CA7-9E33-3881A005CA0C}.Debug|x86.ActiveCfg = Debug|x86
		{3C0269FA-E582-4CA7-9E33-3881A005CA0C}.Debug|x86.Build.0 = Debug|x86
		{3C0269FA-E582-4CA7-9E33-3881A005CA0C}.Fuzzing|ARM.ActiveCfg = Release|x86
		{3C0269FA-E582-4CA7-9E33-3881A005CA0C}.Fuzzing|ARM64.ActiveCfg = Release|x86
		{3C0269FA-E582-4CA7-9E33-3881A005CA0C}.Fuzzing|x64.ActiveCfg = Release|x64
		{3C0269FA-E582-4CA7-9E33-3881A005CA0C}.Fuzzing|x86.ActiveCfg = Release|x86
		{3C0269FA-E582-4CA7-9E33-3881A005CA0C}.Release|ARM.ActiveCfg = Release|x86
		{3C0269FA-E582-4CA7-9E33-3881A005CA0C}.Release|ARM64.ActiveCfg = Release|x86
		{3C0269FA-E582-4CA7-9E33-3881A005CA0C}.Release|x64.ActiveCfg = Release|x64
		{3C0269FA-E582-4CA7-9E33-3881A005CA0C}.Release|x64.Build.0 = Release|x64
		{3C0269FA-E582-4CA7-9E33-3881A005CA0C}.Release|x86.ActiveCfg = Release|x86
		{3C0269FA-E582-4CA7-9E33-3881A005CA0C}.Release|x86.Build.0 = Release|x86
		{3E2CBA31-CEBA-4D63-BF52-49C0718E19EA}.Debug|ARM.ActiveCfg = Debug|ARM
		{3E2CBA31-CEBA-4D63-BF52-49C0718E19EA}.Debug|ARM.Build.0 = Debug|ARM
		{3E2CBA31-CEBA-4D63-BF52-49C0718E19EA}.Debug|ARM.Deploy.0 = Debug|ARM
		{3E2CBA31-CEBA-4D63-BF52-49C0718E19EA}.Debug|ARM64.ActiveCfg = Debug|ARM64
		{3E2CBA31-CEBA-4D63-BF52-49C0718E19EA}.Debug|ARM64.Build.0 = Debug|ARM64
		{3E2CBA31-CEBA-4D63-BF52-49C0718E19EA}.Debug|ARM64.Deploy.0 = Debug|ARM64
		{3E2CBA31-CEBA-4D63-BF52-49C0718E19EA}.Debug|x64.ActiveCfg = Debug|x64
		{3E2CBA31-CEBA-4D63-BF52-49C0718E19EA}.Debug|x64.Build.0 = Debug|x64
		{3E2CBA31-CEBA-4D63-BF52-49C0718E19EA}.Debug|x64.Deploy.0 = Debug|x64
		{3E2CBA31-CEBA-4D63-BF52-49C0718E19EA}.Debug|x86.ActiveCfg = Debug|x86
		{3E2CBA31-CEBA-4D63-BF52-49C0718E19EA}.Debug|x86.Build.0 = Debug|x86
		{3E2CBA31-CEBA-4D63-BF52-49C0718E19EA}.Debug|x86.Deploy.0 = Debug|x86
		{3E2CBA31-CEBA-4D63-BF52-49C0718E19EA}.Fuzzing|ARM.ActiveCfg = Release|ARM
		{3E2CBA31-CEBA-4D63-BF52-49C0718E19EA}.Fuzzing|ARM64.ActiveCfg = Release|ARM64
		{3E2CBA31-CEBA-4D63-BF52-49C0718E19EA}.Fuzzing|x64.ActiveCfg = Release|x64
		{3E2CBA31-CEBA-4D63-BF52-49C0718E19EA}.Fuzzing|x86.ActiveCfg = Release|x86
		{3E2CBA31-CEBA-4D63-BF52-49C0718E19EA}.Release|ARM.ActiveCfg = Release|ARM
		{3E2CBA31-CEBA-4D63-BF52-49C0718E19EA}.Release|ARM.Build.0 = Release|ARM
		{3E2CBA31-CEBA-4D63-BF52-49C0718E19EA}.Release|ARM.Deploy.0 = Release|ARM
		{3E2CBA31-CEBA-4D63-BF52-49C0718E19EA}.Release|ARM64.ActiveCfg = Release|ARM64
		{3E2CBA31-CEBA-4D63-BF52-49C0718E19EA}.Release|ARM64.Build.0 = Release|ARM64
		{3E2CBA31-CEBA-4D63-BF52-49C0718E19EA}.Release|ARM64.Deploy.0 = Release|ARM64
		{3E2CBA31-CEBA-4D63-BF52-49C0718E19EA}.Release|x64.ActiveCfg = Release|x64
		{3E2CBA31-CEBA-4D63-BF52-49C0718E19EA}.Release|x64.Build.0 = Release|x64
		{3E2CBA31-CEBA-4D63-BF52-49C0718E19EA}.Release|x64.Deploy.0 = Release|x64
		{3E2CBA31-CEBA-4D63-BF52-49C0718E19EA}.Release|x86.ActiveCfg = Release|x86
		{3E2CBA31-CEBA-4D63-BF52-49C0718E19EA}.Release|x86.Build.0 = Release|x86
		{3E2CBA31-CEBA-4D63-BF52-49C0718E19EA}.Release|x86.Deploy.0 = Release|x86
		{C1624B2F-2BF6-4E28-92FA-1BF85C6B62A8}.Debug|ARM.ActiveCfg = Debug
		{C1624B2F-2BF6-4E28-92FA-1BF85C6B62A8}.Debug|ARM64.ActiveCfg = Debug
		{C1624B2F-2BF6-4E28-92FA-1BF85C6B62A8}.Debug|x64.ActiveCfg = Debug
		{C1624B2F-2BF6-4E28-92FA-1BF85C6B62A8}.Debug|x86.ActiveCfg = Debug
		{C1624B2F-2BF6-4E28-92FA-1BF85C6B62A8}.Fuzzing|ARM.ActiveCfg = Release
		{C1624B2F-2BF6-4E28-92FA-1BF85C6B62A8}.Fuzzing|ARM64.ActiveCfg = Release
		{C1624B2F-2BF6-4E28-92FA-1BF85C6B62A8}.Fuzzing|x64.ActiveCfg = Release
		{C1624B2F-2BF6-4E28-92FA-1BF85C6B62A8}.Fuzzing|x86.ActiveCfg = Release
		{C1624B2F-2BF6-4E28-92FA-1BF85C6B62A8}.Release|ARM.ActiveCfg = Release
		{C1624B2F-2BF6-4E28-92FA-1BF85C6B62A8}.Release|ARM64.ActiveCfg = Release
		{C1624B2F-2BF6-4E28-92FA-1BF85C6B62A8}.Release|x64.ActiveCfg = Release
		{C1624B2F-2BF6-4E28-92FA-1BF85C6B62A8}.Release|x86.ActiveCfg = Release
		{C1624B2F-2BF6-4E28-92FA-1BF85C6B62A8}.Release|x86.Build.0 = Release
		{3B8466CF-4FDD-4329-9C80-91321C4AAC99}.Debug|ARM.ActiveCfg = Debug|x86
		{3B8466CF-4FDD-4329-9C80-91321C4AAC99}.Debug|ARM64.ActiveCfg = Debug|x86
		{3B8466CF-4FDD-4329-9C80-91321C4AAC99}.Debug|x64.ActiveCfg = Debug|x64
		{3B8466CF-4FDD-4329-9C80-91321C4AAC99}.Debug|x64.Build.0 = Debug|x64
		{3B8466CF-4FDD-4329-9C80-91321C4AAC99}.Debug|x86.ActiveCfg = Debug|x86
		{3B8466CF-4FDD-4329-9C80-91321C4AAC99}.Debug|x86.Build.0 = Debug|x86
		{3B8466CF-4FDD-4329-9C80-91321C4AAC99}.Fuzzing|ARM.ActiveCfg = Release|x86
		{3B8466CF-4FDD-4329-9C80-91321C4AAC99}.Fuzzing|ARM64.ActiveCfg = Release|x86
		{3B8466CF-4FDD-4329-9C80-91321C4AAC99}.Fuzzing|x64.ActiveCfg = Release|x64
		{3B8466CF-4FDD-4329-9C80-91321C4AAC99}.Fuzzing|x86.ActiveCfg = Release|x86
		{3B8466CF-4FDD-4329-9C80-91321C4AAC99}.Release|ARM.ActiveCfg = Release|x86
		{3B8466CF-4FDD-4329-9C80-91321C4AAC99}.Release|ARM64.ActiveCfg = Release|x86
		{3B8466CF-4FDD-4329-9C80-91321C4AAC99}.Release|x64.ActiveCfg = Release|x64
		{3B8466CF-4FDD-4329-9C80-91321C4AAC99}.Release|x64.Build.0 = Release|x64
		{3B8466CF-4FDD-4329-9C80-91321C4AAC99}.Release|x86.ActiveCfg = Release|x86
		{3B8466CF-4FDD-4329-9C80-91321C4AAC99}.Release|x86.Build.0 = Release|x86
		{82B39FDA-E86B-4713-A873-9D56DE00247A}.Debug|ARM.ActiveCfg = Debug|ARM
		{82B39FDA-E86B-4713-A873-9D56DE00247A}.Debug|ARM.Build.0 = Debug|ARM
		{82B39FDA-E86B-4713-A873-9D56DE00247A}.Debug|ARM64.ActiveCfg = Debug|ARM64
		{82B39FDA-E86B-4713-A873-9D56DE00247A}.Debug|ARM64.Build.0 = Debug|ARM64
		{82B39FDA-E86B-4713-A873-9D56DE00247A}.Debug|x64.ActiveCfg = Debug|x64
		{82B39FDA-E86B-4713-A873-9D56DE00247A}.Debug|x64.Build.0 = Debug|x64
		{82B39FDA-E86B-4713-A873-9D56DE00247A}.Debug|x86.ActiveCfg = Debug|Win32
		{82B39FDA-E86B-4713-A873-9D56DE00247A}.Debug|x86.Build.0 = Debug|Win32
		{82B39FDA-E86B-4713-A873-9D56DE00247A}.Fuzzing|ARM.ActiveCfg = Release|ARM
		{82B39FDA-E86B-4713-A873-9D56DE00247A}.Fuzzing|ARM64.ActiveCfg = Release|ARM64
		{82B39FDA-E86B-4713-A873-9D56DE00247A}.Fuzzing|x64.ActiveCfg = Release|x64
		{82B39FDA-E86B-4713-A873-9D56DE00247A}.Fuzzing|x86.ActiveCfg = Release|Win32
		{82B39FDA-E86B-4713-A873-9D56DE00247A}.Release|ARM.ActiveCfg = Release|ARM
		{82B39FDA-E86B-4713-A873-9D56DE00247A}.Release|ARM.Build.0 = Release|ARM
		{82B39FDA-E86B-4713-A873-9D56DE00247A}.Release|ARM64.ActiveCfg = Release|ARM64
		{82B39FDA-E86B-4713-A873-9D56DE00247A}.Release|ARM64.Build.0 = Release|ARM64
		{82B39FDA-E86B-4713-A873-9D56DE00247A}.Release|x64.ActiveCfg = Release|x64
		{82B39FDA-E86B-4713-A873-9D56DE00247A}.Release|x64.Build.0 = Release|x64
		{82B39FDA-E86B-4713-A873-9D56DE00247A}.Release|x86.ActiveCfg = Release|Win32
		{82B39FDA-E86B-4713-A873-9D56DE00247A}.Release|x86.Build.0 = Release|Win32
		{1622DA16-914F-4F57-A259-D5169003CC8C}.Debug|ARM.ActiveCfg = Fuzzing|x64
		{1622DA16-914F-4F57-A259-D5169003CC8C}.Debug|ARM64.ActiveCfg = Fuzzing|x64
		{1622DA16-914F-4F57-A259-D5169003CC8C}.Debug|x64.ActiveCfg = Fuzzing|x64
		{1622DA16-914F-4F57-A259-D5169003CC8C}.Debug|x86.ActiveCfg = Fuzzing|x64
		{1622DA16-914F-4F57-A259-D5169003CC8C}.Fuzzing|ARM.ActiveCfg = Fuzzing|x64
		{1622DA16-914F-4F57-A259-D5169003CC8C}.Fuzzing|ARM64.ActiveCfg = Fuzzing|x64
		{1622DA16-914F-4F57-A259-D5169003CC8C}.Fuzzing|x64.ActiveCfg = Fuzzing|x64
		{1622DA16-914F-4F57-A259-D5169003CC8C}.Fuzzing|x64.Build.0 = Fuzzing|x64
		{1622DA16-914F-4F57-A259-D5169003CC8C}.Fuzzing|x86.ActiveCfg = Fuzzing|x64
		{1622DA16-914F-4F57-A259-D5169003CC8C}.Release|ARM.ActiveCfg = Fuzzing|x64
		{1622DA16-914F-4F57-A259-D5169003CC8C}.Release|ARM64.ActiveCfg = Fuzzing|x64
		{1622DA16-914F-4F57-A259-D5169003CC8C}.Release|x64.ActiveCfg = Fuzzing|x64
		{1622DA16-914F-4F57-A259-D5169003CC8C}.Release|x86.ActiveCfg = Fuzzing|x64
		{3BAF989F-7F65-465B-ACE8-BAFE42D1017E}.Debug|ARM.ActiveCfg = Debug|x86
		{3BAF989F-7F65-465B-ACE8-BAFE42D1017E}.Debug|ARM64.ActiveCfg = Debug|x86
		{3BAF989F-7F65-465B-ACE8-BAFE42D1017E}.Debug|x64.ActiveCfg = Debug|x64
		{3BAF989F-7F65-465B-ACE8-BAFE42D1017E}.Debug|x64.Build.0 = Debug|x64
		{3BAF989F-7F65-465B-ACE8-BAFE42D1017E}.Debug|x86.ActiveCfg = Debug|x86
		{3BAF989F-7F65-465B-ACE8-BAFE42D1017E}.Debug|x86.Build.0 = Debug|x86
		{3BAF989F-7F65-465B-ACE8-BAFE42D1017E}.Fuzzing|ARM.ActiveCfg = Release|x86
		{3BAF989F-7F65-465B-ACE8-BAFE42D1017E}.Fuzzing|ARM64.ActiveCfg = Release|x86
		{3BAF989F-7F65-465B-ACE8-BAFE42D1017E}.Fuzzing|x64.ActiveCfg = Release|x64
		{3BAF989F-7F65-465B-ACE8-BAFE42D1017E}.Fuzzing|x86.ActiveCfg = Release|x86
		{3BAF989F-7F65-465B-ACE8-BAFE42D1017E}.Release|ARM.ActiveCfg = Release|x86
		{3BAF989F-7F65-465B-ACE8-BAFE42D1017E}.Release|ARM64.ActiveCfg = Release|x86
		{3BAF989F-7F65-465B-ACE8-BAFE42D1017E}.Release|x64.ActiveCfg = Release|x64
		{3BAF989F-7F65-465B-ACE8-BAFE42D1017E}.Release|x64.Build.0 = Release|x64
		{3BAF989F-7F65-465B-ACE8-BAFE42D1017E}.Release|x86.ActiveCfg = Release|x86
		{3BAF989F-7F65-465B-ACE8-BAFE42D1017E}.Release|x86.Build.0 = Release|x86
		{866C3F06-636F-4BE8-BC24-5F86ECC606A1}.Debug|ARM.ActiveCfg = Debug|ARM
		{866C3F06-636F-4BE8-BC24-5F86ECC606A1}.Debug|ARM.Build.0 = Debug|ARM
		{866C3F06-636F-4BE8-BC24-5F86ECC606A1}.Debug|ARM64.ActiveCfg = Debug|ARM64
		{866C3F06-636F-4BE8-BC24-5F86ECC606A1}.Debug|ARM64.Build.0 = Debug|ARM64
		{866C3F06-636F-4BE8-BC24-5F86ECC606A1}.Debug|x64.ActiveCfg = Debug|x64
		{866C3F06-636F-4BE8-BC24-5F86ECC606A1}.Debug|x64.Build.0 = Debug|x64
		{866C3F06-636F-4BE8-BC24-5F86ECC606A1}.Debug|x86.ActiveCfg = Debug|Win32
		{866C3F06-636F-4BE8-BC24-5F86ECC606A1}.Debug|x86.Build.0 = Debug|Win32
		{866C3F06-636F-4BE8-BC24-5F86ECC606A1}.Fuzzing|ARM.ActiveCfg = Release|ARM
		{866C3F06-636F-4BE8-BC24-5F86ECC606A1}.Fuzzing|ARM64.ActiveCfg = Release|ARM64
		{866C3F06-636F-4BE8-BC24-5F86ECC606A1}.Fuzzing|x64.ActiveCfg = Release|x64
		{866C3F06-636F-4BE8-BC24-5F86ECC606A1}.Fuzzing|x86.ActiveCfg = Release|Win32
		{866C3F06-636F-4BE8-BC24-5F86ECC606A1}.Release|ARM.ActiveCfg = Release|ARM
		{866C3F06-636F-4BE8-BC24-5F86ECC606A1}.Release|ARM.Build.0 = Release|ARM
		{866C3F06-636F-4BE8-BC24-5F86ECC606A1}.Release|ARM64.ActiveCfg = Release|ARM64
		{866C3F06-636F-4BE8-BC24-5F86ECC606A1}.Release|ARM64.Build.0 = Release|ARM64
		{866C3F06-636F-4BE8-BC24-5F86ECC606A1}.Release|x64.ActiveCfg = Release|x64
		{866C3F06-636F-4BE8-BC24-5F86ECC606A1}.Release|x64.Build.0 = Release|x64
		{866C3F06-636F-4BE8-BC24-5F86ECC606A1}.Release|x86.ActiveCfg = Release|Win32
		{866C3F06-636F-4BE8-BC24-5F86ECC606A1}.Release|x86.Build.0 = Release|Win32
	EndGlobalSection
	GlobalSection(SolutionProperties) = preSolution
		HideSolutionNode = FALSE
	EndGlobalSection
	GlobalSection(NestedProjects) = preSolution
		{5295E21E-9868-4DE2-A177-FBB97B36579B} = {60618CAC-2995-4DF9-9914-45C6FC02C995}
		{8BB94BB8-374F-4294-BCA1-C7811514A6B7} = {60618CAC-2995-4DF9-9914-45C6FC02C995}
		{6E36DDD7-1602-474E-B1D7-D0A7E1D5AD86} = {8D53D749-D51C-46F8-A162-9371AAA6C2E7}
		{3B8466CF-4FDD-4329-9C80-91321C4AAC99} = {EA8CD934-0702-4911-A2C5-A40600E616DE}
		{82B39FDA-E86B-4713-A873-9D56DE00247A} = {60618CAC-2995-4DF9-9914-45C6FC02C995}
		{1622DA16-914F-4F57-A259-D5169003CC8C} = {6D7776A8-42FE-46DD-B0F8-712F35EA0C79}
		{3BAF989F-7F65-465B-ACE8-BAFE42D1017E} = {EA8CD934-0702-4911-A2C5-A40600E616DE}
		{358BC478-0624-4AD1-A933-0422B5292AF8} = {60618CAC-2995-4DF9-9914-45C6FC02C995}
		{7D05F64D-CE5A-42AA-A2C1-E91458F061CF} = {8D53D749-D51C-46F8-A162-9371AAA6C2E7}
		{952B513F-8A00-4D74-9271-925AFB3C6252} = {8D53D749-D51C-46F8-A162-9371AAA6C2E7}
		{2ACDE176-F13F-42FA-8159-C34FA3D37837} = {8D53D749-D51C-46F8-A162-9371AAA6C2E7}
		{866C3F06-636F-4BE8-BC24-5F86ECC606A1} = {60618CAC-2995-4DF9-9914-45C6FC02C995}
	EndGlobalSection
	GlobalSection(ExtensibilityGlobals) = postSolution
		SolutionGuid = {B6FDB70C-A751-422C-ACD1-E35419495857}
	EndGlobalSection
EndGlobal
