
Microsoft Visual Studio Solution File, Format Version 12.00
# Visual Studio Version 17
VisualStudioVersion = 17.2.32630.192
MinimumVisualStudioVersion = 10.0.40219.1
Project("{C7167F0D-BC9F-4E6E-AFE1-012C56B48DB5}") = "AppInstallerCLIPackage", "AppInstallerCLIPackage\AppInstallerCLIPackage.wapproj", "{6AA3791A-0713-4548-A357-87A323E7AC3A}"
	ProjectSection(ProjectDependencies) = postProject
		{0BA531C8-CF0C-405B-8221-0FE51BA529D1} = {0BA531C8-CF0C-405B-8221-0FE51BA529D1}
		{1CC41A9A-AE66-459D-9210-1E572DD7BE69} = {1CC41A9A-AE66-459D-9210-1E572DD7BE69}
		{2B00D362-AC92-41F3-A8D2-5B1599BDCA01} = {2B00D362-AC92-41F3-A8D2-5B1599BDCA01}
		{33745E4A-39E2-676F-7E23-50FB43848D25} = {33745E4A-39E2-676F-7E23-50FB43848D25}
		{5B6F90DF-FD19-4BAE-83D9-24DAD128E777} = {5B6F90DF-FD19-4BAE-83D9-24DAD128E777}
		{6597EB04-D105-49A7-A5A3-D27FE1DF895E} = {6597EB04-D105-49A7-A5A3-D27FE1DF895E}
		{CA460806-5E41-4E97-9A3D-1D74B433B663} = {CA460806-5E41-4E97-9A3D-1D74B433B663}
	EndProjectSection
EndProject
Project("{8BC9CEB8-8B4A-11D0-8D11-00A0C91BC942}") = "AppInstallerCLI", "AppInstallerCLI\AppInstallerCLI.vcxproj", "{5B6F90DF-FD19-4BAE-83D9-24DAD128E777}"
EndProject
Project("{8BC9CEB8-8B4A-11D0-8D11-00A0C91BC942}") = "AppInstallerCLICore", "AppInstallerCLICore\AppInstallerCLICore.vcxproj", "{1C6E0108-2860-4B17-9F7E-FA5C6C1F3D3D}"
	ProjectSection(ProjectDependencies) = postProject
		{71FA29AA-9035-468B-A11D-0F0B0F5D5AF4} = {71FA29AA-9035-468B-A11D-0F0B0F5D5AF4}
	EndProjectSection
EndProject
Project("{8BC9CEB8-8B4A-11D0-8D11-00A0C91BC942}") = "AppInstallerCLITests", "AppInstallerCLITests\AppInstallerCLITests.vcxproj", "{89B1AAB4-2BBC-4B65-9ED7-A01D5CF88230}"
	ProjectSection(ProjectDependencies) = postProject
		{6AA3791A-0713-4548-A357-87A323E7AC3A} = {6AA3791A-0713-4548-A357-87A323E7AC3A}
		{6CB84692-5994-407D-B9BD-9216AF77FE83} = {6CB84692-5994-407D-B9BD-9216AF77FE83}
	EndProjectSection
EndProject
Project("{2150E333-8FDC-42A3-9474-1A3956D46DE8}") = "External - Do Not Modify", "External - Do Not Modify", "{60618CAC-2995-4DF9-9914-45C6FC02C995}"
EndProject
Project("{8BC9CEB8-8B4A-11D0-8D11-00A0C91BC942}") = "AppInstallerRepositoryCore", "AppInstallerRepositoryCore\AppInstallerRepositoryCore.vcxproj", "{5EB88068-5FB9-4E69-89B2-72DBC5E068F9}"
EndProject
Project("{2150E333-8FDC-42A3-9474-1A3956D46DE8}") = "Project", "Project", "{8D53D749-D51C-46F8-A162-9371AAA6C2E7}"
	ProjectSection(SolutionItems) = preProject
		..\azure-pipelines.loc.yml = ..\azure-pipelines.loc.yml
		..\azure-pipelines.nuget.yml = ..\azure-pipelines.nuget.yml
		..\azure-pipelines.yml = ..\azure-pipelines.yml
		..\cgmanifest.json = ..\cgmanifest.json
		Directory.Build.props = Directory.Build.props
		Get-VcxprojNugetPackageVersions.ps1 = Get-VcxprojNugetPackageVersions.ps1
		..\README.md = ..\README.md
		..\doc\ReleaseNotes.md = ..\doc\ReleaseNotes.md
		..\doc\Settings.md = ..\doc\Settings.md
		Update-VcxprojNugetPackageVersions.ps1 = Update-VcxprojNugetPackageVersions.ps1
		..\WinGetInProcCom.nuspec = ..\WinGetInProcCom.nuspec
		..\WinGetUtil.nuspec = ..\WinGetUtil.nuspec
	EndProjectSection
EndProject
Project("{8BC9CEB8-8B4A-11D0-8D11-00A0C91BC942}") = "AppInstallerCommonCore", "AppInstallerCommonCore\AppInstallerCommonCore.vcxproj", "{5890D6ED-7C3B-40F3-B436-B54F640D9E65}"
EndProject
Project("{8BC9CEB8-8B4A-11D0-8D11-00A0C91BC942}") = "WinGetUtil", "WinGetUtil\WinGetUtil.vcxproj", "{FB313532-38B0-4676-9303-AB200AA13576}"
EndProject
Project("{8BC9CEB8-8B4A-11D0-8D11-00A0C91BC942}") = "AppInstallerTestExeInstaller", "AppInstallerTestExeInstaller\AppInstallerTestExeInstaller.vcxproj", "{6CB84692-5994-407D-B9BD-9216AF77FE83}"
EndProject
Project("{8BC9CEB8-8B4A-11D0-8D11-00A0C91BC942}") = "binver", "binver\binver.vcxitems", "{6E36DDD7-1602-474E-B1D7-D0A7E1D5AD86}"
EndProject
Project("{9A19103F-16F7-4668-BE54-9A1E7A4F7556}") = "AppInstallerCLIE2ETests", "AppInstallerCLIE2ETests\AppInstallerCLIE2ETests.csproj", "{3C0269FA-E582-4CA7-9E33-3881A005CA0C}"
	ProjectSection(ProjectDependencies) = postProject
		{3E2CBA31-CEBA-4D63-BF52-49C0718E19EA} = {3E2CBA31-CEBA-4D63-BF52-49C0718E19EA}
		{6CB84692-5994-407D-B9BD-9216AF77FE83} = {6CB84692-5994-407D-B9BD-9216AF77FE83}
		{C1624B2F-2BF6-4E28-92FA-1BF85C6B62A8} = {C1624B2F-2BF6-4E28-92FA-1BF85C6B62A8}
	EndProjectSection
EndProject
Project("{C7167F0D-BC9F-4E6E-AFE1-012C56B48DB5}") = "AppInstallerTestMsixInstaller", "AppInstallerTestMsixInstaller\AppInstallerTestMsixInstaller.wapproj", "{3E2CBA31-CEBA-4D63-BF52-49C0718E19EA}"
EndProject
Project("{54435603-DBB4-11D2-8724-00A0C9A8B90C}") = "AppInstallerTestMsiInstaller", "AppInstallerTestMsiInstaller\AppInstallerTestMsiInstaller.vdproj", "{C1624B2F-2BF6-4E28-92FA-1BF85C6B62A8}"
EndProject
Project("{2150E333-8FDC-42A3-9474-1A3956D46DE8}") = "Tool", "Tool", "{EA8CD934-0702-4911-A2C5-A40600E616DE}"
EndProject
Project("{9A19103F-16F7-4668-BE54-9A1E7A4F7556}") = "IndexCreationTool", "IndexCreationTool\IndexCreationTool.csproj", "{3B8466CF-4FDD-4329-9C80-91321C4AAC99}"
EndProject
Project("{2150E333-8FDC-42A3-9474-1A3956D46DE8}") = "Fuzzing", "Fuzzing", "{6D7776A8-42FE-46DD-B0F8-712F35EA0C79}"
EndProject
Project("{8BC9CEB8-8B4A-11D0-8D11-00A0C91BC942}") = "WinGetYamlFuzzing", "WinGetYamlFuzzing\WinGetYamlFuzzing.vcxproj", "{1622DA16-914F-4F57-A259-D5169003CC8C}"
EndProject
Project("{9A19103F-16F7-4668-BE54-9A1E7A4F7556}") = "LocalhostWebServer", "LocalhostWebServer\LocalhostWebServer.csproj", "{3BAF989F-7F65-465B-ACE8-BAFE42D1017E}"
EndProject
Project("{8BC9CEB8-8B4A-11D0-8D11-00A0C91BC942}") = "ManifestSchema", "ManifestSchema\ManifestSchema.vcxitems", "{7D05F64D-CE5A-42AA-A2C1-E91458F061CF}"
EndProject
Project("{8BC9CEB8-8B4A-11D0-8D11-00A0C91BC942}") = "WinGetSchemas", "WinGetSchemas\WinGetSchemas.vcxitems", "{952B513F-8A00-4D74-9271-925AFB3C6252}"
EndProject
Project("{2150E333-8FDC-42A3-9474-1A3956D46DE8}") = "spelling", "spelling", "{2ACDE176-F13F-42FA-8159-C34FA3D37837}"
	ProjectSection(SolutionItems) = preProject
		..\.github\actions\spelling\allow.txt = ..\.github\actions\spelling\allow.txt
		..\.github\actions\spelling\excludes.txt = ..\.github\actions\spelling\excludes.txt
		..\.github\actions\spelling\expect.txt = ..\.github\actions\spelling\expect.txt
		..\.github\actions\spelling\patterns.txt = ..\.github\actions\spelling\patterns.txt
	EndProjectSection
EndProject
Project("{2150E333-8FDC-42A3-9474-1A3956D46DE8}") = "policy", "policy", "{1A47951F-5C7A-4D6D-BB5F-D77484437940}"
	ProjectSection(SolutionItems) = preProject
		..\doc\admx\en-US\DesktopAppInstaller.adml = ..\doc\admx\en-US\DesktopAppInstaller.adml
		..\doc\admx\DesktopAppInstaller.admx = ..\doc\admx\DesktopAppInstaller.admx
	EndProjectSection
EndProject
Project("{2150E333-8FDC-42A3-9474-1A3956D46DE8}") = "Solution Items", "Solution Items", "{1A5D7A7D-5CB2-47D5-B40D-4E61CAEDC798}"
	ProjectSection(SolutionItems) = preProject
		CodeAnalysis.ruleset = CodeAnalysis.ruleset
		Directory.Packages.props = Directory.Packages.props
		nuget.config = nuget.config
		stylecop.json = stylecop.json
		vcpkg.json = vcpkg.json
		vcpkg.props = vcpkg.props
	EndProjectSection
EndProject
Project("{8BC9CEB8-8B4A-11D0-8D11-00A0C91BC942}") = "Microsoft.Management.Deployment", "Microsoft.Management.Deployment\Microsoft.Management.Deployment.vcxproj", "{1CC41A9A-AE66-459D-9210-1E572DD7BE69}"
	ProjectSection(ProjectDependencies) = postProject
		{1C6E0108-2860-4B17-9F7E-FA5C6C1F3D3D} = {1C6E0108-2860-4B17-9F7E-FA5C6C1F3D3D}
		{5890D6ED-7C3B-40F3-B436-B54F640D9E65} = {5890D6ED-7C3B-40F3-B436-B54F640D9E65}
		{5EB88068-5FB9-4E69-89B2-72DBC5E068F9} = {5EB88068-5FB9-4E69-89B2-72DBC5E068F9}
	EndProjectSection
EndProject
Project("{8BC9CEB8-8B4A-11D0-8D11-00A0C91BC942}") = "WinGetServer", "WinGetServer\WinGetServer.vcxproj", "{2B00D362-AC92-41F3-A8D2-5B1599BDCA01}"
	ProjectSection(ProjectDependencies) = postProject
		{1CC41A9A-AE66-459D-9210-1E572DD7BE69} = {1CC41A9A-AE66-459D-9210-1E572DD7BE69}
	EndProjectSection
EndProject
Project("{9A19103F-16F7-4668-BE54-9A1E7A4F7556}") = "WinGetUtilInterop", "WinGetUtilInterop\WinGetUtilInterop.csproj", "{846FB88B-BF1B-4F33-9883-E589CEC99739}"
EndProject
Project("{9A19103F-16F7-4668-BE54-9A1E7A4F7556}") = "WinGetUtilInterop.UnitTests", "WinGetUtilInterop.UnitTests\WinGetUtilInterop.UnitTests.csproj", "{68808357-902B-406C-8C19-E8E26A69DE8A}"
EndProject
Project("{8BC9CEB8-8B4A-11D0-8D11-00A0C91BC942}") = "WindowsPackageManager", "WindowsPackageManager\WindowsPackageManager.vcxproj", "{2046B5AF-666D-4CE8-8D3E-C32C57908A56}"
EndProject
Project("{8BC9CEB8-8B4A-11D0-8D11-00A0C91BC942}") = "COMServer", "COMServer\COMServer.vcxitems", "{409CD681-22A4-469D-88AE-CB5E4836E07A}"
EndProject
Project("{8BC9CEB8-8B4A-11D0-8D11-00A0C91BC942}") = "Microsoft.Management.Deployment.InProc", "Microsoft.Management.Deployment.InProc\Microsoft.Management.Deployment.InProc.vcxproj", "{9AC3C6A4-1875-4D3E-BF9C-C31E81EFF6B4}"
EndProject
Project("{8BC9CEB8-8B4A-11D0-8D11-00A0C91BC942}") = "CertificateResources", "CertificateResources\CertificateResources.vcxitems", "{B0BBBD92-943B-408F-B2B2-DBBAB4A22D23}"
EndProject
Project("{2150E333-8FDC-42A3-9474-1A3956D46DE8}") = "PowerShell", "PowerShell", "{7C218A3E-9BC8-48FF-B91B-BCACD828C0C9}"
EndProject
Project("{9A19103F-16F7-4668-BE54-9A1E7A4F7556}") = "Microsoft.WinGet.Client.Cmdlets", "PowerShell\Microsoft.WinGet.Client.Cmdlets\Microsoft.WinGet.Client.Cmdlets.csproj", "{463C0EF3-DF38-4C3D-8E7E-D4901E0CDC6C}"
EndProject
Project("{9A19103F-16F7-4668-BE54-9A1E7A4F7556}") = "Microsoft.Management.Deployment.Projection", "Microsoft.Management.Deployment.Projection\Microsoft.Management.Deployment.Projection.csproj", "{0B104762-5CD8-47EE-A904-71C1C3F84DCD}"
EndProject
Project("{8BC9CEB8-8B4A-11D0-8D11-00A0C91BC942}") = "UndockedRegFreeWinRT", "Xlang\UndockedRegFreeWinRT\src\UndockedRegFreeWinRT\UndockedRegFreeWinRT\UndockedRegFreeWinRT.vcxproj", "{31ED69A8-5310-45A9-953F-56C351D2C3E1}"
	ProjectSection(ProjectDependencies) = postProject
		{2B00D362-AC92-41F3-A8D2-5B1599BDCA01} = {2B00D362-AC92-41F3-A8D2-5B1599BDCA01}
	EndProjectSection
EndProject
Project("{2150E333-8FDC-42A3-9474-1A3956D46DE8}") = "templates", "templates", "{8E43F982-40D5-4DF1-9044-C08047B5F43B}"
	ProjectSection(SolutionItems) = preProject
		..\templates\e2e-setup.yml = ..\templates\e2e-setup.yml
		..\templates\e2e-test.template.yml = ..\templates\e2e-test.template.yml
	EndProjectSection
EndProject
Project("{8BC9CEB8-8B4A-11D0-8D11-00A0C91BC942}") = "AppInstallerSharedLib", "AppInstallerSharedLib\AppInstallerSharedLib.vcxproj", "{F3F6E699-BC5D-4950-8A05-E49DD9EB0D51}"
EndProject
Project("{8BC9CEB8-8B4A-11D0-8D11-00A0C91BC942}") = "Microsoft.Management.Configuration", "Microsoft.Management.Configuration\Microsoft.Management.Configuration.vcxproj", "{CA460806-5E41-4E97-9A3D-1D74B433B663}"
EndProject
Project("{9A19103F-16F7-4668-BE54-9A1E7A4F7556}") = "Microsoft.Management.Configuration.Projection", "Microsoft.Management.Configuration.Projection\Microsoft.Management.Configuration.Projection.csproj", "{E8454BF1-2068-4513-A525-ABF55CC8742C}"
EndProject
Project("{9A19103F-16F7-4668-BE54-9A1E7A4F7556}") = "Microsoft.Management.Configuration.UnitTests", "Microsoft.Management.Configuration.UnitTests\Microsoft.Management.Configuration.UnitTests.csproj", "{EE43C990-7789-4A60-B077-BF0ED3D093A1}"
EndProject
Project("{9A19103F-16F7-4668-BE54-9A1E7A4F7556}") = "Microsoft.Management.Configuration.Processor", "Microsoft.Management.Configuration.Processor\Microsoft.Management.Configuration.Processor.csproj", "{71FA29AA-9035-468B-A11D-0F0B0F5D5AF4}"
EndProject
Project("{9A19103F-16F7-4668-BE54-9A1E7A4F7556}") = "ConfigurationRemotingServer", "ConfigurationRemotingServer\ConfigurationRemotingServer.csproj", "{6597EB04-D105-49A7-A5A3-D27FE1DF895E}"
EndProject
Project("{9A19103F-16F7-4668-BE54-9A1E7A4F7556}") = "Microsoft.WinGet.Client.Engine", "PowerShell\Microsoft.WinGet.Client.Engine\Microsoft.WinGet.Client.Engine.csproj", "{1F56BECB-D65D-4BBA-8788-6671B251392A}"
EndProject
Project("{9A19103F-16F7-4668-BE54-9A1E7A4F7556}") = "Microsoft.WinGet.Configuration.Cmdlets", "PowerShell\Microsoft.WinGet.Configuration.Cmdlets\Microsoft.WinGet.Configuration.Cmdlets.csproj", "{167F634B-A3AD-494E-8E67-B888103E35FF}"
EndProject
Project("{9A19103F-16F7-4668-BE54-9A1E7A4F7556}") = "Microsoft.WinGet.Configuration.Engine", "PowerShell\Microsoft.WinGet.Configuration.Engine\Microsoft.WinGet.Configuration.Engine.csproj", "{C54F80ED-B736-49B0-9BD3-662F57024D01}"
EndProject
Project("{8BC9CEB8-8B4A-11D0-8D11-00A0C91BC942}") = "Microsoft.Management.Configuration.OutOfProc", "Microsoft.Management.Configuration.OutOfProc\Microsoft.Management.Configuration.OutOfProc.vcxproj", "{2268D5AD-7F2A-485A-8C4B-C574497514C9}"
	ProjectSection(ProjectDependencies) = postProject
		{2B00D362-AC92-41F3-A8D2-5B1599BDCA01} = {2B00D362-AC92-41F3-A8D2-5B1599BDCA01}
	EndProjectSection
EndProject
Project("{9A19103F-16F7-4668-BE54-9A1E7A4F7556}") = "WinGetSourceCreator", "WinGetSourceCreator\WinGetSourceCreator.csproj", "{52EC37D6-088C-40D3-AD0B-BDE8F8DAF9EB}"
EndProject
Project("{9A19103F-16F7-4668-BE54-9A1E7A4F7556}") = "Microsoft.WinGet.SharedLib", "PowerShell\Microsoft.WinGet.SharedLib\Microsoft.WinGet.SharedLib.csproj", "{272B2B0E-40D4-4F0F-B187-519A6EF89B10}"
EndProject
Project("{2150E333-8FDC-42A3-9474-1A3956D46DE8}") = "Tests", "Tests", "{5A52D9FC-0059-4A4A-8196-427A7AA0D1C5}"
	ProjectSection(SolutionItems) = preProject
		PowerShell\tests\Microsoft.WinGet.Client.Tests.ps1 = PowerShell\tests\Microsoft.WinGet.Client.Tests.ps1
		PowerShell\tests\Microsoft.WinGet.Configuration.Tests.ps1 = PowerShell\tests\Microsoft.WinGet.Configuration.Tests.ps1
		PowerShell\tests\Microsoft.WinGet.DSC.Tests.ps1 = PowerShell\tests\Microsoft.WinGet.DSC.Tests.ps1
		PowerShell\tests\RunTests.ps1 = PowerShell\tests\RunTests.ps1
	EndProjectSection
EndProject
Project("{8BC9CEB8-8B4A-11D0-8D11-00A0C91BC942}") = "SfsClient", "SfsClient\SfsClient.vcxproj", "{1B9077B3-8923-4ECD-8FC9-B3190FCBE4D4}"
EndProject
Project("{2150E333-8FDC-42A3-9474-1A3956D46DE8}") = "VcpkgCustomTriplets", "VcpkgCustomTriplets", "{76B26B2C-602A-4AD0-9736-4162D3FCA92A}"
	ProjectSection(SolutionItems) = preProject
		VcpkgCustomTriplets\arm64-release-static.cmake = VcpkgCustomTriplets\arm64-release-static.cmake
		VcpkgCustomTriplets\arm64-release.cmake = VcpkgCustomTriplets\arm64-release.cmake
		VcpkgCustomTriplets\arm64.cmake = VcpkgCustomTriplets\arm64.cmake
		VcpkgCustomTriplets\common.cmake = VcpkgCustomTriplets\common.cmake
		VcpkgCustomTriplets\fuzzing.cmake = VcpkgCustomTriplets\fuzzing.cmake
		VcpkgCustomTriplets\x64-fuzzing.cmake = VcpkgCustomTriplets\x64-fuzzing.cmake
		VcpkgCustomTriplets\x64-release-static.cmake = VcpkgCustomTriplets\x64-release-static.cmake
		VcpkgCustomTriplets\x64-release.cmake = VcpkgCustomTriplets\x64-release.cmake
		VcpkgCustomTriplets\x64.cmake = VcpkgCustomTriplets\x64.cmake
		VcpkgCustomTriplets\x86-fuzzing.cmake = VcpkgCustomTriplets\x86-fuzzing.cmake
		VcpkgCustomTriplets\x86-release-static.cmake = VcpkgCustomTriplets\x86-release-static.cmake
		VcpkgCustomTriplets\x86-release.cmake = VcpkgCustomTriplets\x86-release.cmake
		VcpkgCustomTriplets\x86.cmake = VcpkgCustomTriplets\x86.cmake
	EndProjectSection
EndProject
Project("{8BC9CEB8-8B4A-11D0-8D11-00A0C91BC942}") = "Microsoft.Management.Deployment.OutOfProc", "Microsoft.Management.Deployment.OutOfProc\Microsoft.Management.Deployment.OutOfProc.vcxproj", "{0BA531C8-CF0C-405B-8221-0FE51BA529D1}"
	ProjectSection(ProjectDependencies) = postProject
		{2B00D362-AC92-41F3-A8D2-5B1599BDCA01} = {2B00D362-AC92-41F3-A8D2-5B1599BDCA01}
	EndProjectSection
EndProject
Project("{9A19103F-16F7-4668-BE54-9A1E7A4F7556}") = "Microsoft.Management.Deployment.CsWinRTProjection", "Microsoft.Management.Deployment.CsWinRTProjection\Microsoft.Management.Deployment.CsWinRTProjection.csproj", "{9406322E-6272-487E-902A-9953889719EA}"
EndProject
Project("{2150E333-8FDC-42A3-9474-1A3956D46DE8}") = "targets", "targets", "{A0B4F808-B190-41C4-97CB-C8EA1932F84F}"
	ProjectSection(SolutionItems) = preProject
		targets\EmbeddedCsWinRT.targets = targets\EmbeddedCsWinRT.targets
		targets\ReferenceEmbeddedCsWinRTProject.targets = targets\ReferenceEmbeddedCsWinRTProject.targets
	EndProjectSection
EndProject
Project("{8BC9CEB8-8B4A-11D0-8D11-00A0C91BC942}") = "PureLib", "PureLib\PureLib.vcxitems", "{A33223D2-550B-4D99-A53D-488B1F68683E}"
EndProject
Project("{FAE04EC0-301F-11D3-BF4B-00C04F79EFBC}") = "WinGetTestCommon", "WinGetTestCommon\WinGetTestCommon.csproj", "{7139ED6E-8FBC-0B61-3E3A-AA2A23CC4D6A}"
EndProject
Project("{2150E333-8FDC-42A3-9474-1A3956D46DE8}") = "Tests", "Tests", "{02EA681E-C7D8-13C7-8484-4AC65E1B71E8}"
EndProject
Project("{FAE04EC0-301F-11D3-BF4B-00C04F79EFBC}") = "WinGetMCPServer", "WinGetMCPServer\WinGetMCPServer.csproj", "{33745E4A-39E2-676F-7E23-50FB43848D25}"
EndProject
Project("{2150E333-8FDC-42A3-9474-1A3956D46DE8}") = "Scripts", "Scripts", "{F49C4C89-447E-4D15-B38B-5A8DCFB134AF}"
	ProjectSection(SolutionItems) = preProject
		PowerShell\scripts\Execute-WinGetTests.ps1 = PowerShell\scripts\Execute-WinGetTests.ps1
		PowerShell\scripts\Initialize-LocalWinGetModules.ps1 = PowerShell\scripts\Initialize-LocalWinGetModules.ps1
	EndProjectSection
EndProject
Project("{8BC9CEB8-8B4A-11D0-8D11-00A0C91BC942}") = "ComInprocTestbed", "ComInprocTestbed\ComInprocTestbed.vcxproj", "{E5BCFF58-7D0C-4770-ABB9-AECE1027CD94}"
EndProject
Global
	GlobalSection(SolutionConfigurationPlatforms) = preSolution
		Debug|ARM64 = Debug|ARM64
		Debug|x64 = Debug|x64
		Debug|x86 = Debug|x86
		Fuzzing|ARM64 = Fuzzing|ARM64
		Fuzzing|x64 = Fuzzing|x64
		Fuzzing|x86 = Fuzzing|x86
		Release|ARM64 = Release|ARM64
		Release|x64 = Release|x64
		Release|x86 = Release|x86
		ReleaseStatic|ARM64 = ReleaseStatic|ARM64
		ReleaseStatic|x64 = ReleaseStatic|x64
		ReleaseStatic|x86 = ReleaseStatic|x86
	EndGlobalSection
	GlobalSection(ProjectConfigurationPlatforms) = postSolution
		{6AA3791A-0713-4548-A357-87A323E7AC3A}.Debug|ARM64.ActiveCfg = Debug|ARM64
		{6AA3791A-0713-4548-A357-87A323E7AC3A}.Debug|ARM64.Build.0 = Debug|ARM64
		{6AA3791A-0713-4548-A357-87A323E7AC3A}.Debug|ARM64.Deploy.0 = Debug|ARM64
		{6AA3791A-0713-4548-A357-87A323E7AC3A}.Debug|x64.ActiveCfg = Debug|x64
		{6AA3791A-0713-4548-A357-87A323E7AC3A}.Debug|x64.Build.0 = Debug|x64
		{6AA3791A-0713-4548-A357-87A323E7AC3A}.Debug|x64.Deploy.0 = Debug|x64
		{6AA3791A-0713-4548-A357-87A323E7AC3A}.Debug|x86.ActiveCfg = Debug|x86
		{6AA3791A-0713-4548-A357-87A323E7AC3A}.Debug|x86.Build.0 = Debug|x86
		{6AA3791A-0713-4548-A357-87A323E7AC3A}.Debug|x86.Deploy.0 = Debug|x86
		{6AA3791A-0713-4548-A357-87A323E7AC3A}.Fuzzing|ARM64.ActiveCfg = Release|ARM64
		{6AA3791A-0713-4548-A357-87A323E7AC3A}.Fuzzing|x64.ActiveCfg = Release|x64
		{6AA3791A-0713-4548-A357-87A323E7AC3A}.Fuzzing|x86.ActiveCfg = Release|x86
		{6AA3791A-0713-4548-A357-87A323E7AC3A}.Release|ARM64.ActiveCfg = Release|ARM64
		{6AA3791A-0713-4548-A357-87A323E7AC3A}.Release|ARM64.Build.0 = Release|ARM64
		{6AA3791A-0713-4548-A357-87A323E7AC3A}.Release|ARM64.Deploy.0 = Release|ARM64
		{6AA3791A-0713-4548-A357-87A323E7AC3A}.Release|x64.ActiveCfg = Release|x64
		{6AA3791A-0713-4548-A357-87A323E7AC3A}.Release|x64.Build.0 = Release|x64
		{6AA3791A-0713-4548-A357-87A323E7AC3A}.Release|x64.Deploy.0 = Release|x64
		{6AA3791A-0713-4548-A357-87A323E7AC3A}.Release|x86.ActiveCfg = Release|x86
		{6AA3791A-0713-4548-A357-87A323E7AC3A}.Release|x86.Build.0 = Release|x86
		{6AA3791A-0713-4548-A357-87A323E7AC3A}.Release|x86.Deploy.0 = Release|x86
		{6AA3791A-0713-4548-A357-87A323E7AC3A}.ReleaseStatic|ARM64.ActiveCfg = Release|ARM64
		{6AA3791A-0713-4548-A357-87A323E7AC3A}.ReleaseStatic|x64.ActiveCfg = Release|x64
		{6AA3791A-0713-4548-A357-87A323E7AC3A}.ReleaseStatic|x86.ActiveCfg = Release|x86
		{5B6F90DF-FD19-4BAE-83D9-24DAD128E777}.Debug|ARM64.ActiveCfg = Debug|ARM64
		{5B6F90DF-FD19-4BAE-83D9-24DAD128E777}.Debug|ARM64.Build.0 = Debug|ARM64
		{5B6F90DF-FD19-4BAE-83D9-24DAD128E777}.Debug|x64.ActiveCfg = Debug|x64
		{5B6F90DF-FD19-4BAE-83D9-24DAD128E777}.Debug|x64.Build.0 = Debug|x64
		{5B6F90DF-FD19-4BAE-83D9-24DAD128E777}.Debug|x86.ActiveCfg = Debug|Win32
		{5B6F90DF-FD19-4BAE-83D9-24DAD128E777}.Debug|x86.Build.0 = Debug|Win32
		{5B6F90DF-FD19-4BAE-83D9-24DAD128E777}.Fuzzing|ARM64.ActiveCfg = Release|ARM64
		{5B6F90DF-FD19-4BAE-83D9-24DAD128E777}.Fuzzing|x64.ActiveCfg = Release|x64
		{5B6F90DF-FD19-4BAE-83D9-24DAD128E777}.Fuzzing|x86.ActiveCfg = Release|Win32
		{5B6F90DF-FD19-4BAE-83D9-24DAD128E777}.Release|ARM64.ActiveCfg = Release|ARM64
		{5B6F90DF-FD19-4BAE-83D9-24DAD128E777}.Release|ARM64.Build.0 = Release|ARM64
		{5B6F90DF-FD19-4BAE-83D9-24DAD128E777}.Release|x64.ActiveCfg = Release|x64
		{5B6F90DF-FD19-4BAE-83D9-24DAD128E777}.Release|x64.Build.0 = Release|x64
		{5B6F90DF-FD19-4BAE-83D9-24DAD128E777}.Release|x86.ActiveCfg = Release|Win32
		{5B6F90DF-FD19-4BAE-83D9-24DAD128E777}.Release|x86.Build.0 = Release|Win32
		{5B6F90DF-FD19-4BAE-83D9-24DAD128E777}.ReleaseStatic|ARM64.ActiveCfg = Release|ARM64
		{5B6F90DF-FD19-4BAE-83D9-24DAD128E777}.ReleaseStatic|x64.ActiveCfg = Release|x64
		{5B6F90DF-FD19-4BAE-83D9-24DAD128E777}.ReleaseStatic|x86.ActiveCfg = Release|Win32
		{1C6E0108-2860-4B17-9F7E-FA5C6C1F3D3D}.Debug|ARM64.ActiveCfg = Debug|ARM64
		{1C6E0108-2860-4B17-9F7E-FA5C6C1F3D3D}.Debug|ARM64.Build.0 = Debug|ARM64
		{1C6E0108-2860-4B17-9F7E-FA5C6C1F3D3D}.Debug|x64.ActiveCfg = Debug|x64
		{1C6E0108-2860-4B17-9F7E-FA5C6C1F3D3D}.Debug|x64.Build.0 = Debug|x64
		{1C6E0108-2860-4B17-9F7E-FA5C6C1F3D3D}.Debug|x86.ActiveCfg = Debug|Win32
		{1C6E0108-2860-4B17-9F7E-FA5C6C1F3D3D}.Debug|x86.Build.0 = Debug|Win32
		{1C6E0108-2860-4B17-9F7E-FA5C6C1F3D3D}.Fuzzing|ARM64.ActiveCfg = Release|ARM64
		{1C6E0108-2860-4B17-9F7E-FA5C6C1F3D3D}.Fuzzing|x64.ActiveCfg = Release|x64
		{1C6E0108-2860-4B17-9F7E-FA5C6C1F3D3D}.Fuzzing|x86.ActiveCfg = Release|Win32
		{1C6E0108-2860-4B17-9F7E-FA5C6C1F3D3D}.Release|ARM64.ActiveCfg = Release|ARM64
		{1C6E0108-2860-4B17-9F7E-FA5C6C1F3D3D}.Release|ARM64.Build.0 = Release|ARM64
		{1C6E0108-2860-4B17-9F7E-FA5C6C1F3D3D}.Release|x64.ActiveCfg = Release|x64
		{1C6E0108-2860-4B17-9F7E-FA5C6C1F3D3D}.Release|x64.Build.0 = Release|x64
		{1C6E0108-2860-4B17-9F7E-FA5C6C1F3D3D}.Release|x86.ActiveCfg = Release|Win32
		{1C6E0108-2860-4B17-9F7E-FA5C6C1F3D3D}.Release|x86.Build.0 = Release|Win32
		{1C6E0108-2860-4B17-9F7E-FA5C6C1F3D3D}.ReleaseStatic|ARM64.ActiveCfg = ReleaseStatic|ARM64
		{1C6E0108-2860-4B17-9F7E-FA5C6C1F3D3D}.ReleaseStatic|ARM64.Build.0 = ReleaseStatic|ARM64
		{1C6E0108-2860-4B17-9F7E-FA5C6C1F3D3D}.ReleaseStatic|x64.ActiveCfg = ReleaseStatic|x64
		{1C6E0108-2860-4B17-9F7E-FA5C6C1F3D3D}.ReleaseStatic|x64.Build.0 = ReleaseStatic|x64
		{1C6E0108-2860-4B17-9F7E-FA5C6C1F3D3D}.ReleaseStatic|x86.ActiveCfg = ReleaseStatic|Win32
		{1C6E0108-2860-4B17-9F7E-FA5C6C1F3D3D}.ReleaseStatic|x86.Build.0 = ReleaseStatic|Win32
		{89B1AAB4-2BBC-4B65-9ED7-A01D5CF88230}.Debug|ARM64.ActiveCfg = Debug|ARM64
		{89B1AAB4-2BBC-4B65-9ED7-A01D5CF88230}.Debug|ARM64.Build.0 = Debug|ARM64
		{89B1AAB4-2BBC-4B65-9ED7-A01D5CF88230}.Debug|x64.ActiveCfg = Debug|x64
		{89B1AAB4-2BBC-4B65-9ED7-A01D5CF88230}.Debug|x64.Build.0 = Debug|x64
		{89B1AAB4-2BBC-4B65-9ED7-A01D5CF88230}.Debug|x86.ActiveCfg = Debug|Win32
		{89B1AAB4-2BBC-4B65-9ED7-A01D5CF88230}.Debug|x86.Build.0 = Debug|Win32
		{89B1AAB4-2BBC-4B65-9ED7-A01D5CF88230}.Fuzzing|ARM64.ActiveCfg = Release|x64
		{89B1AAB4-2BBC-4B65-9ED7-A01D5CF88230}.Fuzzing|x64.ActiveCfg = Release|x64
		{89B1AAB4-2BBC-4B65-9ED7-A01D5CF88230}.Fuzzing|x86.ActiveCfg = Release|Win32
		{89B1AAB4-2BBC-4B65-9ED7-A01D5CF88230}.Release|ARM64.ActiveCfg = Release|ARM64
		{89B1AAB4-2BBC-4B65-9ED7-A01D5CF88230}.Release|ARM64.Build.0 = Release|ARM64
		{89B1AAB4-2BBC-4B65-9ED7-A01D5CF88230}.Release|x64.ActiveCfg = Release|x64
		{89B1AAB4-2BBC-4B65-9ED7-A01D5CF88230}.Release|x64.Build.0 = Release|x64
		{89B1AAB4-2BBC-4B65-9ED7-A01D5CF88230}.Release|x86.ActiveCfg = Release|Win32
		{89B1AAB4-2BBC-4B65-9ED7-A01D5CF88230}.Release|x86.Build.0 = Release|Win32
		{89B1AAB4-2BBC-4B65-9ED7-A01D5CF88230}.ReleaseStatic|ARM64.ActiveCfg = Release|x64
		{89B1AAB4-2BBC-4B65-9ED7-A01D5CF88230}.ReleaseStatic|x64.ActiveCfg = Release|x64
		{89B1AAB4-2BBC-4B65-9ED7-A01D5CF88230}.ReleaseStatic|x86.ActiveCfg = Release|Win32
		{5EB88068-5FB9-4E69-89B2-72DBC5E068F9}.Debug|ARM64.ActiveCfg = Debug|ARM64
		{5EB88068-5FB9-4E69-89B2-72DBC5E068F9}.Debug|ARM64.Build.0 = Debug|ARM64
		{5EB88068-5FB9-4E69-89B2-72DBC5E068F9}.Debug|x64.ActiveCfg = Debug|x64
		{5EB88068-5FB9-4E69-89B2-72DBC5E068F9}.Debug|x64.Build.0 = Debug|x64
		{5EB88068-5FB9-4E69-89B2-72DBC5E068F9}.Debug|x86.ActiveCfg = Debug|Win32
		{5EB88068-5FB9-4E69-89B2-72DBC5E068F9}.Debug|x86.Build.0 = Debug|Win32
		{5EB88068-5FB9-4E69-89B2-72DBC5E068F9}.Fuzzing|ARM64.ActiveCfg = Release|ARM64
		{5EB88068-5FB9-4E69-89B2-72DBC5E068F9}.Fuzzing|x64.ActiveCfg = Release|x64
		{5EB88068-5FB9-4E69-89B2-72DBC5E068F9}.Fuzzing|x86.ActiveCfg = Release|Win32
		{5EB88068-5FB9-4E69-89B2-72DBC5E068F9}.Release|ARM64.ActiveCfg = Release|ARM64
		{5EB88068-5FB9-4E69-89B2-72DBC5E068F9}.Release|ARM64.Build.0 = Release|ARM64
		{5EB88068-5FB9-4E69-89B2-72DBC5E068F9}.Release|x64.ActiveCfg = Release|x64
		{5EB88068-5FB9-4E69-89B2-72DBC5E068F9}.Release|x64.Build.0 = Release|x64
		{5EB88068-5FB9-4E69-89B2-72DBC5E068F9}.Release|x86.ActiveCfg = Release|Win32
		{5EB88068-5FB9-4E69-89B2-72DBC5E068F9}.Release|x86.Build.0 = Release|Win32
		{5EB88068-5FB9-4E69-89B2-72DBC5E068F9}.ReleaseStatic|ARM64.ActiveCfg = ReleaseStatic|ARM64
		{5EB88068-5FB9-4E69-89B2-72DBC5E068F9}.ReleaseStatic|ARM64.Build.0 = ReleaseStatic|ARM64
		{5EB88068-5FB9-4E69-89B2-72DBC5E068F9}.ReleaseStatic|x64.ActiveCfg = ReleaseStatic|x64
		{5EB88068-5FB9-4E69-89B2-72DBC5E068F9}.ReleaseStatic|x64.Build.0 = ReleaseStatic|x64
		{5EB88068-5FB9-4E69-89B2-72DBC5E068F9}.ReleaseStatic|x86.ActiveCfg = ReleaseStatic|Win32
		{5EB88068-5FB9-4E69-89B2-72DBC5E068F9}.ReleaseStatic|x86.Build.0 = ReleaseStatic|Win32
		{5890D6ED-7C3B-40F3-B436-B54F640D9E65}.Debug|ARM64.ActiveCfg = Debug|ARM64
		{5890D6ED-7C3B-40F3-B436-B54F640D9E65}.Debug|ARM64.Build.0 = Debug|ARM64
		{5890D6ED-7C3B-40F3-B436-B54F640D9E65}.Debug|x64.ActiveCfg = Debug|x64
		{5890D6ED-7C3B-40F3-B436-B54F640D9E65}.Debug|x64.Build.0 = Debug|x64
		{5890D6ED-7C3B-40F3-B436-B54F640D9E65}.Debug|x86.ActiveCfg = Debug|Win32
		{5890D6ED-7C3B-40F3-B436-B54F640D9E65}.Debug|x86.Build.0 = Debug|Win32
		{5890D6ED-7C3B-40F3-B436-B54F640D9E65}.Fuzzing|ARM64.ActiveCfg = Release|ARM64
		{5890D6ED-7C3B-40F3-B436-B54F640D9E65}.Fuzzing|x64.ActiveCfg = Fuzzing|x64
		{5890D6ED-7C3B-40F3-B436-B54F640D9E65}.Fuzzing|x64.Build.0 = Fuzzing|x64
		{5890D6ED-7C3B-40F3-B436-B54F640D9E65}.Fuzzing|x86.ActiveCfg = Fuzzing|Win32
		{5890D6ED-7C3B-40F3-B436-B54F640D9E65}.Fuzzing|x86.Build.0 = Fuzzing|Win32
		{5890D6ED-7C3B-40F3-B436-B54F640D9E65}.Release|ARM64.ActiveCfg = Release|ARM64
		{5890D6ED-7C3B-40F3-B436-B54F640D9E65}.Release|ARM64.Build.0 = Release|ARM64
		{5890D6ED-7C3B-40F3-B436-B54F640D9E65}.Release|x64.ActiveCfg = Release|x64
		{5890D6ED-7C3B-40F3-B436-B54F640D9E65}.Release|x64.Build.0 = Release|x64
		{5890D6ED-7C3B-40F3-B436-B54F640D9E65}.Release|x86.ActiveCfg = Release|Win32
		{5890D6ED-7C3B-40F3-B436-B54F640D9E65}.Release|x86.Build.0 = Release|Win32
		{5890D6ED-7C3B-40F3-B436-B54F640D9E65}.ReleaseStatic|ARM64.ActiveCfg = ReleaseStatic|ARM64
		{5890D6ED-7C3B-40F3-B436-B54F640D9E65}.ReleaseStatic|ARM64.Build.0 = ReleaseStatic|ARM64
		{5890D6ED-7C3B-40F3-B436-B54F640D9E65}.ReleaseStatic|x64.ActiveCfg = ReleaseStatic|x64
		{5890D6ED-7C3B-40F3-B436-B54F640D9E65}.ReleaseStatic|x64.Build.0 = ReleaseStatic|x64
		{5890D6ED-7C3B-40F3-B436-B54F640D9E65}.ReleaseStatic|x86.ActiveCfg = ReleaseStatic|Win32
		{5890D6ED-7C3B-40F3-B436-B54F640D9E65}.ReleaseStatic|x86.Build.0 = ReleaseStatic|Win32
		{FB313532-38B0-4676-9303-AB200AA13576}.Debug|ARM64.ActiveCfg = Debug|ARM64
		{FB313532-38B0-4676-9303-AB200AA13576}.Debug|ARM64.Build.0 = Debug|ARM64
		{FB313532-38B0-4676-9303-AB200AA13576}.Debug|x64.ActiveCfg = Debug|x64
		{FB313532-38B0-4676-9303-AB200AA13576}.Debug|x64.Build.0 = Debug|x64
		{FB313532-38B0-4676-9303-AB200AA13576}.Debug|x86.ActiveCfg = Debug|Win32
		{FB313532-38B0-4676-9303-AB200AA13576}.Debug|x86.Build.0 = Debug|Win32
		{FB313532-38B0-4676-9303-AB200AA13576}.Fuzzing|ARM64.ActiveCfg = Release|ARM64
		{FB313532-38B0-4676-9303-AB200AA13576}.Fuzzing|x64.ActiveCfg = Release|x64
		{FB313532-38B0-4676-9303-AB200AA13576}.Fuzzing|x86.ActiveCfg = Release|Win32
		{FB313532-38B0-4676-9303-AB200AA13576}.Release|ARM64.ActiveCfg = Release|ARM64
		{FB313532-38B0-4676-9303-AB200AA13576}.Release|ARM64.Build.0 = Release|ARM64
		{FB313532-38B0-4676-9303-AB200AA13576}.Release|x64.ActiveCfg = Release|x64
		{FB313532-38B0-4676-9303-AB200AA13576}.Release|x64.Build.0 = Release|x64
		{FB313532-38B0-4676-9303-AB200AA13576}.Release|x86.ActiveCfg = Release|Win32
		{FB313532-38B0-4676-9303-AB200AA13576}.Release|x86.Build.0 = Release|Win32
		{FB313532-38B0-4676-9303-AB200AA13576}.ReleaseStatic|ARM64.ActiveCfg = Release|ARM64
		{FB313532-38B0-4676-9303-AB200AA13576}.ReleaseStatic|x64.ActiveCfg = Release|x64
		{FB313532-38B0-4676-9303-AB200AA13576}.ReleaseStatic|x86.ActiveCfg = Release|Win32
		{6CB84692-5994-407D-B9BD-9216AF77FE83}.Debug|ARM64.ActiveCfg = Debug|ARM64
		{6CB84692-5994-407D-B9BD-9216AF77FE83}.Debug|ARM64.Build.0 = Debug|ARM64
		{6CB84692-5994-407D-B9BD-9216AF77FE83}.Debug|x64.ActiveCfg = Debug|x64
		{6CB84692-5994-407D-B9BD-9216AF77FE83}.Debug|x64.Build.0 = Debug|x64
		{6CB84692-5994-407D-B9BD-9216AF77FE83}.Debug|x86.ActiveCfg = Debug|Win32
		{6CB84692-5994-407D-B9BD-9216AF77FE83}.Debug|x86.Build.0 = Debug|Win32
		{6CB84692-5994-407D-B9BD-9216AF77FE83}.Fuzzing|ARM64.ActiveCfg = Release|ARM64
		{6CB84692-5994-407D-B9BD-9216AF77FE83}.Fuzzing|x64.ActiveCfg = Release|x64
		{6CB84692-5994-407D-B9BD-9216AF77FE83}.Fuzzing|x86.ActiveCfg = Release|Win32
		{6CB84692-5994-407D-B9BD-9216AF77FE83}.Release|ARM64.ActiveCfg = Release|ARM64
		{6CB84692-5994-407D-B9BD-9216AF77FE83}.Release|ARM64.Build.0 = Release|ARM64
		{6CB84692-5994-407D-B9BD-9216AF77FE83}.Release|x64.ActiveCfg = Release|x64
		{6CB84692-5994-407D-B9BD-9216AF77FE83}.Release|x64.Build.0 = Release|x64
		{6CB84692-5994-407D-B9BD-9216AF77FE83}.Release|x86.ActiveCfg = Release|Win32
		{6CB84692-5994-407D-B9BD-9216AF77FE83}.Release|x86.Build.0 = Release|Win32
		{6CB84692-5994-407D-B9BD-9216AF77FE83}.ReleaseStatic|ARM64.ActiveCfg = Release|ARM64
		{6CB84692-5994-407D-B9BD-9216AF77FE83}.ReleaseStatic|x64.ActiveCfg = Release|x64
		{6CB84692-5994-407D-B9BD-9216AF77FE83}.ReleaseStatic|x86.ActiveCfg = Release|Win32
		{3C0269FA-E582-4CA7-9E33-3881A005CA0C}.Debug|ARM64.ActiveCfg = Debug|x64
		{3C0269FA-E582-4CA7-9E33-3881A005CA0C}.Debug|x64.ActiveCfg = Debug|x64
		{3C0269FA-E582-4CA7-9E33-3881A005CA0C}.Debug|x64.Build.0 = Debug|x64
		{3C0269FA-E582-4CA7-9E33-3881A005CA0C}.Debug|x86.ActiveCfg = Debug|x86
		{3C0269FA-E582-4CA7-9E33-3881A005CA0C}.Debug|x86.Build.0 = Debug|x86
		{3C0269FA-E582-4CA7-9E33-3881A005CA0C}.Fuzzing|ARM64.ActiveCfg = Release|x64
		{3C0269FA-E582-4CA7-9E33-3881A005CA0C}.Fuzzing|x64.ActiveCfg = Release|x64
		{3C0269FA-E582-4CA7-9E33-3881A005CA0C}.Fuzzing|x86.ActiveCfg = Release|x86
		{3C0269FA-E582-4CA7-9E33-3881A005CA0C}.Release|ARM64.ActiveCfg = Release|x64
		{3C0269FA-E582-4CA7-9E33-3881A005CA0C}.Release|x64.ActiveCfg = Release|x64
		{3C0269FA-E582-4CA7-9E33-3881A005CA0C}.Release|x64.Build.0 = Release|x64
		{3C0269FA-E582-4CA7-9E33-3881A005CA0C}.Release|x86.ActiveCfg = Release|x86
		{3C0269FA-E582-4CA7-9E33-3881A005CA0C}.Release|x86.Build.0 = Release|x86
		{3C0269FA-E582-4CA7-9E33-3881A005CA0C}.ReleaseStatic|ARM64.ActiveCfg = Release|x86
		{3C0269FA-E582-4CA7-9E33-3881A005CA0C}.ReleaseStatic|x64.ActiveCfg = Release|x64
		{3C0269FA-E582-4CA7-9E33-3881A005CA0C}.ReleaseStatic|x86.ActiveCfg = Release|x86
		{3E2CBA31-CEBA-4D63-BF52-49C0718E19EA}.Debug|ARM64.ActiveCfg = Debug|ARM64
		{3E2CBA31-CEBA-4D63-BF52-49C0718E19EA}.Debug|ARM64.Build.0 = Debug|ARM64
		{3E2CBA31-CEBA-4D63-BF52-49C0718E19EA}.Debug|ARM64.Deploy.0 = Debug|ARM64
		{3E2CBA31-CEBA-4D63-BF52-49C0718E19EA}.Debug|x64.ActiveCfg = Debug|x64
		{3E2CBA31-CEBA-4D63-BF52-49C0718E19EA}.Debug|x64.Build.0 = Debug|x64
		{3E2CBA31-CEBA-4D63-BF52-49C0718E19EA}.Debug|x64.Deploy.0 = Debug|x64
		{3E2CBA31-CEBA-4D63-BF52-49C0718E19EA}.Debug|x86.ActiveCfg = Debug|x86
		{3E2CBA31-CEBA-4D63-BF52-49C0718E19EA}.Debug|x86.Build.0 = Debug|x86
		{3E2CBA31-CEBA-4D63-BF52-49C0718E19EA}.Debug|x86.Deploy.0 = Debug|x86
		{3E2CBA31-CEBA-4D63-BF52-49C0718E19EA}.Fuzzing|ARM64.ActiveCfg = Release|ARM64
		{3E2CBA31-CEBA-4D63-BF52-49C0718E19EA}.Fuzzing|x64.ActiveCfg = Release|x64
		{3E2CBA31-CEBA-4D63-BF52-49C0718E19EA}.Fuzzing|x86.ActiveCfg = Release|x86
		{3E2CBA31-CEBA-4D63-BF52-49C0718E19EA}.Release|ARM64.ActiveCfg = Release|ARM64
		{3E2CBA31-CEBA-4D63-BF52-49C0718E19EA}.Release|ARM64.Build.0 = Release|ARM64
		{3E2CBA31-CEBA-4D63-BF52-49C0718E19EA}.Release|ARM64.Deploy.0 = Release|ARM64
		{3E2CBA31-CEBA-4D63-BF52-49C0718E19EA}.Release|x64.ActiveCfg = Release|x64
		{3E2CBA31-CEBA-4D63-BF52-49C0718E19EA}.Release|x64.Build.0 = Release|x64
		{3E2CBA31-CEBA-4D63-BF52-49C0718E19EA}.Release|x64.Deploy.0 = Release|x64
		{3E2CBA31-CEBA-4D63-BF52-49C0718E19EA}.Release|x86.ActiveCfg = Release|x86
		{3E2CBA31-CEBA-4D63-BF52-49C0718E19EA}.Release|x86.Build.0 = Release|x86
		{3E2CBA31-CEBA-4D63-BF52-49C0718E19EA}.Release|x86.Deploy.0 = Release|x86
		{3E2CBA31-CEBA-4D63-BF52-49C0718E19EA}.ReleaseStatic|ARM64.ActiveCfg = Release|ARM64
		{3E2CBA31-CEBA-4D63-BF52-49C0718E19EA}.ReleaseStatic|x64.ActiveCfg = Release|x64
		{3E2CBA31-CEBA-4D63-BF52-49C0718E19EA}.ReleaseStatic|x86.ActiveCfg = Release|x86
		{C1624B2F-2BF6-4E28-92FA-1BF85C6B62A8}.Debug|ARM64.ActiveCfg = Debug
		{C1624B2F-2BF6-4E28-92FA-1BF85C6B62A8}.Debug|x64.ActiveCfg = Debug
		{C1624B2F-2BF6-4E28-92FA-1BF85C6B62A8}.Debug|x86.ActiveCfg = Debug
		{C1624B2F-2BF6-4E28-92FA-1BF85C6B62A8}.Fuzzing|ARM64.ActiveCfg = Release
		{C1624B2F-2BF6-4E28-92FA-1BF85C6B62A8}.Fuzzing|x64.ActiveCfg = Release
		{C1624B2F-2BF6-4E28-92FA-1BF85C6B62A8}.Fuzzing|x86.ActiveCfg = Release
		{C1624B2F-2BF6-4E28-92FA-1BF85C6B62A8}.Release|ARM64.ActiveCfg = Release
		{C1624B2F-2BF6-4E28-92FA-1BF85C6B62A8}.Release|x64.ActiveCfg = Release
		{C1624B2F-2BF6-4E28-92FA-1BF85C6B62A8}.Release|x86.ActiveCfg = Release
		{C1624B2F-2BF6-4E28-92FA-1BF85C6B62A8}.ReleaseStatic|ARM64.ActiveCfg = Release
		{C1624B2F-2BF6-4E28-92FA-1BF85C6B62A8}.ReleaseStatic|x64.ActiveCfg = Release
		{C1624B2F-2BF6-4E28-92FA-1BF85C6B62A8}.ReleaseStatic|x86.ActiveCfg = Release
		{3B8466CF-4FDD-4329-9C80-91321C4AAC99}.Debug|ARM64.ActiveCfg = Debug|x64
		{3B8466CF-4FDD-4329-9C80-91321C4AAC99}.Debug|x64.ActiveCfg = Debug|x64
		{3B8466CF-4FDD-4329-9C80-91321C4AAC99}.Debug|x64.Build.0 = Debug|x64
		{3B8466CF-4FDD-4329-9C80-91321C4AAC99}.Debug|x86.ActiveCfg = Debug|x86
		{3B8466CF-4FDD-4329-9C80-91321C4AAC99}.Debug|x86.Build.0 = Debug|x86
		{3B8466CF-4FDD-4329-9C80-91321C4AAC99}.Fuzzing|ARM64.ActiveCfg = Release|x64
		{3B8466CF-4FDD-4329-9C80-91321C4AAC99}.Fuzzing|x64.ActiveCfg = Release|x64
		{3B8466CF-4FDD-4329-9C80-91321C4AAC99}.Fuzzing|x86.ActiveCfg = Release|x86
		{3B8466CF-4FDD-4329-9C80-91321C4AAC99}.Release|ARM64.ActiveCfg = Release|x64
		{3B8466CF-4FDD-4329-9C80-91321C4AAC99}.Release|x64.ActiveCfg = Release|x64
		{3B8466CF-4FDD-4329-9C80-91321C4AAC99}.Release|x64.Build.0 = Release|x64
		{3B8466CF-4FDD-4329-9C80-91321C4AAC99}.Release|x86.ActiveCfg = Release|x86
		{3B8466CF-4FDD-4329-9C80-91321C4AAC99}.Release|x86.Build.0 = Release|x86
		{3B8466CF-4FDD-4329-9C80-91321C4AAC99}.ReleaseStatic|ARM64.ActiveCfg = Release|x64
		{3B8466CF-4FDD-4329-9C80-91321C4AAC99}.ReleaseStatic|x64.ActiveCfg = Release|x64
		{3B8466CF-4FDD-4329-9C80-91321C4AAC99}.ReleaseStatic|x86.ActiveCfg = Release|x86
		{1622DA16-914F-4F57-A259-D5169003CC8C}.Debug|ARM64.ActiveCfg = Fuzzing|x64
		{1622DA16-914F-4F57-A259-D5169003CC8C}.Debug|x64.ActiveCfg = Fuzzing|x64
		{1622DA16-914F-4F57-A259-D5169003CC8C}.Debug|x86.ActiveCfg = Fuzzing|Win32
		{1622DA16-914F-4F57-A259-D5169003CC8C}.Fuzzing|ARM64.ActiveCfg = Fuzzing|x64
		{1622DA16-914F-4F57-A259-D5169003CC8C}.Fuzzing|x64.ActiveCfg = Fuzzing|x64
		{1622DA16-914F-4F57-A259-D5169003CC8C}.Fuzzing|x64.Build.0 = Fuzzing|x64
		{1622DA16-914F-4F57-A259-D5169003CC8C}.Fuzzing|x86.ActiveCfg = Fuzzing|Win32
		{1622DA16-914F-4F57-A259-D5169003CC8C}.Fuzzing|x86.Build.0 = Fuzzing|Win32
		{1622DA16-914F-4F57-A259-D5169003CC8C}.Release|ARM64.ActiveCfg = Fuzzing|x64
		{1622DA16-914F-4F57-A259-D5169003CC8C}.Release|x64.ActiveCfg = Fuzzing|x64
		{1622DA16-914F-4F57-A259-D5169003CC8C}.Release|x86.ActiveCfg = Fuzzing|Win32
		{1622DA16-914F-4F57-A259-D5169003CC8C}.ReleaseStatic|ARM64.ActiveCfg = Fuzzing|x64
		{1622DA16-914F-4F57-A259-D5169003CC8C}.ReleaseStatic|x64.ActiveCfg = Fuzzing|x64
		{1622DA16-914F-4F57-A259-D5169003CC8C}.ReleaseStatic|x86.ActiveCfg = Fuzzing|Win32
		{3BAF989F-7F65-465B-ACE8-BAFE42D1017E}.Debug|ARM64.ActiveCfg = Debug|x64
		{3BAF989F-7F65-465B-ACE8-BAFE42D1017E}.Debug|x64.ActiveCfg = Debug|x64
		{3BAF989F-7F65-465B-ACE8-BAFE42D1017E}.Debug|x64.Build.0 = Debug|x64
		{3BAF989F-7F65-465B-ACE8-BAFE42D1017E}.Debug|x86.ActiveCfg = Debug|x86
		{3BAF989F-7F65-465B-ACE8-BAFE42D1017E}.Debug|x86.Build.0 = Debug|x86
		{3BAF989F-7F65-465B-ACE8-BAFE42D1017E}.Fuzzing|ARM64.ActiveCfg = Release|x64
		{3BAF989F-7F65-465B-ACE8-BAFE42D1017E}.Fuzzing|x64.ActiveCfg = Release|x64
		{3BAF989F-7F65-465B-ACE8-BAFE42D1017E}.Fuzzing|x86.ActiveCfg = Release|x86
		{3BAF989F-7F65-465B-ACE8-BAFE42D1017E}.Release|ARM64.ActiveCfg = Release|x64
		{3BAF989F-7F65-465B-ACE8-BAFE42D1017E}.Release|x64.ActiveCfg = Release|x64
		{3BAF989F-7F65-465B-ACE8-BAFE42D1017E}.Release|x64.Build.0 = Release|x64
		{3BAF989F-7F65-465B-ACE8-BAFE42D1017E}.Release|x86.ActiveCfg = Release|x86
		{3BAF989F-7F65-465B-ACE8-BAFE42D1017E}.Release|x86.Build.0 = Release|x86
		{3BAF989F-7F65-465B-ACE8-BAFE42D1017E}.ReleaseStatic|ARM64.ActiveCfg = Release|x64
		{3BAF989F-7F65-465B-ACE8-BAFE42D1017E}.ReleaseStatic|x64.ActiveCfg = Release|x64
		{3BAF989F-7F65-465B-ACE8-BAFE42D1017E}.ReleaseStatic|x86.ActiveCfg = Release|x86
		{1CC41A9A-AE66-459D-9210-1E572DD7BE69}.Debug|ARM64.ActiveCfg = Debug|ARM64
		{1CC41A9A-AE66-459D-9210-1E572DD7BE69}.Debug|ARM64.Build.0 = Debug|ARM64
		{1CC41A9A-AE66-459D-9210-1E572DD7BE69}.Debug|x64.ActiveCfg = Debug|x64
		{1CC41A9A-AE66-459D-9210-1E572DD7BE69}.Debug|x64.Build.0 = Debug|x64
		{1CC41A9A-AE66-459D-9210-1E572DD7BE69}.Debug|x86.ActiveCfg = Debug|Win32
		{1CC41A9A-AE66-459D-9210-1E572DD7BE69}.Debug|x86.Build.0 = Debug|Win32
		{1CC41A9A-AE66-459D-9210-1E572DD7BE69}.Fuzzing|ARM64.ActiveCfg = Release|ARM64
		{1CC41A9A-AE66-459D-9210-1E572DD7BE69}.Fuzzing|x64.ActiveCfg = Release|x64
		{1CC41A9A-AE66-459D-9210-1E572DD7BE69}.Fuzzing|x86.ActiveCfg = Release|Win32
		{1CC41A9A-AE66-459D-9210-1E572DD7BE69}.Release|ARM64.ActiveCfg = Release|ARM64
		{1CC41A9A-AE66-459D-9210-1E572DD7BE69}.Release|ARM64.Build.0 = Release|ARM64
		{1CC41A9A-AE66-459D-9210-1E572DD7BE69}.Release|x64.ActiveCfg = Release|x64
		{1CC41A9A-AE66-459D-9210-1E572DD7BE69}.Release|x64.Build.0 = Release|x64
		{1CC41A9A-AE66-459D-9210-1E572DD7BE69}.Release|x86.ActiveCfg = Release|Win32
		{1CC41A9A-AE66-459D-9210-1E572DD7BE69}.Release|x86.Build.0 = Release|Win32
		{1CC41A9A-AE66-459D-9210-1E572DD7BE69}.ReleaseStatic|ARM64.ActiveCfg = ReleaseStatic|ARM64
		{1CC41A9A-AE66-459D-9210-1E572DD7BE69}.ReleaseStatic|ARM64.Build.0 = ReleaseStatic|ARM64
		{1CC41A9A-AE66-459D-9210-1E572DD7BE69}.ReleaseStatic|x64.ActiveCfg = ReleaseStatic|x64
		{1CC41A9A-AE66-459D-9210-1E572DD7BE69}.ReleaseStatic|x64.Build.0 = ReleaseStatic|x64
		{1CC41A9A-AE66-459D-9210-1E572DD7BE69}.ReleaseStatic|x86.ActiveCfg = ReleaseStatic|Win32
		{1CC41A9A-AE66-459D-9210-1E572DD7BE69}.ReleaseStatic|x86.Build.0 = ReleaseStatic|Win32
		{2B00D362-AC92-41F3-A8D2-5B1599BDCA01}.Debug|ARM64.ActiveCfg = Debug|ARM64
		{2B00D362-AC92-41F3-A8D2-5B1599BDCA01}.Debug|ARM64.Build.0 = Debug|ARM64
		{2B00D362-AC92-41F3-A8D2-5B1599BDCA01}.Debug|x64.ActiveCfg = Debug|x64
		{2B00D362-AC92-41F3-A8D2-5B1599BDCA01}.Debug|x64.Build.0 = Debug|x64
		{2B00D362-AC92-41F3-A8D2-5B1599BDCA01}.Debug|x86.ActiveCfg = Debug|Win32
		{2B00D362-AC92-41F3-A8D2-5B1599BDCA01}.Debug|x86.Build.0 = Debug|Win32
		{2B00D362-AC92-41F3-A8D2-5B1599BDCA01}.Fuzzing|ARM64.ActiveCfg = Release|ARM64
		{2B00D362-AC92-41F3-A8D2-5B1599BDCA01}.Fuzzing|x64.ActiveCfg = Release|x64
		{2B00D362-AC92-41F3-A8D2-5B1599BDCA01}.Fuzzing|x86.ActiveCfg = Release|Win32
		{2B00D362-AC92-41F3-A8D2-5B1599BDCA01}.Release|ARM64.ActiveCfg = Release|ARM64
		{2B00D362-AC92-41F3-A8D2-5B1599BDCA01}.Release|ARM64.Build.0 = Release|ARM64
		{2B00D362-AC92-41F3-A8D2-5B1599BDCA01}.Release|x64.ActiveCfg = Release|x64
		{2B00D362-AC92-41F3-A8D2-5B1599BDCA01}.Release|x64.Build.0 = Release|x64
		{2B00D362-AC92-41F3-A8D2-5B1599BDCA01}.Release|x86.ActiveCfg = Release|Win32
		{2B00D362-AC92-41F3-A8D2-5B1599BDCA01}.Release|x86.Build.0 = Release|Win32
		{2B00D362-AC92-41F3-A8D2-5B1599BDCA01}.ReleaseStatic|ARM64.ActiveCfg = ReleaseStatic|ARM64
		{2B00D362-AC92-41F3-A8D2-5B1599BDCA01}.ReleaseStatic|ARM64.Build.0 = ReleaseStatic|ARM64
		{2B00D362-AC92-41F3-A8D2-5B1599BDCA01}.ReleaseStatic|x64.ActiveCfg = ReleaseStatic|x64
		{2B00D362-AC92-41F3-A8D2-5B1599BDCA01}.ReleaseStatic|x64.Build.0 = ReleaseStatic|x64
		{2B00D362-AC92-41F3-A8D2-5B1599BDCA01}.ReleaseStatic|x86.ActiveCfg = ReleaseStatic|Win32
		{2B00D362-AC92-41F3-A8D2-5B1599BDCA01}.ReleaseStatic|x86.Build.0 = ReleaseStatic|Win32
		{846FB88B-BF1B-4F33-9883-E589CEC99739}.Debug|ARM64.ActiveCfg = Debug|Any CPU
		{846FB88B-BF1B-4F33-9883-E589CEC99739}.Debug|ARM64.Build.0 = Debug|Any CPU
		{846FB88B-BF1B-4F33-9883-E589CEC99739}.Debug|x64.ActiveCfg = Debug|Any CPU
		{846FB88B-BF1B-4F33-9883-E589CEC99739}.Debug|x64.Build.0 = Debug|Any CPU
		{846FB88B-BF1B-4F33-9883-E589CEC99739}.Debug|x86.ActiveCfg = Debug|Any CPU
		{846FB88B-BF1B-4F33-9883-E589CEC99739}.Debug|x86.Build.0 = Debug|Any CPU
		{846FB88B-BF1B-4F33-9883-E589CEC99739}.Fuzzing|ARM64.ActiveCfg = Release|Any CPU
		{846FB88B-BF1B-4F33-9883-E589CEC99739}.Fuzzing|x64.ActiveCfg = Release|Any CPU
		{846FB88B-BF1B-4F33-9883-E589CEC99739}.Fuzzing|x86.ActiveCfg = Release|Any CPU
		{846FB88B-BF1B-4F33-9883-E589CEC99739}.Release|ARM64.ActiveCfg = Release|Any CPU
		{846FB88B-BF1B-4F33-9883-E589CEC99739}.Release|ARM64.Build.0 = Release|Any CPU
		{846FB88B-BF1B-4F33-9883-E589CEC99739}.Release|x64.ActiveCfg = Release|Any CPU
		{846FB88B-BF1B-4F33-9883-E589CEC99739}.Release|x64.Build.0 = Release|Any CPU
		{846FB88B-BF1B-4F33-9883-E589CEC99739}.Release|x86.ActiveCfg = Release|Any CPU
		{846FB88B-BF1B-4F33-9883-E589CEC99739}.Release|x86.Build.0 = Release|Any CPU
		{846FB88B-BF1B-4F33-9883-E589CEC99739}.ReleaseStatic|ARM64.ActiveCfg = Release|Any CPU
		{846FB88B-BF1B-4F33-9883-E589CEC99739}.ReleaseStatic|x64.ActiveCfg = Release|Any CPU
		{846FB88B-BF1B-4F33-9883-E589CEC99739}.ReleaseStatic|x86.ActiveCfg = Release|Any CPU
		{68808357-902B-406C-8C19-E8E26A69DE8A}.Debug|ARM64.ActiveCfg = Debug|x64
		{68808357-902B-406C-8C19-E8E26A69DE8A}.Debug|x64.ActiveCfg = Debug|x64
		{68808357-902B-406C-8C19-E8E26A69DE8A}.Debug|x64.Build.0 = Debug|x64
		{68808357-902B-406C-8C19-E8E26A69DE8A}.Debug|x86.ActiveCfg = Debug|x86
		{68808357-902B-406C-8C19-E8E26A69DE8A}.Debug|x86.Build.0 = Debug|x86
		{68808357-902B-406C-8C19-E8E26A69DE8A}.Fuzzing|ARM64.ActiveCfg = Release|x64
		{68808357-902B-406C-8C19-E8E26A69DE8A}.Fuzzing|x64.ActiveCfg = Release|x64
		{68808357-902B-406C-8C19-E8E26A69DE8A}.Fuzzing|x86.ActiveCfg = Release|x86
		{68808357-902B-406C-8C19-E8E26A69DE8A}.Release|ARM64.ActiveCfg = Release|x64
		{68808357-902B-406C-8C19-E8E26A69DE8A}.Release|x64.ActiveCfg = Release|x64
		{68808357-902B-406C-8C19-E8E26A69DE8A}.Release|x64.Build.0 = Release|x64
		{68808357-902B-406C-8C19-E8E26A69DE8A}.Release|x86.ActiveCfg = Release|x86
		{68808357-902B-406C-8C19-E8E26A69DE8A}.Release|x86.Build.0 = Release|x86
		{68808357-902B-406C-8C19-E8E26A69DE8A}.ReleaseStatic|ARM64.ActiveCfg = Release|x64
		{68808357-902B-406C-8C19-E8E26A69DE8A}.ReleaseStatic|x64.ActiveCfg = Release|x64
		{68808357-902B-406C-8C19-E8E26A69DE8A}.ReleaseStatic|x86.ActiveCfg = Release|x86
		{2046B5AF-666D-4CE8-8D3E-C32C57908A56}.Debug|ARM64.ActiveCfg = Debug|ARM64
		{2046B5AF-666D-4CE8-8D3E-C32C57908A56}.Debug|ARM64.Build.0 = Debug|ARM64
		{2046B5AF-666D-4CE8-8D3E-C32C57908A56}.Debug|x64.ActiveCfg = Debug|x64
		{2046B5AF-666D-4CE8-8D3E-C32C57908A56}.Debug|x64.Build.0 = Debug|x64
		{2046B5AF-666D-4CE8-8D3E-C32C57908A56}.Debug|x86.ActiveCfg = Debug|Win32
		{2046B5AF-666D-4CE8-8D3E-C32C57908A56}.Debug|x86.Build.0 = Debug|Win32
		{2046B5AF-666D-4CE8-8D3E-C32C57908A56}.Fuzzing|ARM64.ActiveCfg = Release|ARM64
		{2046B5AF-666D-4CE8-8D3E-C32C57908A56}.Fuzzing|x64.ActiveCfg = Release|x64
		{2046B5AF-666D-4CE8-8D3E-C32C57908A56}.Fuzzing|x86.ActiveCfg = Release|Win32
		{2046B5AF-666D-4CE8-8D3E-C32C57908A56}.Release|ARM64.ActiveCfg = Release|ARM64
		{2046B5AF-666D-4CE8-8D3E-C32C57908A56}.Release|ARM64.Build.0 = Release|ARM64
		{2046B5AF-666D-4CE8-8D3E-C32C57908A56}.Release|x64.ActiveCfg = Release|x64
		{2046B5AF-666D-4CE8-8D3E-C32C57908A56}.Release|x64.Build.0 = Release|x64
		{2046B5AF-666D-4CE8-8D3E-C32C57908A56}.Release|x86.ActiveCfg = Release|Win32
		{2046B5AF-666D-4CE8-8D3E-C32C57908A56}.Release|x86.Build.0 = Release|Win32
		{2046B5AF-666D-4CE8-8D3E-C32C57908A56}.ReleaseStatic|ARM64.ActiveCfg = ReleaseStatic|ARM64
		{2046B5AF-666D-4CE8-8D3E-C32C57908A56}.ReleaseStatic|ARM64.Build.0 = ReleaseStatic|ARM64
		{2046B5AF-666D-4CE8-8D3E-C32C57908A56}.ReleaseStatic|x64.ActiveCfg = ReleaseStatic|x64
		{2046B5AF-666D-4CE8-8D3E-C32C57908A56}.ReleaseStatic|x64.Build.0 = ReleaseStatic|x64
		{2046B5AF-666D-4CE8-8D3E-C32C57908A56}.ReleaseStatic|x86.ActiveCfg = ReleaseStatic|Win32
		{2046B5AF-666D-4CE8-8D3E-C32C57908A56}.ReleaseStatic|x86.Build.0 = ReleaseStatic|Win32
		{9AC3C6A4-1875-4D3E-BF9C-C31E81EFF6B4}.Debug|ARM64.ActiveCfg = Debug|ARM64
		{9AC3C6A4-1875-4D3E-BF9C-C31E81EFF6B4}.Debug|ARM64.Build.0 = Debug|ARM64
		{9AC3C6A4-1875-4D3E-BF9C-C31E81EFF6B4}.Debug|x64.ActiveCfg = Debug|x64
		{9AC3C6A4-1875-4D3E-BF9C-C31E81EFF6B4}.Debug|x64.Build.0 = Debug|x64
		{9AC3C6A4-1875-4D3E-BF9C-C31E81EFF6B4}.Debug|x86.ActiveCfg = Debug|Win32
		{9AC3C6A4-1875-4D3E-BF9C-C31E81EFF6B4}.Debug|x86.Build.0 = Debug|Win32
		{9AC3C6A4-1875-4D3E-BF9C-C31E81EFF6B4}.Fuzzing|ARM64.ActiveCfg = Release|ARM64
		{9AC3C6A4-1875-4D3E-BF9C-C31E81EFF6B4}.Fuzzing|x64.ActiveCfg = Release|x64
		{9AC3C6A4-1875-4D3E-BF9C-C31E81EFF6B4}.Fuzzing|x86.ActiveCfg = Release|Win32
		{9AC3C6A4-1875-4D3E-BF9C-C31E81EFF6B4}.Release|ARM64.ActiveCfg = Release|ARM64
		{9AC3C6A4-1875-4D3E-BF9C-C31E81EFF6B4}.Release|x64.ActiveCfg = Release|x64
		{9AC3C6A4-1875-4D3E-BF9C-C31E81EFF6B4}.Release|x64.Build.0 = Release|x64
		{9AC3C6A4-1875-4D3E-BF9C-C31E81EFF6B4}.Release|x86.ActiveCfg = Release|Win32
		{9AC3C6A4-1875-4D3E-BF9C-C31E81EFF6B4}.Release|x86.Build.0 = Release|Win32
		{9AC3C6A4-1875-4D3E-BF9C-C31E81EFF6B4}.ReleaseStatic|ARM64.ActiveCfg = ReleaseStatic|ARM64
		{9AC3C6A4-1875-4D3E-BF9C-C31E81EFF6B4}.ReleaseStatic|ARM64.Build.0 = ReleaseStatic|ARM64
		{9AC3C6A4-1875-4D3E-BF9C-C31E81EFF6B4}.ReleaseStatic|x64.ActiveCfg = ReleaseStatic|x64
		{9AC3C6A4-1875-4D3E-BF9C-C31E81EFF6B4}.ReleaseStatic|x64.Build.0 = ReleaseStatic|x64
		{9AC3C6A4-1875-4D3E-BF9C-C31E81EFF6B4}.ReleaseStatic|x86.ActiveCfg = ReleaseStatic|Win32
		{9AC3C6A4-1875-4D3E-BF9C-C31E81EFF6B4}.ReleaseStatic|x86.Build.0 = ReleaseStatic|Win32
		{463C0EF3-DF38-4C3D-8E7E-D4901E0CDC6C}.Debug|ARM64.ActiveCfg = Debug|Any CPU
		{463C0EF3-DF38-4C3D-8E7E-D4901E0CDC6C}.Debug|ARM64.Build.0 = Debug|Any CPU
		{463C0EF3-DF38-4C3D-8E7E-D4901E0CDC6C}.Debug|x64.ActiveCfg = Debug|Any CPU
		{463C0EF3-DF38-4C3D-8E7E-D4901E0CDC6C}.Debug|x64.Build.0 = Debug|Any CPU
		{463C0EF3-DF38-4C3D-8E7E-D4901E0CDC6C}.Debug|x86.ActiveCfg = Debug|Any CPU
		{463C0EF3-DF38-4C3D-8E7E-D4901E0CDC6C}.Debug|x86.Build.0 = Debug|Any CPU
		{463C0EF3-DF38-4C3D-8E7E-D4901E0CDC6C}.Fuzzing|ARM64.ActiveCfg = Release|Any CPU
		{463C0EF3-DF38-4C3D-8E7E-D4901E0CDC6C}.Fuzzing|x64.ActiveCfg = Release|Any CPU
		{463C0EF3-DF38-4C3D-8E7E-D4901E0CDC6C}.Fuzzing|x86.ActiveCfg = Release|Any CPU
		{463C0EF3-DF38-4C3D-8E7E-D4901E0CDC6C}.Release|ARM64.ActiveCfg = Release|Any CPU
		{463C0EF3-DF38-4C3D-8E7E-D4901E0CDC6C}.Release|ARM64.Build.0 = Release|Any CPU
		{463C0EF3-DF38-4C3D-8E7E-D4901E0CDC6C}.Release|x64.ActiveCfg = Release|Any CPU
		{463C0EF3-DF38-4C3D-8E7E-D4901E0CDC6C}.Release|x64.Build.0 = Release|Any CPU
		{463C0EF3-DF38-4C3D-8E7E-D4901E0CDC6C}.Release|x86.ActiveCfg = Release|Any CPU
		{463C0EF3-DF38-4C3D-8E7E-D4901E0CDC6C}.Release|x86.Build.0 = Release|Any CPU
		{463C0EF3-DF38-4C3D-8E7E-D4901E0CDC6C}.ReleaseStatic|ARM64.ActiveCfg = ReleaseStatic|Any CPU
		{463C0EF3-DF38-4C3D-8E7E-D4901E0CDC6C}.ReleaseStatic|x64.ActiveCfg = ReleaseStatic|Any CPU
		{463C0EF3-DF38-4C3D-8E7E-D4901E0CDC6C}.ReleaseStatic|x64.Build.0 = ReleaseStatic|Any CPU
		{463C0EF3-DF38-4C3D-8E7E-D4901E0CDC6C}.ReleaseStatic|x86.ActiveCfg = ReleaseStatic|Any CPU
		{463C0EF3-DF38-4C3D-8E7E-D4901E0CDC6C}.ReleaseStatic|x86.Build.0 = ReleaseStatic|Any CPU
		{0B104762-5CD8-47EE-A904-71C1C3F84DCD}.Debug|ARM64.ActiveCfg = Debug|arm64
		{0B104762-5CD8-47EE-A904-71C1C3F84DCD}.Debug|x64.ActiveCfg = Debug|x64
		{0B104762-5CD8-47EE-A904-71C1C3F84DCD}.Debug|x64.Build.0 = Debug|x64
		{0B104762-5CD8-47EE-A904-71C1C3F84DCD}.Debug|x86.ActiveCfg = Debug|x86
		{0B104762-5CD8-47EE-A904-71C1C3F84DCD}.Debug|x86.Build.0 = Debug|x86
		{0B104762-5CD8-47EE-A904-71C1C3F84DCD}.Fuzzing|ARM64.ActiveCfg = Release|arm64
		{0B104762-5CD8-47EE-A904-71C1C3F84DCD}.Fuzzing|x64.ActiveCfg = Release|x64
		{0B104762-5CD8-47EE-A904-71C1C3F84DCD}.Fuzzing|x86.ActiveCfg = Release|x86
		{0B104762-5CD8-47EE-A904-71C1C3F84DCD}.Release|ARM64.ActiveCfg = Release|arm64
		{0B104762-5CD8-47EE-A904-71C1C3F84DCD}.Release|x64.ActiveCfg = Release|x64
		{0B104762-5CD8-47EE-A904-71C1C3F84DCD}.Release|x64.Build.0 = Release|x64
		{0B104762-5CD8-47EE-A904-71C1C3F84DCD}.Release|x86.ActiveCfg = Release|x86
		{0B104762-5CD8-47EE-A904-71C1C3F84DCD}.Release|x86.Build.0 = Release|x86
		{0B104762-5CD8-47EE-A904-71C1C3F84DCD}.ReleaseStatic|ARM64.ActiveCfg = ReleaseStatic|arm64
		{0B104762-5CD8-47EE-A904-71C1C3F84DCD}.ReleaseStatic|ARM64.Build.0 = ReleaseStatic|arm64
		{0B104762-5CD8-47EE-A904-71C1C3F84DCD}.ReleaseStatic|x64.ActiveCfg = ReleaseStatic|x64
		{0B104762-5CD8-47EE-A904-71C1C3F84DCD}.ReleaseStatic|x64.Build.0 = ReleaseStatic|x64
		{0B104762-5CD8-47EE-A904-71C1C3F84DCD}.ReleaseStatic|x86.ActiveCfg = ReleaseStatic|x86
		{0B104762-5CD8-47EE-A904-71C1C3F84DCD}.ReleaseStatic|x86.Build.0 = ReleaseStatic|x86
		{31ED69A8-5310-45A9-953F-56C351D2C3E1}.Debug|ARM64.ActiveCfg = Debug|ARM64
		{31ED69A8-5310-45A9-953F-56C351D2C3E1}.Debug|ARM64.Build.0 = Debug|ARM64
		{31ED69A8-5310-45A9-953F-56C351D2C3E1}.Debug|x64.ActiveCfg = Debug|x64
		{31ED69A8-5310-45A9-953F-56C351D2C3E1}.Debug|x64.Build.0 = Debug|x64
		{31ED69A8-5310-45A9-953F-56C351D2C3E1}.Debug|x86.ActiveCfg = Debug|Win32
		{31ED69A8-5310-45A9-953F-56C351D2C3E1}.Debug|x86.Build.0 = Debug|Win32
		{31ED69A8-5310-45A9-953F-56C351D2C3E1}.Fuzzing|ARM64.ActiveCfg = Release|ARM64
		{31ED69A8-5310-45A9-953F-56C351D2C3E1}.Fuzzing|x64.ActiveCfg = Release|x64
		{31ED69A8-5310-45A9-953F-56C351D2C3E1}.Fuzzing|x86.ActiveCfg = Release|Win32
		{31ED69A8-5310-45A9-953F-56C351D2C3E1}.Release|ARM64.ActiveCfg = Release|ARM64
		{31ED69A8-5310-45A9-953F-56C351D2C3E1}.Release|ARM64.Build.0 = Release|ARM64
		{31ED69A8-5310-45A9-953F-56C351D2C3E1}.Release|x64.ActiveCfg = Release|x64
		{31ED69A8-5310-45A9-953F-56C351D2C3E1}.Release|x64.Build.0 = Release|x64
		{31ED69A8-5310-45A9-953F-56C351D2C3E1}.Release|x86.ActiveCfg = Release|Win32
		{31ED69A8-5310-45A9-953F-56C351D2C3E1}.Release|x86.Build.0 = Release|Win32
		{31ED69A8-5310-45A9-953F-56C351D2C3E1}.ReleaseStatic|ARM64.ActiveCfg = ReleaseStatic|ARM64
		{31ED69A8-5310-45A9-953F-56C351D2C3E1}.ReleaseStatic|ARM64.Build.0 = ReleaseStatic|ARM64
		{31ED69A8-5310-45A9-953F-56C351D2C3E1}.ReleaseStatic|x64.ActiveCfg = ReleaseStatic|x64
		{31ED69A8-5310-45A9-953F-56C351D2C3E1}.ReleaseStatic|x64.Build.0 = ReleaseStatic|x64
		{31ED69A8-5310-45A9-953F-56C351D2C3E1}.ReleaseStatic|x86.ActiveCfg = ReleaseStatic|Win32
		{31ED69A8-5310-45A9-953F-56C351D2C3E1}.ReleaseStatic|x86.Build.0 = ReleaseStatic|Win32
		{F3F6E699-BC5D-4950-8A05-E49DD9EB0D51}.Debug|ARM64.ActiveCfg = Debug|ARM64
		{F3F6E699-BC5D-4950-8A05-E49DD9EB0D51}.Debug|ARM64.Build.0 = Debug|ARM64
		{F3F6E699-BC5D-4950-8A05-E49DD9EB0D51}.Debug|x64.ActiveCfg = Debug|x64
		{F3F6E699-BC5D-4950-8A05-E49DD9EB0D51}.Debug|x64.Build.0 = Debug|x64
		{F3F6E699-BC5D-4950-8A05-E49DD9EB0D51}.Debug|x86.ActiveCfg = Debug|Win32
		{F3F6E699-BC5D-4950-8A05-E49DD9EB0D51}.Debug|x86.Build.0 = Debug|Win32
		{F3F6E699-BC5D-4950-8A05-E49DD9EB0D51}.Fuzzing|ARM64.ActiveCfg = Fuzzing|x64
		{F3F6E699-BC5D-4950-8A05-E49DD9EB0D51}.Fuzzing|x64.ActiveCfg = Fuzzing|x64
		{F3F6E699-BC5D-4950-8A05-E49DD9EB0D51}.Fuzzing|x64.Build.0 = Fuzzing|x64
		{F3F6E699-BC5D-4950-8A05-E49DD9EB0D51}.Fuzzing|x86.ActiveCfg = Fuzzing|Win32
		{F3F6E699-BC5D-4950-8A05-E49DD9EB0D51}.Fuzzing|x86.Build.0 = Fuzzing|Win32
		{F3F6E699-BC5D-4950-8A05-E49DD9EB0D51}.Release|ARM64.ActiveCfg = Release|ARM64
		{F3F6E699-BC5D-4950-8A05-E49DD9EB0D51}.Release|ARM64.Build.0 = Release|ARM64
		{F3F6E699-BC5D-4950-8A05-E49DD9EB0D51}.Release|x64.ActiveCfg = Release|x64
		{F3F6E699-BC5D-4950-8A05-E49DD9EB0D51}.Release|x64.Build.0 = Release|x64
		{F3F6E699-BC5D-4950-8A05-E49DD9EB0D51}.Release|x86.ActiveCfg = Release|Win32
		{F3F6E699-BC5D-4950-8A05-E49DD9EB0D51}.Release|x86.Build.0 = Release|Win32
		{F3F6E699-BC5D-4950-8A05-E49DD9EB0D51}.ReleaseStatic|ARM64.ActiveCfg = ReleaseStatic|ARM64
		{F3F6E699-BC5D-4950-8A05-E49DD9EB0D51}.ReleaseStatic|ARM64.Build.0 = ReleaseStatic|ARM64
		{F3F6E699-BC5D-4950-8A05-E49DD9EB0D51}.ReleaseStatic|x64.ActiveCfg = ReleaseStatic|x64
		{F3F6E699-BC5D-4950-8A05-E49DD9EB0D51}.ReleaseStatic|x64.Build.0 = ReleaseStatic|x64
		{F3F6E699-BC5D-4950-8A05-E49DD9EB0D51}.ReleaseStatic|x86.ActiveCfg = ReleaseStatic|Win32
		{F3F6E699-BC5D-4950-8A05-E49DD9EB0D51}.ReleaseStatic|x86.Build.0 = ReleaseStatic|Win32
		{CA460806-5E41-4E97-9A3D-1D74B433B663}.Debug|ARM64.ActiveCfg = Debug|ARM64
		{CA460806-5E41-4E97-9A3D-1D74B433B663}.Debug|ARM64.Build.0 = Debug|ARM64
		{CA460806-5E41-4E97-9A3D-1D74B433B663}.Debug|x64.ActiveCfg = Debug|x64
		{CA460806-5E41-4E97-9A3D-1D74B433B663}.Debug|x64.Build.0 = Debug|x64
		{CA460806-5E41-4E97-9A3D-1D74B433B663}.Debug|x86.ActiveCfg = Debug|Win32
		{CA460806-5E41-4E97-9A3D-1D74B433B663}.Debug|x86.Build.0 = Debug|Win32
		{CA460806-5E41-4E97-9A3D-1D74B433B663}.Fuzzing|ARM64.ActiveCfg = Release|ARM64
		{CA460806-5E41-4E97-9A3D-1D74B433B663}.Fuzzing|x64.ActiveCfg = Release|x64
		{CA460806-5E41-4E97-9A3D-1D74B433B663}.Fuzzing|x86.ActiveCfg = Release|Win32
		{CA460806-5E41-4E97-9A3D-1D74B433B663}.Release|ARM64.ActiveCfg = Release|ARM64
		{CA460806-5E41-4E97-9A3D-1D74B433B663}.Release|ARM64.Build.0 = Release|ARM64
		{CA460806-5E41-4E97-9A3D-1D74B433B663}.Release|x64.ActiveCfg = Release|x64
		{CA460806-5E41-4E97-9A3D-1D74B433B663}.Release|x64.Build.0 = Release|x64
		{CA460806-5E41-4E97-9A3D-1D74B433B663}.Release|x86.ActiveCfg = Release|Win32
		{CA460806-5E41-4E97-9A3D-1D74B433B663}.Release|x86.Build.0 = Release|Win32
		{CA460806-5E41-4E97-9A3D-1D74B433B663}.ReleaseStatic|ARM64.ActiveCfg = ReleaseStatic|ARM64
		{CA460806-5E41-4E97-9A3D-1D74B433B663}.ReleaseStatic|ARM64.Build.0 = ReleaseStatic|ARM64
		{CA460806-5E41-4E97-9A3D-1D74B433B663}.ReleaseStatic|x64.ActiveCfg = ReleaseStatic|x64
		{CA460806-5E41-4E97-9A3D-1D74B433B663}.ReleaseStatic|x64.Build.0 = ReleaseStatic|x64
		{CA460806-5E41-4E97-9A3D-1D74B433B663}.ReleaseStatic|x86.ActiveCfg = ReleaseStatic|Win32
		{CA460806-5E41-4E97-9A3D-1D74B433B663}.ReleaseStatic|x86.Build.0 = ReleaseStatic|Win32
		{E8454BF1-2068-4513-A525-ABF55CC8742C}.Debug|ARM64.ActiveCfg = Debug|Any CPU
		{E8454BF1-2068-4513-A525-ABF55CC8742C}.Debug|ARM64.Build.0 = Debug|Any CPU
		{E8454BF1-2068-4513-A525-ABF55CC8742C}.Debug|x64.ActiveCfg = Debug|Any CPU
		{E8454BF1-2068-4513-A525-ABF55CC8742C}.Debug|x64.Build.0 = Debug|Any CPU
		{E8454BF1-2068-4513-A525-ABF55CC8742C}.Debug|x86.ActiveCfg = Debug|Any CPU
		{E8454BF1-2068-4513-A525-ABF55CC8742C}.Debug|x86.Build.0 = Debug|Any CPU
		{E8454BF1-2068-4513-A525-ABF55CC8742C}.Fuzzing|ARM64.ActiveCfg = Release|Any CPU
		{E8454BF1-2068-4513-A525-ABF55CC8742C}.Fuzzing|x64.ActiveCfg = Release|Any CPU
		{E8454BF1-2068-4513-A525-ABF55CC8742C}.Fuzzing|x86.ActiveCfg = Release|Any CPU
		{E8454BF1-2068-4513-A525-ABF55CC8742C}.Release|ARM64.ActiveCfg = Release|Any CPU
		{E8454BF1-2068-4513-A525-ABF55CC8742C}.Release|ARM64.Build.0 = Release|Any CPU
		{E8454BF1-2068-4513-A525-ABF55CC8742C}.Release|x64.ActiveCfg = Release|Any CPU
		{E8454BF1-2068-4513-A525-ABF55CC8742C}.Release|x64.Build.0 = Release|Any CPU
		{E8454BF1-2068-4513-A525-ABF55CC8742C}.Release|x86.ActiveCfg = Release|Any CPU
		{E8454BF1-2068-4513-A525-ABF55CC8742C}.Release|x86.Build.0 = Release|Any CPU
		{E8454BF1-2068-4513-A525-ABF55CC8742C}.ReleaseStatic|ARM64.ActiveCfg = ReleaseStatic|Any CPU
		{E8454BF1-2068-4513-A525-ABF55CC8742C}.ReleaseStatic|ARM64.Build.0 = ReleaseStatic|Any CPU
		{E8454BF1-2068-4513-A525-ABF55CC8742C}.ReleaseStatic|x64.ActiveCfg = ReleaseStatic|Any CPU
		{E8454BF1-2068-4513-A525-ABF55CC8742C}.ReleaseStatic|x64.Build.0 = ReleaseStatic|Any CPU
		{E8454BF1-2068-4513-A525-ABF55CC8742C}.ReleaseStatic|x86.ActiveCfg = ReleaseStatic|Any CPU
		{E8454BF1-2068-4513-A525-ABF55CC8742C}.ReleaseStatic|x86.Build.0 = ReleaseStatic|Any CPU
		{EE43C990-7789-4A60-B077-BF0ED3D093A1}.Debug|ARM64.ActiveCfg = Debug|arm64
		{EE43C990-7789-4A60-B077-BF0ED3D093A1}.Debug|ARM64.Build.0 = Debug|arm64
		{EE43C990-7789-4A60-B077-BF0ED3D093A1}.Debug|x64.ActiveCfg = Debug|x64
		{EE43C990-7789-4A60-B077-BF0ED3D093A1}.Debug|x64.Build.0 = Debug|x64
		{EE43C990-7789-4A60-B077-BF0ED3D093A1}.Debug|x86.ActiveCfg = Debug|x86
		{EE43C990-7789-4A60-B077-BF0ED3D093A1}.Debug|x86.Build.0 = Debug|x86
		{EE43C990-7789-4A60-B077-BF0ED3D093A1}.Fuzzing|ARM64.ActiveCfg = Release|arm64
		{EE43C990-7789-4A60-B077-BF0ED3D093A1}.Fuzzing|x64.ActiveCfg = Release|x64
		{EE43C990-7789-4A60-B077-BF0ED3D093A1}.Fuzzing|x86.ActiveCfg = Release|x86
		{EE43C990-7789-4A60-B077-BF0ED3D093A1}.Release|ARM64.ActiveCfg = Release|arm64
		{EE43C990-7789-4A60-B077-BF0ED3D093A1}.Release|ARM64.Build.0 = Release|arm64
		{EE43C990-7789-4A60-B077-BF0ED3D093A1}.Release|x64.ActiveCfg = Release|x64
		{EE43C990-7789-4A60-B077-BF0ED3D093A1}.Release|x64.Build.0 = Release|x64
		{EE43C990-7789-4A60-B077-BF0ED3D093A1}.Release|x86.ActiveCfg = Release|x86
		{EE43C990-7789-4A60-B077-BF0ED3D093A1}.Release|x86.Build.0 = Release|x86
		{EE43C990-7789-4A60-B077-BF0ED3D093A1}.ReleaseStatic|ARM64.ActiveCfg = Release|arm64
		{EE43C990-7789-4A60-B077-BF0ED3D093A1}.ReleaseStatic|x64.ActiveCfg = Release|x64
		{EE43C990-7789-4A60-B077-BF0ED3D093A1}.ReleaseStatic|x86.ActiveCfg = Release|x86
		{71FA29AA-9035-468B-A11D-0F0B0F5D5AF4}.Debug|ARM64.ActiveCfg = Debug|Any CPU
		{71FA29AA-9035-468B-A11D-0F0B0F5D5AF4}.Debug|ARM64.Build.0 = Debug|Any CPU
		{71FA29AA-9035-468B-A11D-0F0B0F5D5AF4}.Debug|x64.ActiveCfg = Debug|Any CPU
		{71FA29AA-9035-468B-A11D-0F0B0F5D5AF4}.Debug|x64.Build.0 = Debug|Any CPU
		{71FA29AA-9035-468B-A11D-0F0B0F5D5AF4}.Debug|x86.ActiveCfg = Debug|Any CPU
		{71FA29AA-9035-468B-A11D-0F0B0F5D5AF4}.Debug|x86.Build.0 = Debug|Any CPU
		{71FA29AA-9035-468B-A11D-0F0B0F5D5AF4}.Fuzzing|ARM64.ActiveCfg = Release|Any CPU
		{71FA29AA-9035-468B-A11D-0F0B0F5D5AF4}.Fuzzing|x64.ActiveCfg = Release|Any CPU
		{71FA29AA-9035-468B-A11D-0F0B0F5D5AF4}.Fuzzing|x86.ActiveCfg = Release|Any CPU
		{71FA29AA-9035-468B-A11D-0F0B0F5D5AF4}.Release|ARM64.ActiveCfg = Release|Any CPU
		{71FA29AA-9035-468B-A11D-0F0B0F5D5AF4}.Release|ARM64.Build.0 = Release|Any CPU
		{71FA29AA-9035-468B-A11D-0F0B0F5D5AF4}.Release|x64.ActiveCfg = Release|Any CPU
		{71FA29AA-9035-468B-A11D-0F0B0F5D5AF4}.Release|x64.Build.0 = Release|Any CPU
		{71FA29AA-9035-468B-A11D-0F0B0F5D5AF4}.Release|x86.ActiveCfg = Release|Any CPU
		{71FA29AA-9035-468B-A11D-0F0B0F5D5AF4}.Release|x86.Build.0 = Release|Any CPU
		{71FA29AA-9035-468B-A11D-0F0B0F5D5AF4}.ReleaseStatic|ARM64.ActiveCfg = ReleaseStatic|Any CPU
		{71FA29AA-9035-468B-A11D-0F0B0F5D5AF4}.ReleaseStatic|ARM64.Build.0 = ReleaseStatic|Any CPU
		{71FA29AA-9035-468B-A11D-0F0B0F5D5AF4}.ReleaseStatic|x64.ActiveCfg = ReleaseStatic|Any CPU
		{71FA29AA-9035-468B-A11D-0F0B0F5D5AF4}.ReleaseStatic|x64.Build.0 = ReleaseStatic|Any CPU
		{71FA29AA-9035-468B-A11D-0F0B0F5D5AF4}.ReleaseStatic|x86.ActiveCfg = ReleaseStatic|Any CPU
		{71FA29AA-9035-468B-A11D-0F0B0F5D5AF4}.ReleaseStatic|x86.Build.0 = ReleaseStatic|Any CPU
		{6597EB04-D105-49A7-A5A3-D27FE1DF895E}.Debug|ARM64.ActiveCfg = Debug|arm64
		{6597EB04-D105-49A7-A5A3-D27FE1DF895E}.Debug|ARM64.Build.0 = Debug|arm64
		{6597EB04-D105-49A7-A5A3-D27FE1DF895E}.Debug|x64.ActiveCfg = Debug|x64
		{6597EB04-D105-49A7-A5A3-D27FE1DF895E}.Debug|x64.Build.0 = Debug|x64
		{6597EB04-D105-49A7-A5A3-D27FE1DF895E}.Debug|x86.ActiveCfg = Debug|x86
		{6597EB04-D105-49A7-A5A3-D27FE1DF895E}.Debug|x86.Build.0 = Debug|x86
		{6597EB04-D105-49A7-A5A3-D27FE1DF895E}.Fuzzing|ARM64.ActiveCfg = Release|arm64
		{6597EB04-D105-49A7-A5A3-D27FE1DF895E}.Fuzzing|x64.ActiveCfg = Release|x64
		{6597EB04-D105-49A7-A5A3-D27FE1DF895E}.Fuzzing|x86.ActiveCfg = Release|x86
		{6597EB04-D105-49A7-A5A3-D27FE1DF895E}.Release|ARM64.ActiveCfg = Release|arm64
		{6597EB04-D105-49A7-A5A3-D27FE1DF895E}.Release|ARM64.Build.0 = Release|arm64
		{6597EB04-D105-49A7-A5A3-D27FE1DF895E}.Release|x64.ActiveCfg = Release|x64
		{6597EB04-D105-49A7-A5A3-D27FE1DF895E}.Release|x64.Build.0 = Release|x64
		{6597EB04-D105-49A7-A5A3-D27FE1DF895E}.Release|x86.ActiveCfg = Release|x86
		{6597EB04-D105-49A7-A5A3-D27FE1DF895E}.Release|x86.Build.0 = Release|x86
		{6597EB04-D105-49A7-A5A3-D27FE1DF895E}.ReleaseStatic|ARM64.ActiveCfg = Release|arm64
		{6597EB04-D105-49A7-A5A3-D27FE1DF895E}.ReleaseStatic|x64.ActiveCfg = Release|x64
		{6597EB04-D105-49A7-A5A3-D27FE1DF895E}.ReleaseStatic|x86.ActiveCfg = Release|x86
		{1F56BECB-D65D-4BBA-8788-6671B251392A}.Debug|ARM64.ActiveCfg = Debug|Any CPU
		{1F56BECB-D65D-4BBA-8788-6671B251392A}.Debug|ARM64.Build.0 = Debug|Any CPU
		{1F56BECB-D65D-4BBA-8788-6671B251392A}.Debug|x64.ActiveCfg = Debug|Any CPU
		{1F56BECB-D65D-4BBA-8788-6671B251392A}.Debug|x64.Build.0 = Debug|Any CPU
		{1F56BECB-D65D-4BBA-8788-6671B251392A}.Debug|x86.ActiveCfg = Debug|Any CPU
		{1F56BECB-D65D-4BBA-8788-6671B251392A}.Debug|x86.Build.0 = Debug|Any CPU
		{1F56BECB-D65D-4BBA-8788-6671B251392A}.Fuzzing|ARM64.ActiveCfg = Release|Any CPU
		{1F56BECB-D65D-4BBA-8788-6671B251392A}.Fuzzing|x64.ActiveCfg = Release|Any CPU
		{1F56BECB-D65D-4BBA-8788-6671B251392A}.Fuzzing|x86.ActiveCfg = Release|Any CPU
		{1F56BECB-D65D-4BBA-8788-6671B251392A}.Release|ARM64.ActiveCfg = Release|Any CPU
		{1F56BECB-D65D-4BBA-8788-6671B251392A}.Release|ARM64.Build.0 = Release|Any CPU
		{1F56BECB-D65D-4BBA-8788-6671B251392A}.Release|x64.ActiveCfg = Release|Any CPU
		{1F56BECB-D65D-4BBA-8788-6671B251392A}.Release|x64.Build.0 = Release|Any CPU
		{1F56BECB-D65D-4BBA-8788-6671B251392A}.Release|x86.ActiveCfg = Release|Any CPU
		{1F56BECB-D65D-4BBA-8788-6671B251392A}.Release|x86.Build.0 = Release|Any CPU
		{1F56BECB-D65D-4BBA-8788-6671B251392A}.ReleaseStatic|ARM64.ActiveCfg = ReleaseStatic|Any CPU
		{1F56BECB-D65D-4BBA-8788-6671B251392A}.ReleaseStatic|x64.ActiveCfg = ReleaseStatic|Any CPU
		{1F56BECB-D65D-4BBA-8788-6671B251392A}.ReleaseStatic|x64.Build.0 = ReleaseStatic|Any CPU
		{1F56BECB-D65D-4BBA-8788-6671B251392A}.ReleaseStatic|x86.ActiveCfg = ReleaseStatic|Any CPU
		{1F56BECB-D65D-4BBA-8788-6671B251392A}.ReleaseStatic|x86.Build.0 = ReleaseStatic|Any CPU
		{167F634B-A3AD-494E-8E67-B888103E35FF}.Debug|ARM64.ActiveCfg = Debug|Any CPU
		{167F634B-A3AD-494E-8E67-B888103E35FF}.Debug|ARM64.Build.0 = Debug|Any CPU
		{167F634B-A3AD-494E-8E67-B888103E35FF}.Debug|x64.ActiveCfg = Debug|Any CPU
		{167F634B-A3AD-494E-8E67-B888103E35FF}.Debug|x64.Build.0 = Debug|Any CPU
		{167F634B-A3AD-494E-8E67-B888103E35FF}.Debug|x86.ActiveCfg = Debug|Any CPU
		{167F634B-A3AD-494E-8E67-B888103E35FF}.Debug|x86.Build.0 = Debug|Any CPU
		{167F634B-A3AD-494E-8E67-B888103E35FF}.Fuzzing|ARM64.ActiveCfg = Release|Any CPU
		{167F634B-A3AD-494E-8E67-B888103E35FF}.Fuzzing|x64.ActiveCfg = Release|Any CPU
		{167F634B-A3AD-494E-8E67-B888103E35FF}.Fuzzing|x86.ActiveCfg = Release|Any CPU
		{167F634B-A3AD-494E-8E67-B888103E35FF}.Release|ARM64.ActiveCfg = Release|Any CPU
		{167F634B-A3AD-494E-8E67-B888103E35FF}.Release|ARM64.Build.0 = Release|Any CPU
		{167F634B-A3AD-494E-8E67-B888103E35FF}.Release|x64.ActiveCfg = Release|Any CPU
		{167F634B-A3AD-494E-8E67-B888103E35FF}.Release|x64.Build.0 = Release|Any CPU
		{167F634B-A3AD-494E-8E67-B888103E35FF}.Release|x86.ActiveCfg = Release|Any CPU
		{167F634B-A3AD-494E-8E67-B888103E35FF}.Release|x86.Build.0 = Release|Any CPU
		{167F634B-A3AD-494E-8E67-B888103E35FF}.ReleaseStatic|ARM64.ActiveCfg = ReleaseStatic|Any CPU
		{167F634B-A3AD-494E-8E67-B888103E35FF}.ReleaseStatic|x64.ActiveCfg = ReleaseStatic|Any CPU
		{167F634B-A3AD-494E-8E67-B888103E35FF}.ReleaseStatic|x64.Build.0 = ReleaseStatic|Any CPU
		{167F634B-A3AD-494E-8E67-B888103E35FF}.ReleaseStatic|x86.ActiveCfg = ReleaseStatic|Any CPU
		{167F634B-A3AD-494E-8E67-B888103E35FF}.ReleaseStatic|x86.Build.0 = ReleaseStatic|Any CPU
		{C54F80ED-B736-49B0-9BD3-662F57024D01}.Debug|ARM64.ActiveCfg = Debug|Any CPU
		{C54F80ED-B736-49B0-9BD3-662F57024D01}.Debug|ARM64.Build.0 = Debug|Any CPU
		{C54F80ED-B736-49B0-9BD3-662F57024D01}.Debug|x64.ActiveCfg = Debug|Any CPU
		{C54F80ED-B736-49B0-9BD3-662F57024D01}.Debug|x64.Build.0 = Debug|Any CPU
		{C54F80ED-B736-49B0-9BD3-662F57024D01}.Debug|x86.ActiveCfg = Debug|Any CPU
		{C54F80ED-B736-49B0-9BD3-662F57024D01}.Debug|x86.Build.0 = Debug|Any CPU
		{C54F80ED-B736-49B0-9BD3-662F57024D01}.Fuzzing|ARM64.ActiveCfg = Release|Any CPU
		{C54F80ED-B736-49B0-9BD3-662F57024D01}.Fuzzing|x64.ActiveCfg = Release|Any CPU
		{C54F80ED-B736-49B0-9BD3-662F57024D01}.Fuzzing|x86.ActiveCfg = Release|Any CPU
		{C54F80ED-B736-49B0-9BD3-662F57024D01}.Release|ARM64.ActiveCfg = Release|Any CPU
		{C54F80ED-B736-49B0-9BD3-662F57024D01}.Release|ARM64.Build.0 = Release|Any CPU
		{C54F80ED-B736-49B0-9BD3-662F57024D01}.Release|x64.ActiveCfg = Release|Any CPU
		{C54F80ED-B736-49B0-9BD3-662F57024D01}.Release|x64.Build.0 = Release|Any CPU
		{C54F80ED-B736-49B0-9BD3-662F57024D01}.Release|x86.ActiveCfg = Release|Any CPU
		{C54F80ED-B736-49B0-9BD3-662F57024D01}.Release|x86.Build.0 = Release|Any CPU
		{C54F80ED-B736-49B0-9BD3-662F57024D01}.ReleaseStatic|ARM64.ActiveCfg = ReleaseStatic|Any CPU
		{C54F80ED-B736-49B0-9BD3-662F57024D01}.ReleaseStatic|x64.ActiveCfg = ReleaseStatic|Any CPU
		{C54F80ED-B736-49B0-9BD3-662F57024D01}.ReleaseStatic|x64.Build.0 = ReleaseStatic|Any CPU
		{C54F80ED-B736-49B0-9BD3-662F57024D01}.ReleaseStatic|x86.ActiveCfg = ReleaseStatic|Any CPU
		{C54F80ED-B736-49B0-9BD3-662F57024D01}.ReleaseStatic|x86.Build.0 = ReleaseStatic|Any CPU
		{2268D5AD-7F2A-485A-8C4B-C574497514C9}.Debug|ARM64.ActiveCfg = Debug|ARM64
		{2268D5AD-7F2A-485A-8C4B-C574497514C9}.Debug|ARM64.Build.0 = Debug|ARM64
		{2268D5AD-7F2A-485A-8C4B-C574497514C9}.Debug|x64.ActiveCfg = Debug|x64
		{2268D5AD-7F2A-485A-8C4B-C574497514C9}.Debug|x64.Build.0 = Debug|x64
		{2268D5AD-7F2A-485A-8C4B-C574497514C9}.Debug|x86.ActiveCfg = Debug|Win32
		{2268D5AD-7F2A-485A-8C4B-C574497514C9}.Debug|x86.Build.0 = Debug|Win32
		{2268D5AD-7F2A-485A-8C4B-C574497514C9}.Fuzzing|ARM64.ActiveCfg = Release|ARM64
		{2268D5AD-7F2A-485A-8C4B-C574497514C9}.Fuzzing|x64.ActiveCfg = Release|x64
		{2268D5AD-7F2A-485A-8C4B-C574497514C9}.Fuzzing|x86.ActiveCfg = Release|Win32
		{2268D5AD-7F2A-485A-8C4B-C574497514C9}.Release|ARM64.ActiveCfg = Release|ARM64
		{2268D5AD-7F2A-485A-8C4B-C574497514C9}.Release|ARM64.Build.0 = Release|ARM64
		{2268D5AD-7F2A-485A-8C4B-C574497514C9}.Release|x64.ActiveCfg = Release|x64
		{2268D5AD-7F2A-485A-8C4B-C574497514C9}.Release|x64.Build.0 = Release|x64
		{2268D5AD-7F2A-485A-8C4B-C574497514C9}.Release|x86.ActiveCfg = Release|Win32
		{2268D5AD-7F2A-485A-8C4B-C574497514C9}.Release|x86.Build.0 = Release|Win32
		{2268D5AD-7F2A-485A-8C4B-C574497514C9}.ReleaseStatic|ARM64.ActiveCfg = ReleaseStatic|ARM64
		{2268D5AD-7F2A-485A-8C4B-C574497514C9}.ReleaseStatic|ARM64.Build.0 = ReleaseStatic|ARM64
		{2268D5AD-7F2A-485A-8C4B-C574497514C9}.ReleaseStatic|x64.ActiveCfg = ReleaseStatic|x64
		{2268D5AD-7F2A-485A-8C4B-C574497514C9}.ReleaseStatic|x64.Build.0 = ReleaseStatic|x64
		{2268D5AD-7F2A-485A-8C4B-C574497514C9}.ReleaseStatic|x86.ActiveCfg = ReleaseStatic|Win32
		{2268D5AD-7F2A-485A-8C4B-C574497514C9}.ReleaseStatic|x86.Build.0 = ReleaseStatic|Win32
		{52EC37D6-088C-40D3-AD0B-BDE8F8DAF9EB}.Debug|ARM64.ActiveCfg = Debug|Any CPU
		{52EC37D6-088C-40D3-AD0B-BDE8F8DAF9EB}.Debug|ARM64.Build.0 = Debug|Any CPU
		{52EC37D6-088C-40D3-AD0B-BDE8F8DAF9EB}.Debug|x64.ActiveCfg = Debug|Any CPU
		{52EC37D6-088C-40D3-AD0B-BDE8F8DAF9EB}.Debug|x64.Build.0 = Debug|Any CPU
		{52EC37D6-088C-40D3-AD0B-BDE8F8DAF9EB}.Debug|x86.ActiveCfg = Debug|Any CPU
		{52EC37D6-088C-40D3-AD0B-BDE8F8DAF9EB}.Debug|x86.Build.0 = Debug|Any CPU
		{52EC37D6-088C-40D3-AD0B-BDE8F8DAF9EB}.Fuzzing|ARM64.ActiveCfg = Release|Any CPU
		{52EC37D6-088C-40D3-AD0B-BDE8F8DAF9EB}.Fuzzing|x64.ActiveCfg = Release|Any CPU
		{52EC37D6-088C-40D3-AD0B-BDE8F8DAF9EB}.Fuzzing|x86.ActiveCfg = Release|Any CPU
		{52EC37D6-088C-40D3-AD0B-BDE8F8DAF9EB}.Release|ARM64.ActiveCfg = Release|Any CPU
		{52EC37D6-088C-40D3-AD0B-BDE8F8DAF9EB}.Release|ARM64.Build.0 = Release|Any CPU
		{52EC37D6-088C-40D3-AD0B-BDE8F8DAF9EB}.Release|x64.ActiveCfg = Release|Any CPU
		{52EC37D6-088C-40D3-AD0B-BDE8F8DAF9EB}.Release|x64.Build.0 = Release|Any CPU
		{52EC37D6-088C-40D3-AD0B-BDE8F8DAF9EB}.Release|x86.ActiveCfg = Release|Any CPU
		{52EC37D6-088C-40D3-AD0B-BDE8F8DAF9EB}.Release|x86.Build.0 = Release|Any CPU
		{52EC37D6-088C-40D3-AD0B-BDE8F8DAF9EB}.ReleaseStatic|ARM64.ActiveCfg = Release|Any CPU
		{52EC37D6-088C-40D3-AD0B-BDE8F8DAF9EB}.ReleaseStatic|x64.ActiveCfg = Release|Any CPU
		{52EC37D6-088C-40D3-AD0B-BDE8F8DAF9EB}.ReleaseStatic|x86.ActiveCfg = Release|Any CPU
		{272B2B0E-40D4-4F0F-B187-519A6EF89B10}.Debug|ARM64.ActiveCfg = Debug|Any CPU
		{272B2B0E-40D4-4F0F-B187-519A6EF89B10}.Debug|ARM64.Build.0 = Debug|Any CPU
		{272B2B0E-40D4-4F0F-B187-519A6EF89B10}.Debug|x64.ActiveCfg = Debug|Any CPU
		{272B2B0E-40D4-4F0F-B187-519A6EF89B10}.Debug|x64.Build.0 = Debug|Any CPU
		{272B2B0E-40D4-4F0F-B187-519A6EF89B10}.Debug|x86.ActiveCfg = Debug|Any CPU
		{272B2B0E-40D4-4F0F-B187-519A6EF89B10}.Debug|x86.Build.0 = Debug|Any CPU
		{272B2B0E-40D4-4F0F-B187-519A6EF89B10}.Fuzzing|ARM64.ActiveCfg = Release|Any CPU
		{272B2B0E-40D4-4F0F-B187-519A6EF89B10}.Fuzzing|x64.ActiveCfg = Release|Any CPU
		{272B2B0E-40D4-4F0F-B187-519A6EF89B10}.Fuzzing|x86.ActiveCfg = Release|Any CPU
		{272B2B0E-40D4-4F0F-B187-519A6EF89B10}.Release|ARM64.ActiveCfg = Release|Any CPU
		{272B2B0E-40D4-4F0F-B187-519A6EF89B10}.Release|ARM64.Build.0 = Release|Any CPU
		{272B2B0E-40D4-4F0F-B187-519A6EF89B10}.Release|x64.ActiveCfg = Release|Any CPU
		{272B2B0E-40D4-4F0F-B187-519A6EF89B10}.Release|x64.Build.0 = Release|Any CPU
		{272B2B0E-40D4-4F0F-B187-519A6EF89B10}.Release|x86.ActiveCfg = Release|Any CPU
		{272B2B0E-40D4-4F0F-B187-519A6EF89B10}.Release|x86.Build.0 = Release|Any CPU
		{272B2B0E-40D4-4F0F-B187-519A6EF89B10}.ReleaseStatic|ARM64.ActiveCfg = ReleaseStatic|Any CPU
		{272B2B0E-40D4-4F0F-B187-519A6EF89B10}.ReleaseStatic|ARM64.Build.0 = ReleaseStatic|Any CPU
		{272B2B0E-40D4-4F0F-B187-519A6EF89B10}.ReleaseStatic|x64.ActiveCfg = ReleaseStatic|Any CPU
		{272B2B0E-40D4-4F0F-B187-519A6EF89B10}.ReleaseStatic|x64.Build.0 = ReleaseStatic|Any CPU
		{272B2B0E-40D4-4F0F-B187-519A6EF89B10}.ReleaseStatic|x86.ActiveCfg = ReleaseStatic|Any CPU
		{272B2B0E-40D4-4F0F-B187-519A6EF89B10}.ReleaseStatic|x86.Build.0 = ReleaseStatic|Any CPU
		{1B9077B3-8923-4ECD-8FC9-B3190FCBE4D4}.Debug|ARM64.ActiveCfg = Debug|ARM64
		{1B9077B3-8923-4ECD-8FC9-B3190FCBE4D4}.Debug|ARM64.Build.0 = Debug|ARM64
		{1B9077B3-8923-4ECD-8FC9-B3190FCBE4D4}.Debug|x64.ActiveCfg = Debug|x64
		{1B9077B3-8923-4ECD-8FC9-B3190FCBE4D4}.Debug|x64.Build.0 = Debug|x64
		{1B9077B3-8923-4ECD-8FC9-B3190FCBE4D4}.Debug|x86.ActiveCfg = Debug|Win32
		{1B9077B3-8923-4ECD-8FC9-B3190FCBE4D4}.Debug|x86.Build.0 = Debug|Win32
		{1B9077B3-8923-4ECD-8FC9-B3190FCBE4D4}.Fuzzing|ARM64.ActiveCfg = Release|ARM64
		{1B9077B3-8923-4ECD-8FC9-B3190FCBE4D4}.Fuzzing|x64.ActiveCfg = Release|x64
		{1B9077B3-8923-4ECD-8FC9-B3190FCBE4D4}.Fuzzing|x86.ActiveCfg = Release|Win32
		{1B9077B3-8923-4ECD-8FC9-B3190FCBE4D4}.Release|ARM64.ActiveCfg = Release|ARM64
		{1B9077B3-8923-4ECD-8FC9-B3190FCBE4D4}.Release|ARM64.Build.0 = Release|ARM64
		{1B9077B3-8923-4ECD-8FC9-B3190FCBE4D4}.Release|x64.ActiveCfg = Release|x64
		{1B9077B3-8923-4ECD-8FC9-B3190FCBE4D4}.Release|x64.Build.0 = Release|x64
		{1B9077B3-8923-4ECD-8FC9-B3190FCBE4D4}.Release|x86.ActiveCfg = Release|Win32
		{1B9077B3-8923-4ECD-8FC9-B3190FCBE4D4}.Release|x86.Build.0 = Release|Win32
		{1B9077B3-8923-4ECD-8FC9-B3190FCBE4D4}.ReleaseStatic|ARM64.ActiveCfg = ReleaseStatic|ARM64
		{1B9077B3-8923-4ECD-8FC9-B3190FCBE4D4}.ReleaseStatic|ARM64.Build.0 = ReleaseStatic|ARM64
		{1B9077B3-8923-4ECD-8FC9-B3190FCBE4D4}.ReleaseStatic|x64.ActiveCfg = ReleaseStatic|x64
		{1B9077B3-8923-4ECD-8FC9-B3190FCBE4D4}.ReleaseStatic|x64.Build.0 = ReleaseStatic|x64
		{1B9077B3-8923-4ECD-8FC9-B3190FCBE4D4}.ReleaseStatic|x86.ActiveCfg = ReleaseStatic|Win32
		{1B9077B3-8923-4ECD-8FC9-B3190FCBE4D4}.ReleaseStatic|x86.Build.0 = ReleaseStatic|Win32
		{0BA531C8-CF0C-405B-8221-0FE51BA529D1}.Debug|ARM64.ActiveCfg = Debug|ARM64
		{0BA531C8-CF0C-405B-8221-0FE51BA529D1}.Debug|ARM64.Build.0 = Debug|ARM64
		{0BA531C8-CF0C-405B-8221-0FE51BA529D1}.Debug|x64.ActiveCfg = Debug|x64
		{0BA531C8-CF0C-405B-8221-0FE51BA529D1}.Debug|x64.Build.0 = Debug|x64
		{0BA531C8-CF0C-405B-8221-0FE51BA529D1}.Debug|x86.ActiveCfg = Debug|Win32
		{0BA531C8-CF0C-405B-8221-0FE51BA529D1}.Debug|x86.Build.0 = Debug|Win32
		{0BA531C8-CF0C-405B-8221-0FE51BA529D1}.Fuzzing|ARM64.ActiveCfg = Release|ARM64
		{0BA531C8-CF0C-405B-8221-0FE51BA529D1}.Fuzzing|x64.ActiveCfg = Release|x64
		{0BA531C8-CF0C-405B-8221-0FE51BA529D1}.Fuzzing|x86.ActiveCfg = Release|Win32
		{0BA531C8-CF0C-405B-8221-0FE51BA529D1}.Release|ARM64.ActiveCfg = Release|ARM64
		{0BA531C8-CF0C-405B-8221-0FE51BA529D1}.Release|ARM64.Build.0 = Release|ARM64
		{0BA531C8-CF0C-405B-8221-0FE51BA529D1}.Release|x64.ActiveCfg = Release|x64
		{0BA531C8-CF0C-405B-8221-0FE51BA529D1}.Release|x64.Build.0 = Release|x64
		{0BA531C8-CF0C-405B-8221-0FE51BA529D1}.Release|x86.ActiveCfg = Release|Win32
		{0BA531C8-CF0C-405B-8221-0FE51BA529D1}.Release|x86.Build.0 = Release|Win32
		{0BA531C8-CF0C-405B-8221-0FE51BA529D1}.ReleaseStatic|ARM64.ActiveCfg = ReleaseStatic|ARM64
		{0BA531C8-CF0C-405B-8221-0FE51BA529D1}.ReleaseStatic|ARM64.Build.0 = ReleaseStatic|ARM64
		{0BA531C8-CF0C-405B-8221-0FE51BA529D1}.ReleaseStatic|x64.ActiveCfg = ReleaseStatic|x64
		{0BA531C8-CF0C-405B-8221-0FE51BA529D1}.ReleaseStatic|x64.Build.0 = ReleaseStatic|x64
		{0BA531C8-CF0C-405B-8221-0FE51BA529D1}.ReleaseStatic|x86.ActiveCfg = ReleaseStatic|Win32
		{0BA531C8-CF0C-405B-8221-0FE51BA529D1}.ReleaseStatic|x86.Build.0 = ReleaseStatic|Win32
		{9406322E-6272-487E-902A-9953889719EA}.Debug|ARM64.ActiveCfg = Debug|Any CPU
		{9406322E-6272-487E-902A-9953889719EA}.Debug|ARM64.Build.0 = Debug|Any CPU
		{9406322E-6272-487E-902A-9953889719EA}.Debug|x64.ActiveCfg = Debug|Any CPU
		{9406322E-6272-487E-902A-9953889719EA}.Debug|x64.Build.0 = Debug|Any CPU
		{9406322E-6272-487E-902A-9953889719EA}.Debug|x86.ActiveCfg = Debug|Any CPU
		{9406322E-6272-487E-902A-9953889719EA}.Debug|x86.Build.0 = Debug|Any CPU
		{9406322E-6272-487E-902A-9953889719EA}.Fuzzing|ARM64.ActiveCfg = Debug|Any CPU
		{9406322E-6272-487E-902A-9953889719EA}.Fuzzing|x64.ActiveCfg = Debug|Any CPU
		{9406322E-6272-487E-902A-9953889719EA}.Fuzzing|x86.ActiveCfg = Debug|Any CPU
		{9406322E-6272-487E-902A-9953889719EA}.Release|ARM64.ActiveCfg = Release|Any CPU
		{9406322E-6272-487E-902A-9953889719EA}.Release|ARM64.Build.0 = Release|Any CPU
		{9406322E-6272-487E-902A-9953889719EA}.Release|x64.ActiveCfg = Release|Any CPU
		{9406322E-6272-487E-902A-9953889719EA}.Release|x64.Build.0 = Release|Any CPU
		{9406322E-6272-487E-902A-9953889719EA}.Release|x86.ActiveCfg = Release|Any CPU
		{9406322E-6272-487E-902A-9953889719EA}.Release|x86.Build.0 = Release|Any CPU
		{9406322E-6272-487E-902A-9953889719EA}.ReleaseStatic|ARM64.ActiveCfg = ReleaseStatic|Any CPU
		{9406322E-6272-487E-902A-9953889719EA}.ReleaseStatic|ARM64.Build.0 = ReleaseStatic|Any CPU
		{9406322E-6272-487E-902A-9953889719EA}.ReleaseStatic|x64.ActiveCfg = ReleaseStatic|Any CPU
		{9406322E-6272-487E-902A-9953889719EA}.ReleaseStatic|x64.Build.0 = ReleaseStatic|Any CPU
		{9406322E-6272-487E-902A-9953889719EA}.ReleaseStatic|x86.ActiveCfg = ReleaseStatic|Any CPU
		{9406322E-6272-487E-902A-9953889719EA}.ReleaseStatic|x86.Build.0 = ReleaseStatic|Any CPU
		{7139ED6E-8FBC-0B61-3E3A-AA2A23CC4D6A}.Debug|ARM64.ActiveCfg = Debug|arm64
		{7139ED6E-8FBC-0B61-3E3A-AA2A23CC4D6A}.Debug|ARM64.Build.0 = Debug|arm64
		{7139ED6E-8FBC-0B61-3E3A-AA2A23CC4D6A}.Debug|x64.ActiveCfg = Debug|x64
		{7139ED6E-8FBC-0B61-3E3A-AA2A23CC4D6A}.Debug|x64.Build.0 = Debug|x64
		{7139ED6E-8FBC-0B61-3E3A-AA2A23CC4D6A}.Debug|x86.ActiveCfg = Debug|x86
		{7139ED6E-8FBC-0B61-3E3A-AA2A23CC4D6A}.Debug|x86.Build.0 = Debug|x86
		{7139ED6E-8FBC-0B61-3E3A-AA2A23CC4D6A}.Fuzzing|ARM64.ActiveCfg = Release|arm64
		{7139ED6E-8FBC-0B61-3E3A-AA2A23CC4D6A}.Fuzzing|x64.ActiveCfg = Release|x64
		{7139ED6E-8FBC-0B61-3E3A-AA2A23CC4D6A}.Fuzzing|x86.ActiveCfg = Release|x86
		{7139ED6E-8FBC-0B61-3E3A-AA2A23CC4D6A}.Release|ARM64.ActiveCfg = Release|arm64
		{7139ED6E-8FBC-0B61-3E3A-AA2A23CC4D6A}.Release|ARM64.Build.0 = Release|arm64
		{7139ED6E-8FBC-0B61-3E3A-AA2A23CC4D6A}.Release|x64.ActiveCfg = Release|x64
		{7139ED6E-8FBC-0B61-3E3A-AA2A23CC4D6A}.Release|x64.Build.0 = Release|x64
		{7139ED6E-8FBC-0B61-3E3A-AA2A23CC4D6A}.Release|x86.ActiveCfg = Release|x86
		{7139ED6E-8FBC-0B61-3E3A-AA2A23CC4D6A}.Release|x86.Build.0 = Release|x86
		{7139ED6E-8FBC-0B61-3E3A-AA2A23CC4D6A}.ReleaseStatic|ARM64.ActiveCfg = Release|arm64
		{7139ED6E-8FBC-0B61-3E3A-AA2A23CC4D6A}.ReleaseStatic|x64.ActiveCfg = Release|x64
		{7139ED6E-8FBC-0B61-3E3A-AA2A23CC4D6A}.ReleaseStatic|x86.ActiveCfg = Release|x86
		{33745E4A-39E2-676F-7E23-50FB43848D25}.Debug|ARM64.ActiveCfg = Debug|arm64
		{33745E4A-39E2-676F-7E23-50FB43848D25}.Debug|ARM64.Build.0 = Debug|arm64
		{33745E4A-39E2-676F-7E23-50FB43848D25}.Debug|x64.ActiveCfg = Debug|x64
		{33745E4A-39E2-676F-7E23-50FB43848D25}.Debug|x64.Build.0 = Debug|x64
		{33745E4A-39E2-676F-7E23-50FB43848D25}.Debug|x86.ActiveCfg = Debug|x86
		{33745E4A-39E2-676F-7E23-50FB43848D25}.Debug|x86.Build.0 = Debug|x86
		{33745E4A-39E2-676F-7E23-50FB43848D25}.Fuzzing|ARM64.ActiveCfg = Release|arm64
		{33745E4A-39E2-676F-7E23-50FB43848D25}.Fuzzing|x64.ActiveCfg = Release|x64
		{33745E4A-39E2-676F-7E23-50FB43848D25}.Fuzzing|x86.ActiveCfg = Release|x86
		{33745E4A-39E2-676F-7E23-50FB43848D25}.Release|ARM64.ActiveCfg = Release|arm64
		{33745E4A-39E2-676F-7E23-50FB43848D25}.Release|ARM64.Build.0 = Release|arm64
		{33745E4A-39E2-676F-7E23-50FB43848D25}.Release|x64.ActiveCfg = Release|x64
		{33745E4A-39E2-676F-7E23-50FB43848D25}.Release|x64.Build.0 = Release|x64
		{33745E4A-39E2-676F-7E23-50FB43848D25}.Release|x86.ActiveCfg = Release|x86
		{33745E4A-39E2-676F-7E23-50FB43848D25}.Release|x86.Build.0 = Release|x86
		{33745E4A-39E2-676F-7E23-50FB43848D25}.ReleaseStatic|ARM64.ActiveCfg = Release|arm64
		{33745E4A-39E2-676F-7E23-50FB43848D25}.ReleaseStatic|ARM64.Build.0 = Release|arm64
		{33745E4A-39E2-676F-7E23-50FB43848D25}.ReleaseStatic|x64.ActiveCfg = Release|x64
		{33745E4A-39E2-676F-7E23-50FB43848D25}.ReleaseStatic|x64.Build.0 = Release|x64
		{33745E4A-39E2-676F-7E23-50FB43848D25}.ReleaseStatic|x86.ActiveCfg = Release|x86
		{33745E4A-39E2-676F-7E23-50FB43848D25}.ReleaseStatic|x86.Build.0 = Release|x86
		{E5BCFF58-7D0C-4770-ABB9-AECE1027CD94}.Debug|ARM64.ActiveCfg = Debug|ARM64
		{E5BCFF58-7D0C-4770-ABB9-AECE1027CD94}.Debug|ARM64.Build.0 = Debug|ARM64
		{E5BCFF58-7D0C-4770-ABB9-AECE1027CD94}.Debug|x64.ActiveCfg = Debug|x64
		{E5BCFF58-7D0C-4770-ABB9-AECE1027CD94}.Debug|x64.Build.0 = Debug|x64
		{E5BCFF58-7D0C-4770-ABB9-AECE1027CD94}.Debug|x86.ActiveCfg = Debug|Win32
		{E5BCFF58-7D0C-4770-ABB9-AECE1027CD94}.Debug|x86.Build.0 = Debug|Win32
		{E5BCFF58-7D0C-4770-ABB9-AECE1027CD94}.Fuzzing|ARM64.ActiveCfg = Release|ARM64
		{E5BCFF58-7D0C-4770-ABB9-AECE1027CD94}.Fuzzing|ARM64.Build.0 = Release|ARM64
		{E5BCFF58-7D0C-4770-ABB9-AECE1027CD94}.Fuzzing|x64.ActiveCfg = Release|x64
		{E5BCFF58-7D0C-4770-ABB9-AECE1027CD94}.Fuzzing|x64.Build.0 = Release|x64
		{E5BCFF58-7D0C-4770-ABB9-AECE1027CD94}.Fuzzing|x86.ActiveCfg = Release|Win32
		{E5BCFF58-7D0C-4770-ABB9-AECE1027CD94}.Fuzzing|x86.Build.0 = Release|Win32
		{E5BCFF58-7D0C-4770-ABB9-AECE1027CD94}.Release|ARM64.ActiveCfg = Release|ARM64
		{E5BCFF58-7D0C-4770-ABB9-AECE1027CD94}.Release|ARM64.Build.0 = Release|ARM64
		{E5BCFF58-7D0C-4770-ABB9-AECE1027CD94}.Release|x64.ActiveCfg = Release|x64
		{E5BCFF58-7D0C-4770-ABB9-AECE1027CD94}.Release|x64.Build.0 = Release|x64
		{E5BCFF58-7D0C-4770-ABB9-AECE1027CD94}.Release|x86.ActiveCfg = Release|Win32
		{E5BCFF58-7D0C-4770-ABB9-AECE1027CD94}.Release|x86.Build.0 = Release|Win32
		{E5BCFF58-7D0C-4770-ABB9-AECE1027CD94}.ReleaseStatic|ARM64.ActiveCfg = Release|ARM64
		{E5BCFF58-7D0C-4770-ABB9-AECE1027CD94}.ReleaseStatic|ARM64.Build.0 = Release|ARM64
		{E5BCFF58-7D0C-4770-ABB9-AECE1027CD94}.ReleaseStatic|x64.ActiveCfg = Release|x64
		{E5BCFF58-7D0C-4770-ABB9-AECE1027CD94}.ReleaseStatic|x64.Build.0 = Release|x64
		{E5BCFF58-7D0C-4770-ABB9-AECE1027CD94}.ReleaseStatic|x86.ActiveCfg = Release|Win32
		{E5BCFF58-7D0C-4770-ABB9-AECE1027CD94}.ReleaseStatic|x86.Build.0 = Release|Win32
	EndGlobalSection
	GlobalSection(SolutionProperties) = preSolution
		HideSolutionNode = FALSE
	EndGlobalSection
	GlobalSection(NestedProjects) = preSolution
		{89B1AAB4-2BBC-4B65-9ED7-A01D5CF88230} = {02EA681E-C7D8-13C7-8484-4AC65E1B71E8}
		{6CB84692-5994-407D-B9BD-9216AF77FE83} = {02EA681E-C7D8-13C7-8484-4AC65E1B71E8}
		{6E36DDD7-1602-474E-B1D7-D0A7E1D5AD86} = {8D53D749-D51C-46F8-A162-9371AAA6C2E7}
		{3C0269FA-E582-4CA7-9E33-3881A005CA0C} = {02EA681E-C7D8-13C7-8484-4AC65E1B71E8}
		{3E2CBA31-CEBA-4D63-BF52-49C0718E19EA} = {02EA681E-C7D8-13C7-8484-4AC65E1B71E8}
		{C1624B2F-2BF6-4E28-92FA-1BF85C6B62A8} = {02EA681E-C7D8-13C7-8484-4AC65E1B71E8}
		{3B8466CF-4FDD-4329-9C80-91321C4AAC99} = {EA8CD934-0702-4911-A2C5-A40600E616DE}
		{1622DA16-914F-4F57-A259-D5169003CC8C} = {6D7776A8-42FE-46DD-B0F8-712F35EA0C79}
		{3BAF989F-7F65-465B-ACE8-BAFE42D1017E} = {EA8CD934-0702-4911-A2C5-A40600E616DE}
		{7D05F64D-CE5A-42AA-A2C1-E91458F061CF} = {8D53D749-D51C-46F8-A162-9371AAA6C2E7}
		{952B513F-8A00-4D74-9271-925AFB3C6252} = {8D53D749-D51C-46F8-A162-9371AAA6C2E7}
		{2ACDE176-F13F-42FA-8159-C34FA3D37837} = {8D53D749-D51C-46F8-A162-9371AAA6C2E7}
		{1A47951F-5C7A-4D6D-BB5F-D77484437940} = {8D53D749-D51C-46F8-A162-9371AAA6C2E7}
		{68808357-902B-406C-8C19-E8E26A69DE8A} = {02EA681E-C7D8-13C7-8484-4AC65E1B71E8}
		{409CD681-22A4-469D-88AE-CB5E4836E07A} = {8D53D749-D51C-46F8-A162-9371AAA6C2E7}
		{B0BBBD92-943B-408F-B2B2-DBBAB4A22D23} = {8D53D749-D51C-46F8-A162-9371AAA6C2E7}
		{463C0EF3-DF38-4C3D-8E7E-D4901E0CDC6C} = {7C218A3E-9BC8-48FF-B91B-BCACD828C0C9}
		{31ED69A8-5310-45A9-953F-56C351D2C3E1} = {60618CAC-2995-4DF9-9914-45C6FC02C995}
		{8E43F982-40D5-4DF1-9044-C08047B5F43B} = {8D53D749-D51C-46F8-A162-9371AAA6C2E7}
		{EE43C990-7789-4A60-B077-BF0ED3D093A1} = {02EA681E-C7D8-13C7-8484-4AC65E1B71E8}
		{1F56BECB-D65D-4BBA-8788-6671B251392A} = {7C218A3E-9BC8-48FF-B91B-BCACD828C0C9}
		{167F634B-A3AD-494E-8E67-B888103E35FF} = {7C218A3E-9BC8-48FF-B91B-BCACD828C0C9}
		{C54F80ED-B736-49B0-9BD3-662F57024D01} = {7C218A3E-9BC8-48FF-B91B-BCACD828C0C9}
		{272B2B0E-40D4-4F0F-B187-519A6EF89B10} = {7C218A3E-9BC8-48FF-B91B-BCACD828C0C9}
		{5A52D9FC-0059-4A4A-8196-427A7AA0D1C5} = {7C218A3E-9BC8-48FF-B91B-BCACD828C0C9}
		{1B9077B3-8923-4ECD-8FC9-B3190FCBE4D4} = {60618CAC-2995-4DF9-9914-45C6FC02C995}
		{76B26B2C-602A-4AD0-9736-4162D3FCA92A} = {1A5D7A7D-5CB2-47D5-B40D-4E61CAEDC798}
		{A0B4F808-B190-41C4-97CB-C8EA1932F84F} = {8D53D749-D51C-46F8-A162-9371AAA6C2E7}
		{A33223D2-550B-4D99-A53D-488B1F68683E} = {60618CAC-2995-4DF9-9914-45C6FC02C995}
		{7139ED6E-8FBC-0B61-3E3A-AA2A23CC4D6A} = {02EA681E-C7D8-13C7-8484-4AC65E1B71E8}
		{F49C4C89-447E-4D15-B38B-5A8DCFB134AF} = {7C218A3E-9BC8-48FF-B91B-BCACD828C0C9}
		{E5BCFF58-7D0C-4770-ABB9-AECE1027CD94} = {02EA681E-C7D8-13C7-8484-4AC65E1B71E8}
	EndGlobalSection
	GlobalSection(ExtensibilityGlobals) = postSolution
		SolutionGuid = {B6FDB70C-A751-422C-ACD1-E35419495857}
	EndGlobalSection
	GlobalSection(SharedMSBuildProjectFiles) = preSolution
		ManifestSchema\ManifestSchema.vcxitems*{1622da16-914f-4f57-a259-d5169003cc8c}*SharedItemsImports = 4
		WinGetSchemas\WinGetSchemas.vcxitems*{1c6e0108-2860-4b17-9f7e-fa5c6c1f3d3d}*SharedItemsImports = 4
		COMServer\COMServer.vcxitems*{1cc41a9a-ae66-459d-9210-1e572dd7be69}*SharedItemsImports = 4
		binver\binver.vcxitems*{2046b5af-666d-4ce8-8d3e-c32c57908a56}*SharedItemsImports = 4
		CertificateResources\CertificateResources.vcxitems*{2046b5af-666d-4ce8-8d3e-c32c57908a56}*SharedItemsImports = 4
		COMServer\COMServer.vcxitems*{2046b5af-666d-4ce8-8d3e-c32c57908a56}*SharedItemsImports = 4
		ManifestSchema\ManifestSchema.vcxitems*{2046b5af-666d-4ce8-8d3e-c32c57908a56}*SharedItemsImports = 4
		WinGetSchemas\WinGetSchemas.vcxitems*{2046b5af-666d-4ce8-8d3e-c32c57908a56}*SharedItemsImports = 4
		COMServer\COMServer.vcxitems*{409cd681-22a4-469d-88ae-cb5e4836e07a}*SharedItemsImports = 9
		CertificateResources\CertificateResources.vcxitems*{5890d6ed-7c3b-40f3-b436-b54f640d9e65}*SharedItemsImports = 4
		COMServer\COMServer.vcxitems*{5890d6ed-7c3b-40f3-b436-b54f640d9e65}*SharedItemsImports = 4
		ManifestSchema\ManifestSchema.vcxitems*{5890d6ed-7c3b-40f3-b436-b54f640d9e65}*SharedItemsImports = 4
		PureLib\PureLib.vcxitems*{5890d6ed-7c3b-40f3-b436-b54f640d9e65}*SharedItemsImports = 4
		binver\binver.vcxitems*{5b6f90df-fd19-4bae-83d9-24dad128e777}*SharedItemsImports = 4
		CertificateResources\CertificateResources.vcxitems*{5eb88068-5fb9-4e69-89b2-72dbc5e068f9}*SharedItemsImports = 4
		binver\binver.vcxitems*{6e36ddd7-1602-474e-b1d7-d0a7e1d5ad86}*SharedItemsImports = 9
		ManifestSchema\ManifestSchema.vcxitems*{7d05f64d-ce5a-42aa-a2c1-e91458f061cf}*SharedItemsImports = 9
		CertificateResources\CertificateResources.vcxitems*{89b1aab4-2bbc-4b65-9ed7-a01d5cf88230}*SharedItemsImports = 4
		ManifestSchema\ManifestSchema.vcxitems*{89b1aab4-2bbc-4b65-9ed7-a01d5cf88230}*SharedItemsImports = 4
		WinGetSchemas\WinGetSchemas.vcxitems*{89b1aab4-2bbc-4b65-9ed7-a01d5cf88230}*SharedItemsImports = 4
		WinGetSchemas\WinGetSchemas.vcxitems*{952b513f-8a00-4d74-9271-925afb3c6252}*SharedItemsImports = 9
		PureLib\PureLib.vcxitems*{a33223d2-550b-4d99-a53d-488b1f68683e}*SharedItemsImports = 9
		CertificateResources\CertificateResources.vcxitems*{b0bbbd92-943b-408f-b2b2-dbbab4a22d23}*SharedItemsImports = 9
		binver\binver.vcxitems*{fb313532-38b0-4676-9303-ab200aa13576}*SharedItemsImports = 4
		ManifestSchema\ManifestSchema.vcxitems*{fb313532-38b0-4676-9303-ab200aa13576}*SharedItemsImports = 4
	EndGlobalSection
EndGlobal
