
Microsoft Visual Studio Solution File, Format Version 12.00
# Visual Studio Version 16
VisualStudioVersion = 16.0.31424.327
MinimumVisualStudioVersion = 10.0.40219.1
Project("{FAE04EC0-301F-11D3-BF4B-00C04F79EFBC}") = "PackagedTests", "PackagedTests\PackagedTests.csproj", "{8A4A39C8-E0EF-42B4-B8D9-A73E1209A568}"
EndProject
Project("{8BC9CEB8-8B4A-11D0-8D11-00A0C91BC942}") = "Microsoft.Management.Deployment.Client", "Microsoft.Management.Deployment.Client\Microsoft.Management.Deployment.Client.vcxproj", "{4BC1F40B-36C2-4BBB-8306-76E490B13BBD}"
EndProject
Project("{8BC9CEB8-8B4A-11D0-8D11-00A0C91BC942}") = "WinGetServer", "WinGetServer\WinGetServer.vcxproj", "{2B00D362-AC92-41F3-A8D2-5B1599BDCA01}"
EndProject
Global
	GlobalSection(SolutionConfigurationPlatforms) = preSolution
		Debug|ARM = Debug|ARM
		Debug|ARM64 = Debug|ARM64
		Debug|x64 = Debug|x64
		Debug|x86 = Debug|x86
		Release|ARM = Release|ARM
		Release|ARM64 = Release|ARM64
		Release|x64 = Release|x64
		Release|x86 = Release|x86
	EndGlobalSection
	GlobalSection(ProjectConfigurationPlatforms) = postSolution
		{8A4A39C8-E0EF-42B4-B8D9-A73E1209A568}.Debug|ARM.ActiveCfg = Debug|ARM
		{8A4A39C8-E0EF-42B4-B8D9-A73E1209A568}.Debug|ARM.Build.0 = Debug|ARM
		{8A4A39C8-E0EF-42B4-B8D9-A73E1209A568}.Debug|ARM.Deploy.0 = Debug|ARM
		{8A4A39C8-E0EF-42B4-B8D9-A73E1209A568}.Debug|ARM64.ActiveCfg = Debug|ARM64
		{8A4A39C8-E0EF-42B4-B8D9-A73E1209A568}.Debug|ARM64.Build.0 = Debug|ARM64
		{8A4A39C8-E0EF-42B4-B8D9-A73E1209A568}.Debug|ARM64.Deploy.0 = Debug|ARM64
		{8A4A39C8-E0EF-42B4-B8D9-A73E1209A568}.Debug|x64.ActiveCfg = Debug|x64
		{8A4A39C8-E0EF-42B4-B8D9-A73E1209A568}.Debug|x64.Build.0 = Debug|x64
		{8A4A39C8-E0EF-42B4-B8D9-A73E1209A568}.Debug|x64.Deploy.0 = Debug|x64
		{8A4A39C8-E0EF-42B4-B8D9-A73E1209A568}.Debug|x86.ActiveCfg = Debug|x86
		{8A4A39C8-E0EF-42B4-B8D9-A73E1209A568}.Debug|x86.Build.0 = Debug|x86
		{8A4A39C8-E0EF-42B4-B8D9-A73E1209A568}.Debug|x86.Deploy.0 = Debug|x86
		{8A4A39C8-E0EF-42B4-B8D9-A73E1209A568}.Release|ARM.ActiveCfg = Release|ARM
		{8A4A39C8-E0EF-42B4-B8D9-A73E1209A568}.Release|ARM.Build.0 = Release|ARM
		{8A4A39C8-E0EF-42B4-B8D9-A73E1209A568}.Release|ARM.Deploy.0 = Release|ARM
		{8A4A39C8-E0EF-42B4-B8D9-A73E1209A568}.Release|ARM64.ActiveCfg = Release|ARM64
		{8A4A39C8-E0EF-42B4-B8D9-A73E1209A568}.Release|ARM64.Build.0 = Release|ARM64
		{8A4A39C8-E0EF-42B4-B8D9-A73E1209A568}.Release|ARM64.Deploy.0 = Release|ARM64
		{8A4A39C8-E0EF-42B4-B8D9-A73E1209A568}.Release|x64.ActiveCfg = Release|x64
		{8A4A39C8-E0EF-42B4-B8D9-A73E1209A568}.Release|x64.Build.0 = Release|x64
		{8A4A39C8-E0EF-42B4-B8D9-A73E1209A568}.Release|x64.Deploy.0 = Release|x64
		{8A4A39C8-E0EF-42B4-B8D9-A73E1209A568}.Release|x86.ActiveCfg = Release|x86
		{8A4A39C8-E0EF-42B4-B8D9-A73E1209A568}.Release|x86.Build.0 = Release|x86
		{8A4A39C8-E0EF-42B4-B8D9-A73E1209A568}.Release|x86.Deploy.0 = Release|x86
		{4BC1F40B-36C2-4BBB-8306-76E490B13BBD}.Debug|ARM.ActiveCfg = Debug|ARM
		{4BC1F40B-36C2-4BBB-8306-76E490B13BBD}.Debug|ARM.Build.0 = Debug|ARM
		{4BC1F40B-36C2-4BBB-8306-76E490B13BBD}.Debug|ARM64.ActiveCfg = Debug|ARM64
		{4BC1F40B-36C2-4BBB-8306-76E490B13BBD}.Debug|ARM64.Build.0 = Debug|ARM64
		{4BC1F40B-36C2-4BBB-8306-76E490B13BBD}.Debug|x64.ActiveCfg = Debug|x64
		{4BC1F40B-36C2-4BBB-8306-76E490B13BBD}.Debug|x64.Build.0 = Debug|x64
		{4BC1F40B-36C2-4BBB-8306-76E490B13BBD}.Debug|x86.ActiveCfg = Debug|Win32
		{4BC1F40B-36C2-4BBB-8306-76E490B13BBD}.Debug|x86.Build.0 = Debug|Win32
		{4BC1F40B-36C2-4BBB-8306-76E490B13BBD}.Release|ARM.ActiveCfg = Release|ARM
		{4BC1F40B-36C2-4BBB-8306-76E490B13BBD}.Release|ARM.Build.0 = Release|ARM
		{4BC1F40B-36C2-4BBB-8306-76E490B13BBD}.Release|ARM64.ActiveCfg = Release|ARM64
		{4BC1F40B-36C2-4BBB-8306-76E490B13BBD}.Release|ARM64.Build.0 = Release|ARM64
		{4BC1F40B-36C2-4BBB-8306-76E490B13BBD}.Release|x64.ActiveCfg = Release|x64
		{4BC1F40B-36C2-4BBB-8306-76E490B13BBD}.Release|x64.Build.0 = Release|x64
		{4BC1F40B-36C2-4BBB-8306-76E490B13BBD}.Release|x86.ActiveCfg = Release|Win32
		{4BC1F40B-36C2-4BBB-8306-76E490B13BBD}.Release|x86.Build.0 = Release|Win32
		{2B00D362-AC92-41F3-A8D2-5B1599BDCA01}.Debug|ARM.ActiveCfg = Debug|ARM
		{2B00D362-AC92-41F3-A8D2-5B1599BDCA01}.Debug|ARM.Build.0 = Debug|ARM
		{2B00D362-AC92-41F3-A8D2-5B1599BDCA01}.Debug|ARM64.ActiveCfg = Debug|ARM64
		{2B00D362-AC92-41F3-A8D2-5B1599BDCA01}.Debug|ARM64.Build.0 = Debug|ARM64
		{2B00D362-AC92-41F3-A8D2-5B1599BDCA01}.Debug|x64.ActiveCfg = Debug|x64
		{2B00D362-AC92-41F3-A8D2-5B1599BDCA01}.Debug|x64.Build.0 = Debug|x64
		{2B00D362-AC92-41F3-A8D2-5B1599BDCA01}.Debug|x86.ActiveCfg = Debug|Win32
		{2B00D362-AC92-41F3-A8D2-5B1599BDCA01}.Debug|x86.Build.0 = Debug|Win32
		{2B00D362-AC92-41F3-A8D2-5B1599BDCA01}.Release|ARM.ActiveCfg = Release|ARM
		{2B00D362-AC92-41F3-A8D2-5B1599BDCA01}.Release|ARM.Build.0 = Release|ARM
		{2B00D362-AC92-41F3-A8D2-5B1599BDCA01}.Release|ARM64.ActiveCfg = Release|ARM64
		{2B00D362-AC92-41F3-A8D2-5B1599BDCA01}.Release|ARM64.Build.0 = Release|ARM64
		{2B00D362-AC92-41F3-A8D2-5B1599BDCA01}.Release|x64.ActiveCfg = Release|x64
		{2B00D362-AC92-41F3-A8D2-5B1599BDCA01}.Release|x64.Build.0 = Release|x64
		{2B00D362-AC92-41F3-A8D2-5B1599BDCA01}.Release|x86.ActiveCfg = Release|Win32
		{2B00D362-AC92-41F3-A8D2-5B1599BDCA01}.Release|x86.Build.0 = Release|Win32
	EndGlobalSection
	GlobalSection(SolutionProperties) = preSolution
		HideSolutionNode = FALSE
	EndGlobalSection
	GlobalSection(ExtensibilityGlobals) = postSolution
		SolutionGuid = {00EA47F7-6564-49A1-8CE7-E44A81373CC8}
	EndGlobalSection
EndGlobal
